
Microsoft Visual Studio Solution File, Format Version 12.00
# Visual Studio Version 16
VisualStudioVersion = 16.0.31129.286
MinimumVisualStudioVersion = 10.0.40219.1
Project("{9A19103F-16F7-4668-BE54-9A1E7A4F7556}") = "ToastNotification", "ToastNotification\ToastNotification.csproj", "{C141119A-4AC2-4828-A979-5FADCE738550}"
EndProject
Project("{D954291E-2A0B-460D-934E-DC6B0785DB48}") = "ToastNotificationDemo.Shared", "ToastNotificationDemo\ToastNotificationDemo.Shared\ToastNotificationDemo.Shared.shproj", "{6279C845-92F8-4333-AB99-3D213163593C}"
EndProject
Project("{2150E333-8FDC-42A3-9474-1A3956D46DE8}") = "Platforms", "Platforms", "{1C5AA06E-832F-42F4-9C59-CAF7E947330E}"
EndProject
Project("{FAE04EC0-301F-11D3-BF4B-00C04F79EFBC}") = "ToastNotificationDemo.Droid", "ToastNotificationDemo\ToastNotificationDemo.Droid\ToastNotificationDemo.Droid.csproj", "{10D90BD0-5D8E-4FE1-8E7F-F55A9CB91BA4}"
EndProject
Project("{FAE04EC0-301F-11D3-BF4B-00C04F79EFBC}") = "ToastNotificationDemo.iOS", "ToastNotificationDemo\ToastNotificationDemo.iOS\ToastNotificationDemo.iOS.csproj", "{3937A9B0-3093-4D72-8357-4283E20B24E1}"
EndProject
Project("{FAE04EC0-301F-11D3-BF4B-00C04F79EFBC}") = "ToastNotificationDemo.UWP", "ToastNotificationDemo\ToastNotificationDemo.UWP\ToastNotificationDemo.UWP.csproj", "{4013E7C0-0C65-4DFF-B67D-E4A871076CB4}"
EndProject
Project("{9A19103F-16F7-4668-BE54-9A1E7A4F7556}") = "ToastNotificationDemo.Wasm", "ToastNotificationDemo\ToastNotificationDemo.Wasm\ToastNotificationDemo.Wasm.csproj", "{A3F86B77-177B-4AB7-8A57-42CAF2840558}"
EndProject
Project("{FAE04EC0-301F-11D3-BF4B-00C04F79EFBC}") = "ToastNotificationDemo.macOS", "ToastNotificationDemo\ToastNotificationDemo.macOS\ToastNotificationDemo.macOS.csproj", "{C3DBAFFB-DE8E-4C3E-B21B-DAE7991B4E96}"
EndProject
Project("{FAE04EC0-301F-11D3-BF4B-00C04F79EFBC}") = "ToastNotificationDemo.Skia.Wpf.Host", "ToastNotificationDemo\ToastNotificationDemo.Skia.Wpf.Host\ToastNotificationDemo.Skia.Wpf.Host.csproj", "{5870FEC6-8AEF-44BF-A333-62797E38514A}"
EndProject
Project("{FAE04EC0-301F-11D3-BF4B-00C04F79EFBC}") = "ToastNotificationDemo.Skia.Wpf", "ToastNotificationDemo\ToastNotificationDemo.Skia.Wpf\ToastNotificationDemo.Skia.Wpf.csproj", "{66A52B1B-E17F-476F-9751-1BB7FD397924}"
EndProject
Project("{FAE04EC0-301F-11D3-BF4B-00C04F79EFBC}") = "ToastNotificationDemo.Skia.Gtk", "ToastNotificationDemo\ToastNotificationDemo.Skia.Gtk\ToastNotificationDemo.Skia.Gtk.csproj", "{763839FB-0B63-4C5C-9AB3-D7BAB6741D37}"
EndProject
Project("{FAE04EC0-301F-11D3-BF4B-00C04F79EFBC}") = "ToastNotificationDemo.Skia.Tizen", "ToastNotificationDemo\ToastNotificationDemo.Skia.Tizen\ToastNotificationDemo.Skia.Tizen.csproj", "{C8781950-1F44-4C57-A228-A550691481DE}"
EndProject
Project("{9A19103F-16F7-4668-BE54-9A1E7A4F7556}") = "ToastNotification.Wasm", "ToastNotification.Wasm\ToastNotification.Wasm.csproj", "{81A5C407-6728-4B13-AB19-87F2018CD029}"
EndProject
Project("{9A19103F-16F7-4668-BE54-9A1E7A4F7556}") = "ToastNotification.Wpf", "ToastNotification.Wpf\ToastNotification.Wpf.csproj", "{7D9E3A26-7511-4796-9809-3676F6F2E682}"
EndProject
Global
	GlobalSection(SharedMSBuildProjectFiles) = preSolution
		ToastNotificationDemo\ToastNotificationDemo.Shared\ToastNotificationDemo.Shared.projitems*{6279c845-92f8-4333-ab99-3d213163593c}*SharedItemsImports = 13
		ToastNotificationDemo\ToastNotificationDemo.Shared\ToastNotificationDemo.Shared.projitems*{66a52b1b-e17f-476f-9751-1bb7fd397924}*SharedItemsImports = 5
	EndGlobalSection
	GlobalSection(SolutionConfigurationPlatforms) = preSolution
		Ad-Hoc|Any CPU = Ad-Hoc|Any CPU
		Ad-Hoc|ARM = Ad-Hoc|ARM
		Ad-Hoc|ARM64 = Ad-Hoc|ARM64
		Ad-Hoc|iPhone = Ad-Hoc|iPhone
		Ad-Hoc|iPhoneSimulator = Ad-Hoc|iPhoneSimulator
		Ad-Hoc|x64 = Ad-Hoc|x64
		Ad-Hoc|x86 = Ad-Hoc|x86
		AppStore|Any CPU = AppStore|Any CPU
		AppStore|ARM = AppStore|ARM
		AppStore|ARM64 = AppStore|ARM64
		AppStore|iPhone = AppStore|iPhone
		AppStore|iPhoneSimulator = AppStore|iPhoneSimulator
		AppStore|x64 = AppStore|x64
		AppStore|x86 = AppStore|x86
		Debug|Any CPU = Debug|Any CPU
		Debug|ARM = Debug|ARM
		Debug|ARM64 = Debug|ARM64
		Debug|iPhone = Debug|iPhone
		Debug|iPhoneSimulator = Debug|iPhoneSimulator
		Debug|x64 = Debug|x64
		Debug|x86 = Debug|x86
		Release|Any CPU = Release|Any CPU
		Release|ARM = Release|ARM
		Release|ARM64 = Release|ARM64
		Release|iPhone = Release|iPhone
		Release|iPhoneSimulator = Release|iPhoneSimulator
		Release|x64 = Release|x64
		Release|x86 = Release|x86
	EndGlobalSection
	GlobalSection(ProjectConfigurationPlatforms) = postSolution
		{C141119A-4AC2-4828-A979-5FADCE738550}.Ad-Hoc|Any CPU.ActiveCfg = Debug|Any CPU
		{C141119A-4AC2-4828-A979-5FADCE738550}.Ad-Hoc|Any CPU.Build.0 = Debug|Any CPU
		{C141119A-4AC2-4828-A979-5FADCE738550}.Ad-Hoc|ARM.ActiveCfg = Debug|Any CPU
		{C141119A-4AC2-4828-A979-5FADCE738550}.Ad-Hoc|ARM.Build.0 = Debug|Any CPU
		{C141119A-4AC2-4828-A979-5FADCE738550}.Ad-Hoc|ARM64.ActiveCfg = Debug|Any CPU
		{C141119A-4AC2-4828-A979-5FADCE738550}.Ad-Hoc|ARM64.Build.0 = Debug|Any CPU
		{C141119A-4AC2-4828-A979-5FADCE738550}.Ad-Hoc|iPhone.ActiveCfg = Debug|Any CPU
		{C141119A-4AC2-4828-A979-5FADCE738550}.Ad-Hoc|iPhone.Build.0 = Debug|Any CPU
		{C141119A-4AC2-4828-A979-5FADCE738550}.Ad-Hoc|iPhoneSimulator.ActiveCfg = Debug|Any CPU
		{C141119A-4AC2-4828-A979-5FADCE738550}.Ad-Hoc|iPhoneSimulator.Build.0 = Debug|Any CPU
		{C141119A-4AC2-4828-A979-5FADCE738550}.Ad-Hoc|x64.ActiveCfg = Debug|Any CPU
		{C141119A-4AC2-4828-A979-5FADCE738550}.Ad-Hoc|x64.Build.0 = Debug|Any CPU
		{C141119A-4AC2-4828-A979-5FADCE738550}.Ad-Hoc|x86.ActiveCfg = Debug|Any CPU
		{C141119A-4AC2-4828-A979-5FADCE738550}.Ad-Hoc|x86.Build.0 = Debug|Any CPU
		{C141119A-4AC2-4828-A979-5FADCE738550}.AppStore|Any CPU.ActiveCfg = Debug|Any CPU
		{C141119A-4AC2-4828-A979-5FADCE738550}.AppStore|Any CPU.Build.0 = Debug|Any CPU
		{C141119A-4AC2-4828-A979-5FADCE738550}.AppStore|ARM.ActiveCfg = Debug|Any CPU
		{C141119A-4AC2-4828-A979-5FADCE738550}.AppStore|ARM.Build.0 = Debug|Any CPU
		{C141119A-4AC2-4828-A979-5FADCE738550}.AppStore|ARM64.ActiveCfg = Debug|Any CPU
		{C141119A-4AC2-4828-A979-5FADCE738550}.AppStore|ARM64.Build.0 = Debug|Any CPU
		{C141119A-4AC2-4828-A979-5FADCE738550}.AppStore|iPhone.ActiveCfg = Debug|Any CPU
		{C141119A-4AC2-4828-A979-5FADCE738550}.AppStore|iPhone.Build.0 = Debug|Any CPU
		{C141119A-4AC2-4828-A979-5FADCE738550}.AppStore|iPhoneSimulator.ActiveCfg = Debug|Any CPU
		{C141119A-4AC2-4828-A979-5FADCE738550}.AppStore|iPhoneSimulator.Build.0 = Debug|Any CPU
		{C141119A-4AC2-4828-A979-5FADCE738550}.AppStore|x64.ActiveCfg = Debug|Any CPU
		{C141119A-4AC2-4828-A979-5FADCE738550}.AppStore|x64.Build.0 = Debug|Any CPU
		{C141119A-4AC2-4828-A979-5FADCE738550}.AppStore|x86.ActiveCfg = Debug|Any CPU
		{C141119A-4AC2-4828-A979-5FADCE738550}.AppStore|x86.Build.0 = Debug|Any CPU
		{C141119A-4AC2-4828-A979-5FADCE738550}.Debug|Any CPU.ActiveCfg = Debug|Any CPU
		{C141119A-4AC2-4828-A979-5FADCE738550}.Debug|Any CPU.Build.0 = Debug|Any CPU
		{C141119A-4AC2-4828-A979-5FADCE738550}.Debug|ARM.ActiveCfg = Debug|Any CPU
		{C141119A-4AC2-4828-A979-5FADCE738550}.Debug|ARM.Build.0 = Debug|Any CPU
		{C141119A-4AC2-4828-A979-5FADCE738550}.Debug|ARM64.ActiveCfg = Debug|Any CPU
		{C141119A-4AC2-4828-A979-5FADCE738550}.Debug|ARM64.Build.0 = Debug|Any CPU
		{C141119A-4AC2-4828-A979-5FADCE738550}.Debug|iPhone.ActiveCfg = Debug|Any CPU
		{C141119A-4AC2-4828-A979-5FADCE738550}.Debug|iPhone.Build.0 = Debug|Any CPU
		{C141119A-4AC2-4828-A979-5FADCE738550}.Debug|iPhoneSimulator.ActiveCfg = Debug|Any CPU
		{C141119A-4AC2-4828-A979-5FADCE738550}.Debug|iPhoneSimulator.Build.0 = Debug|Any CPU
		{C141119A-4AC2-4828-A979-5FADCE738550}.Debug|x64.ActiveCfg = Debug|Any CPU
		{C141119A-4AC2-4828-A979-5FADCE738550}.Debug|x64.Build.0 = Debug|Any CPU
		{C141119A-4AC2-4828-A979-5FADCE738550}.Debug|x86.ActiveCfg = Debug|Any CPU
		{C141119A-4AC2-4828-A979-5FADCE738550}.Debug|x86.Build.0 = Debug|Any CPU
		{C141119A-4AC2-4828-A979-5FADCE738550}.Release|Any CPU.ActiveCfg = Release|Any CPU
		{C141119A-4AC2-4828-A979-5FADCE738550}.Release|Any CPU.Build.0 = Release|Any CPU
		{C141119A-4AC2-4828-A979-5FADCE738550}.Release|ARM.ActiveCfg = Release|Any CPU
		{C141119A-4AC2-4828-A979-5FADCE738550}.Release|ARM.Build.0 = Release|Any CPU
		{C141119A-4AC2-4828-A979-5FADCE738550}.Release|ARM64.ActiveCfg = Release|Any CPU
		{C141119A-4AC2-4828-A979-5FADCE738550}.Release|ARM64.Build.0 = Release|Any CPU
		{C141119A-4AC2-4828-A979-5FADCE738550}.Release|iPhone.ActiveCfg = Release|Any CPU
		{C141119A-4AC2-4828-A979-5FADCE738550}.Release|iPhone.Build.0 = Release|Any CPU
		{C141119A-4AC2-4828-A979-5FADCE738550}.Release|iPhoneSimulator.ActiveCfg = Release|Any CPU
		{C141119A-4AC2-4828-A979-5FADCE738550}.Release|iPhoneSimulator.Build.0 = Release|Any CPU
		{C141119A-4AC2-4828-A979-5FADCE738550}.Release|x64.ActiveCfg = Release|Any CPU
		{C141119A-4AC2-4828-A979-5FADCE738550}.Release|x64.Build.0 = Release|Any CPU
		{C141119A-4AC2-4828-A979-5FADCE738550}.Release|x86.ActiveCfg = Release|Any CPU
		{C141119A-4AC2-4828-A979-5FADCE738550}.Release|x86.Build.0 = Release|Any CPU
		{10D90BD0-5D8E-4FE1-8E7F-F55A9CB91BA4}.Ad-Hoc|Any CPU.ActiveCfg = Debug|Any CPU
		{10D90BD0-5D8E-4FE1-8E7F-F55A9CB91BA4}.Ad-Hoc|Any CPU.Build.0 = Debug|Any CPU
		{10D90BD0-5D8E-4FE1-8E7F-F55A9CB91BA4}.Ad-Hoc|Any CPU.Deploy.0 = Debug|Any CPU
		{10D90BD0-5D8E-4FE1-8E7F-F55A9CB91BA4}.Ad-Hoc|ARM.ActiveCfg = Debug|Any CPU
		{10D90BD0-5D8E-4FE1-8E7F-F55A9CB91BA4}.Ad-Hoc|ARM.Build.0 = Debug|Any CPU
		{10D90BD0-5D8E-4FE1-8E7F-F55A9CB91BA4}.Ad-Hoc|ARM.Deploy.0 = Debug|Any CPU
		{10D90BD0-5D8E-4FE1-8E7F-F55A9CB91BA4}.Ad-Hoc|ARM64.ActiveCfg = Debug|Any CPU
		{10D90BD0-5D8E-4FE1-8E7F-F55A9CB91BA4}.Ad-Hoc|ARM64.Build.0 = Debug|Any CPU
		{10D90BD0-5D8E-4FE1-8E7F-F55A9CB91BA4}.Ad-Hoc|ARM64.Deploy.0 = Debug|Any CPU
		{10D90BD0-5D8E-4FE1-8E7F-F55A9CB91BA4}.Ad-Hoc|iPhone.ActiveCfg = Debug|Any CPU
		{10D90BD0-5D8E-4FE1-8E7F-F55A9CB91BA4}.Ad-Hoc|iPhone.Build.0 = Debug|Any CPU
		{10D90BD0-5D8E-4FE1-8E7F-F55A9CB91BA4}.Ad-Hoc|iPhone.Deploy.0 = Debug|Any CPU
		{10D90BD0-5D8E-4FE1-8E7F-F55A9CB91BA4}.Ad-Hoc|iPhoneSimulator.ActiveCfg = Debug|Any CPU
		{10D90BD0-5D8E-4FE1-8E7F-F55A9CB91BA4}.Ad-Hoc|iPhoneSimulator.Build.0 = Debug|Any CPU
		{10D90BD0-5D8E-4FE1-8E7F-F55A9CB91BA4}.Ad-Hoc|iPhoneSimulator.Deploy.0 = Debug|Any CPU
		{10D90BD0-5D8E-4FE1-8E7F-F55A9CB91BA4}.Ad-Hoc|x64.ActiveCfg = Debug|Any CPU
		{10D90BD0-5D8E-4FE1-8E7F-F55A9CB91BA4}.Ad-Hoc|x64.Build.0 = Debug|Any CPU
		{10D90BD0-5D8E-4FE1-8E7F-F55A9CB91BA4}.Ad-Hoc|x64.Deploy.0 = Debug|Any CPU
		{10D90BD0-5D8E-4FE1-8E7F-F55A9CB91BA4}.Ad-Hoc|x86.ActiveCfg = Debug|Any CPU
		{10D90BD0-5D8E-4FE1-8E7F-F55A9CB91BA4}.Ad-Hoc|x86.Build.0 = Debug|Any CPU
		{10D90BD0-5D8E-4FE1-8E7F-F55A9CB91BA4}.Ad-Hoc|x86.Deploy.0 = Debug|Any CPU
		{10D90BD0-5D8E-4FE1-8E7F-F55A9CB91BA4}.AppStore|Any CPU.ActiveCfg = Debug|Any CPU
		{10D90BD0-5D8E-4FE1-8E7F-F55A9CB91BA4}.AppStore|Any CPU.Build.0 = Debug|Any CPU
		{10D90BD0-5D8E-4FE1-8E7F-F55A9CB91BA4}.AppStore|Any CPU.Deploy.0 = Debug|Any CPU
		{10D90BD0-5D8E-4FE1-8E7F-F55A9CB91BA4}.AppStore|ARM.ActiveCfg = Debug|Any CPU
		{10D90BD0-5D8E-4FE1-8E7F-F55A9CB91BA4}.AppStore|ARM.Build.0 = Debug|Any CPU
		{10D90BD0-5D8E-4FE1-8E7F-F55A9CB91BA4}.AppStore|ARM.Deploy.0 = Debug|Any CPU
		{10D90BD0-5D8E-4FE1-8E7F-F55A9CB91BA4}.AppStore|ARM64.ActiveCfg = Debug|Any CPU
		{10D90BD0-5D8E-4FE1-8E7F-F55A9CB91BA4}.AppStore|ARM64.Build.0 = Debug|Any CPU
		{10D90BD0-5D8E-4FE1-8E7F-F55A9CB91BA4}.AppStore|ARM64.Deploy.0 = Debug|Any CPU
		{10D90BD0-5D8E-4FE1-8E7F-F55A9CB91BA4}.AppStore|iPhone.ActiveCfg = Debug|Any CPU
		{10D90BD0-5D8E-4FE1-8E7F-F55A9CB91BA4}.AppStore|iPhone.Build.0 = Debug|Any CPU
		{10D90BD0-5D8E-4FE1-8E7F-F55A9CB91BA4}.AppStore|iPhone.Deploy.0 = Debug|Any CPU
		{10D90BD0-5D8E-4FE1-8E7F-F55A9CB91BA4}.AppStore|iPhoneSimulator.ActiveCfg = Debug|Any CPU
		{10D90BD0-5D8E-4FE1-8E7F-F55A9CB91BA4}.AppStore|iPhoneSimulator.Build.0 = Debug|Any CPU
		{10D90BD0-5D8E-4FE1-8E7F-F55A9CB91BA4}.AppStore|iPhoneSimulator.Deploy.0 = Debug|Any CPU
		{10D90BD0-5D8E-4FE1-8E7F-F55A9CB91BA4}.AppStore|x64.ActiveCfg = Debug|Any CPU
		{10D90BD0-5D8E-4FE1-8E7F-F55A9CB91BA4}.AppStore|x64.Build.0 = Debug|Any CPU
		{10D90BD0-5D8E-4FE1-8E7F-F55A9CB91BA4}.AppStore|x64.Deploy.0 = Debug|Any CPU
		{10D90BD0-5D8E-4FE1-8E7F-F55A9CB91BA4}.AppStore|x86.ActiveCfg = Debug|Any CPU
		{10D90BD0-5D8E-4FE1-8E7F-F55A9CB91BA4}.AppStore|x86.Build.0 = Debug|Any CPU
		{10D90BD0-5D8E-4FE1-8E7F-F55A9CB91BA4}.AppStore|x86.Deploy.0 = Debug|Any CPU
		{10D90BD0-5D8E-4FE1-8E7F-F55A9CB91BA4}.Debug|Any CPU.ActiveCfg = Debug|Any CPU
		{10D90BD0-5D8E-4FE1-8E7F-F55A9CB91BA4}.Debug|Any CPU.Build.0 = Debug|Any CPU
		{10D90BD0-5D8E-4FE1-8E7F-F55A9CB91BA4}.Debug|Any CPU.Deploy.0 = Debug|Any CPU
		{10D90BD0-5D8E-4FE1-8E7F-F55A9CB91BA4}.Debug|ARM.ActiveCfg = Debug|Any CPU
		{10D90BD0-5D8E-4FE1-8E7F-F55A9CB91BA4}.Debug|ARM.Build.0 = Debug|Any CPU
		{10D90BD0-5D8E-4FE1-8E7F-F55A9CB91BA4}.Debug|ARM.Deploy.0 = Debug|Any CPU
		{10D90BD0-5D8E-4FE1-8E7F-F55A9CB91BA4}.Debug|ARM64.ActiveCfg = Debug|Any CPU
		{10D90BD0-5D8E-4FE1-8E7F-F55A9CB91BA4}.Debug|ARM64.Build.0 = Debug|Any CPU
		{10D90BD0-5D8E-4FE1-8E7F-F55A9CB91BA4}.Debug|ARM64.Deploy.0 = Debug|Any CPU
		{10D90BD0-5D8E-4FE1-8E7F-F55A9CB91BA4}.Debug|iPhone.ActiveCfg = Debug|Any CPU
		{10D90BD0-5D8E-4FE1-8E7F-F55A9CB91BA4}.Debug|iPhone.Build.0 = Debug|Any CPU
		{10D90BD0-5D8E-4FE1-8E7F-F55A9CB91BA4}.Debug|iPhone.Deploy.0 = Debug|Any CPU
		{10D90BD0-5D8E-4FE1-8E7F-F55A9CB91BA4}.Debug|iPhoneSimulator.ActiveCfg = Debug|Any CPU
		{10D90BD0-5D8E-4FE1-8E7F-F55A9CB91BA4}.Debug|iPhoneSimulator.Build.0 = Debug|Any CPU
		{10D90BD0-5D8E-4FE1-8E7F-F55A9CB91BA4}.Debug|iPhoneSimulator.Deploy.0 = Debug|Any CPU
		{10D90BD0-5D8E-4FE1-8E7F-F55A9CB91BA4}.Debug|x64.ActiveCfg = Debug|Any CPU
		{10D90BD0-5D8E-4FE1-8E7F-F55A9CB91BA4}.Debug|x64.Build.0 = Debug|Any CPU
		{10D90BD0-5D8E-4FE1-8E7F-F55A9CB91BA4}.Debug|x64.Deploy.0 = Debug|Any CPU
		{10D90BD0-5D8E-4FE1-8E7F-F55A9CB91BA4}.Debug|x86.ActiveCfg = Debug|Any CPU
		{10D90BD0-5D8E-4FE1-8E7F-F55A9CB91BA4}.Debug|x86.Build.0 = Debug|Any CPU
		{10D90BD0-5D8E-4FE1-8E7F-F55A9CB91BA4}.Debug|x86.Deploy.0 = Debug|Any CPU
		{10D90BD0-5D8E-4FE1-8E7F-F55A9CB91BA4}.Release|Any CPU.ActiveCfg = Release|Any CPU
		{10D90BD0-5D8E-4FE1-8E7F-F55A9CB91BA4}.Release|Any CPU.Build.0 = Release|Any CPU
		{10D90BD0-5D8E-4FE1-8E7F-F55A9CB91BA4}.Release|Any CPU.Deploy.0 = Release|Any CPU
		{10D90BD0-5D8E-4FE1-8E7F-F55A9CB91BA4}.Release|ARM.ActiveCfg = Release|Any CPU
		{10D90BD0-5D8E-4FE1-8E7F-F55A9CB91BA4}.Release|ARM.Build.0 = Release|Any CPU
		{10D90BD0-5D8E-4FE1-8E7F-F55A9CB91BA4}.Release|ARM.Deploy.0 = Release|Any CPU
		{10D90BD0-5D8E-4FE1-8E7F-F55A9CB91BA4}.Release|ARM64.ActiveCfg = Release|Any CPU
		{10D90BD0-5D8E-4FE1-8E7F-F55A9CB91BA4}.Release|ARM64.Build.0 = Release|Any CPU
		{10D90BD0-5D8E-4FE1-8E7F-F55A9CB91BA4}.Release|ARM64.Deploy.0 = Release|Any CPU
		{10D90BD0-5D8E-4FE1-8E7F-F55A9CB91BA4}.Release|iPhone.ActiveCfg = Release|Any CPU
		{10D90BD0-5D8E-4FE1-8E7F-F55A9CB91BA4}.Release|iPhone.Build.0 = Release|Any CPU
		{10D90BD0-5D8E-4FE1-8E7F-F55A9CB91BA4}.Release|iPhone.Deploy.0 = Release|Any CPU
		{10D90BD0-5D8E-4FE1-8E7F-F55A9CB91BA4}.Release|iPhoneSimulator.ActiveCfg = Release|Any CPU
		{10D90BD0-5D8E-4FE1-8E7F-F55A9CB91BA4}.Release|iPhoneSimulator.Build.0 = Release|Any CPU
		{10D90BD0-5D8E-4FE1-8E7F-F55A9CB91BA4}.Release|iPhoneSimulator.Deploy.0 = Release|Any CPU
		{10D90BD0-5D8E-4FE1-8E7F-F55A9CB91BA4}.Release|x64.ActiveCfg = Release|Any CPU
		{10D90BD0-5D8E-4FE1-8E7F-F55A9CB91BA4}.Release|x64.Build.0 = Release|Any CPU
		{10D90BD0-5D8E-4FE1-8E7F-F55A9CB91BA4}.Release|x64.Deploy.0 = Release|Any CPU
		{10D90BD0-5D8E-4FE1-8E7F-F55A9CB91BA4}.Release|x86.ActiveCfg = Release|Any CPU
		{10D90BD0-5D8E-4FE1-8E7F-F55A9CB91BA4}.Release|x86.Build.0 = Release|Any CPU
		{10D90BD0-5D8E-4FE1-8E7F-F55A9CB91BA4}.Release|x86.Deploy.0 = Release|Any CPU
		{3937A9B0-3093-4D72-8357-4283E20B24E1}.Ad-Hoc|Any CPU.ActiveCfg = Ad-Hoc|iPhoneSimulator
		{3937A9B0-3093-4D72-8357-4283E20B24E1}.Ad-Hoc|ARM.ActiveCfg = Ad-Hoc|iPhoneSimulator
		{3937A9B0-3093-4D72-8357-4283E20B24E1}.Ad-Hoc|ARM64.ActiveCfg = Ad-Hoc|iPhoneSimulator
		{3937A9B0-3093-4D72-8357-4283E20B24E1}.Ad-Hoc|iPhone.ActiveCfg = Ad-Hoc|iPhone
		{3937A9B0-3093-4D72-8357-4283E20B24E1}.Ad-Hoc|iPhone.Build.0 = Ad-Hoc|iPhone
		{3937A9B0-3093-4D72-8357-4283E20B24E1}.Ad-Hoc|iPhoneSimulator.ActiveCfg = Ad-Hoc|iPhoneSimulator
		{3937A9B0-3093-4D72-8357-4283E20B24E1}.Ad-Hoc|iPhoneSimulator.Build.0 = Ad-Hoc|iPhoneSimulator
		{3937A9B0-3093-4D72-8357-4283E20B24E1}.Ad-Hoc|x64.ActiveCfg = Ad-Hoc|iPhoneSimulator
		{3937A9B0-3093-4D72-8357-4283E20B24E1}.Ad-Hoc|x86.ActiveCfg = Ad-Hoc|iPhoneSimulator
		{3937A9B0-3093-4D72-8357-4283E20B24E1}.AppStore|Any CPU.ActiveCfg = AppStore|iPhoneSimulator
		{3937A9B0-3093-4D72-8357-4283E20B24E1}.AppStore|ARM.ActiveCfg = AppStore|iPhoneSimulator
		{3937A9B0-3093-4D72-8357-4283E20B24E1}.AppStore|ARM64.ActiveCfg = AppStore|iPhoneSimulator
		{3937A9B0-3093-4D72-8357-4283E20B24E1}.AppStore|iPhone.ActiveCfg = AppStore|iPhone
		{3937A9B0-3093-4D72-8357-4283E20B24E1}.AppStore|iPhone.Build.0 = AppStore|iPhone
		{3937A9B0-3093-4D72-8357-4283E20B24E1}.AppStore|iPhoneSimulator.ActiveCfg = AppStore|iPhoneSimulator
		{3937A9B0-3093-4D72-8357-4283E20B24E1}.AppStore|iPhoneSimulator.Build.0 = AppStore|iPhoneSimulator
		{3937A9B0-3093-4D72-8357-4283E20B24E1}.AppStore|x64.ActiveCfg = AppStore|iPhoneSimulator
		{3937A9B0-3093-4D72-8357-4283E20B24E1}.AppStore|x86.ActiveCfg = AppStore|iPhoneSimulator
		{3937A9B0-3093-4D72-8357-4283E20B24E1}.Debug|Any CPU.ActiveCfg = Debug|iPhoneSimulator
		{3937A9B0-3093-4D72-8357-4283E20B24E1}.Debug|ARM.ActiveCfg = Debug|iPhoneSimulator
		{3937A9B0-3093-4D72-8357-4283E20B24E1}.Debug|ARM64.ActiveCfg = Debug|iPhoneSimulator
		{3937A9B0-3093-4D72-8357-4283E20B24E1}.Debug|iPhone.ActiveCfg = Debug|iPhone
		{3937A9B0-3093-4D72-8357-4283E20B24E1}.Debug|iPhone.Build.0 = Debug|iPhone
		{3937A9B0-3093-4D72-8357-4283E20B24E1}.Debug|iPhoneSimulator.ActiveCfg = Debug|iPhoneSimulator
		{3937A9B0-3093-4D72-8357-4283E20B24E1}.Debug|iPhoneSimulator.Build.0 = Debug|iPhoneSimulator
		{3937A9B0-3093-4D72-8357-4283E20B24E1}.Debug|x64.ActiveCfg = Debug|iPhoneSimulator
		{3937A9B0-3093-4D72-8357-4283E20B24E1}.Debug|x86.ActiveCfg = Debug|iPhoneSimulator
		{3937A9B0-3093-4D72-8357-4283E20B24E1}.Release|Any CPU.ActiveCfg = Release|iPhoneSimulator
		{3937A9B0-3093-4D72-8357-4283E20B24E1}.Release|ARM.ActiveCfg = Release|iPhoneSimulator
		{3937A9B0-3093-4D72-8357-4283E20B24E1}.Release|ARM64.ActiveCfg = Release|iPhoneSimulator
		{3937A9B0-3093-4D72-8357-4283E20B24E1}.Release|iPhone.ActiveCfg = Release|iPhone
		{3937A9B0-3093-4D72-8357-4283E20B24E1}.Release|iPhone.Build.0 = Release|iPhone
		{3937A9B0-3093-4D72-8357-4283E20B24E1}.Release|iPhoneSimulator.ActiveCfg = Release|iPhoneSimulator
		{3937A9B0-3093-4D72-8357-4283E20B24E1}.Release|iPhoneSimulator.Build.0 = Release|iPhoneSimulator
		{3937A9B0-3093-4D72-8357-4283E20B24E1}.Release|x64.ActiveCfg = Release|iPhoneSimulator
		{3937A9B0-3093-4D72-8357-4283E20B24E1}.Release|x86.ActiveCfg = Release|iPhoneSimulator
		{4013E7C0-0C65-4DFF-B67D-E4A871076CB4}.Ad-Hoc|Any CPU.ActiveCfg = Debug|x86
		{4013E7C0-0C65-4DFF-B67D-E4A871076CB4}.Ad-Hoc|Any CPU.Build.0 = Debug|x86
		{4013E7C0-0C65-4DFF-B67D-E4A871076CB4}.Ad-Hoc|Any CPU.Deploy.0 = Debug|x86
		{4013E7C0-0C65-4DFF-B67D-E4A871076CB4}.Ad-Hoc|ARM.ActiveCfg = Debug|ARM
		{4013E7C0-0C65-4DFF-B67D-E4A871076CB4}.Ad-Hoc|ARM.Build.0 = Debug|ARM
		{4013E7C0-0C65-4DFF-B67D-E4A871076CB4}.Ad-Hoc|ARM.Deploy.0 = Debug|ARM
		{4013E7C0-0C65-4DFF-B67D-E4A871076CB4}.Ad-Hoc|ARM64.ActiveCfg = Debug|ARM64
		{4013E7C0-0C65-4DFF-B67D-E4A871076CB4}.Ad-Hoc|ARM64.Build.0 = Debug|ARM64
		{4013E7C0-0C65-4DFF-B67D-E4A871076CB4}.Ad-Hoc|ARM64.Deploy.0 = Debug|ARM64
		{4013E7C0-0C65-4DFF-B67D-E4A871076CB4}.Ad-Hoc|iPhone.ActiveCfg = Debug|x86
		{4013E7C0-0C65-4DFF-B67D-E4A871076CB4}.Ad-Hoc|iPhone.Build.0 = Debug|x86
		{4013E7C0-0C65-4DFF-B67D-E4A871076CB4}.Ad-Hoc|iPhone.Deploy.0 = Debug|x86
		{4013E7C0-0C65-4DFF-B67D-E4A871076CB4}.Ad-Hoc|iPhoneSimulator.ActiveCfg = Debug|x86
		{4013E7C0-0C65-4DFF-B67D-E4A871076CB4}.Ad-Hoc|iPhoneSimulator.Build.0 = Debug|x86
		{4013E7C0-0C65-4DFF-B67D-E4A871076CB4}.Ad-Hoc|iPhoneSimulator.Deploy.0 = Debug|x86
		{4013E7C0-0C65-4DFF-B67D-E4A871076CB4}.Ad-Hoc|x64.ActiveCfg = Debug|x64
		{4013E7C0-0C65-4DFF-B67D-E4A871076CB4}.Ad-Hoc|x64.Build.0 = Debug|x64
		{4013E7C0-0C65-4DFF-B67D-E4A871076CB4}.Ad-Hoc|x64.Deploy.0 = Debug|x64
		{4013E7C0-0C65-4DFF-B67D-E4A871076CB4}.Ad-Hoc|x86.ActiveCfg = Debug|x86
		{4013E7C0-0C65-4DFF-B67D-E4A871076CB4}.Ad-Hoc|x86.Build.0 = Debug|x86
		{4013E7C0-0C65-4DFF-B67D-E4A871076CB4}.Ad-Hoc|x86.Deploy.0 = Debug|x86
		{4013E7C0-0C65-4DFF-B67D-E4A871076CB4}.AppStore|Any CPU.ActiveCfg = Debug|x86
		{4013E7C0-0C65-4DFF-B67D-E4A871076CB4}.AppStore|Any CPU.Build.0 = Debug|x86
		{4013E7C0-0C65-4DFF-B67D-E4A871076CB4}.AppStore|Any CPU.Deploy.0 = Debug|x86
		{4013E7C0-0C65-4DFF-B67D-E4A871076CB4}.AppStore|ARM.ActiveCfg = Debug|ARM
		{4013E7C0-0C65-4DFF-B67D-E4A871076CB4}.AppStore|ARM.Build.0 = Debug|ARM
		{4013E7C0-0C65-4DFF-B67D-E4A871076CB4}.AppStore|ARM.Deploy.0 = Debug|ARM
		{4013E7C0-0C65-4DFF-B67D-E4A871076CB4}.AppStore|ARM64.ActiveCfg = Debug|ARM64
		{4013E7C0-0C65-4DFF-B67D-E4A871076CB4}.AppStore|ARM64.Build.0 = Debug|ARM64
		{4013E7C0-0C65-4DFF-B67D-E4A871076CB4}.AppStore|ARM64.Deploy.0 = Debug|ARM64
		{4013E7C0-0C65-4DFF-B67D-E4A871076CB4}.AppStore|iPhone.ActiveCfg = Debug|x86
		{4013E7C0-0C65-4DFF-B67D-E4A871076CB4}.AppStore|iPhone.Build.0 = Debug|x86
		{4013E7C0-0C65-4DFF-B67D-E4A871076CB4}.AppStore|iPhone.Deploy.0 = Debug|x86
		{4013E7C0-0C65-4DFF-B67D-E4A871076CB4}.AppStore|iPhoneSimulator.ActiveCfg = Debug|x86
		{4013E7C0-0C65-4DFF-B67D-E4A871076CB4}.AppStore|iPhoneSimulator.Build.0 = Debug|x86
		{4013E7C0-0C65-4DFF-B67D-E4A871076CB4}.AppStore|iPhoneSimulator.Deploy.0 = Debug|x86
		{4013E7C0-0C65-4DFF-B67D-E4A871076CB4}.AppStore|x64.ActiveCfg = Debug|x64
		{4013E7C0-0C65-4DFF-B67D-E4A871076CB4}.AppStore|x64.Build.0 = Debug|x64
		{4013E7C0-0C65-4DFF-B67D-E4A871076CB4}.AppStore|x64.Deploy.0 = Debug|x64
		{4013E7C0-0C65-4DFF-B67D-E4A871076CB4}.AppStore|x86.ActiveCfg = Debug|x86
		{4013E7C0-0C65-4DFF-B67D-E4A871076CB4}.AppStore|x86.Build.0 = Debug|x86
		{4013E7C0-0C65-4DFF-B67D-E4A871076CB4}.AppStore|x86.Deploy.0 = Debug|x86
		{4013E7C0-0C65-4DFF-B67D-E4A871076CB4}.Debug|Any CPU.ActiveCfg = Debug|x86
		{4013E7C0-0C65-4DFF-B67D-E4A871076CB4}.Debug|Any CPU.Build.0 = Debug|x86
		{4013E7C0-0C65-4DFF-B67D-E4A871076CB4}.Debug|Any CPU.Deploy.0 = Debug|x86
		{4013E7C0-0C65-4DFF-B67D-E4A871076CB4}.Debug|ARM.ActiveCfg = Debug|ARM
		{4013E7C0-0C65-4DFF-B67D-E4A871076CB4}.Debug|ARM.Build.0 = Debug|ARM
		{4013E7C0-0C65-4DFF-B67D-E4A871076CB4}.Debug|ARM.Deploy.0 = Debug|ARM
		{4013E7C0-0C65-4DFF-B67D-E4A871076CB4}.Debug|ARM64.ActiveCfg = Debug|ARM64
		{4013E7C0-0C65-4DFF-B67D-E4A871076CB4}.Debug|ARM64.Build.0 = Debug|ARM64
		{4013E7C0-0C65-4DFF-B67D-E4A871076CB4}.Debug|ARM64.Deploy.0 = Debug|ARM64
		{4013E7C0-0C65-4DFF-B67D-E4A871076CB4}.Debug|iPhone.ActiveCfg = Debug|x86
		{4013E7C0-0C65-4DFF-B67D-E4A871076CB4}.Debug|iPhoneSimulator.ActiveCfg = Debug|x86
		{4013E7C0-0C65-4DFF-B67D-E4A871076CB4}.Debug|x64.ActiveCfg = Debug|x64
		{4013E7C0-0C65-4DFF-B67D-E4A871076CB4}.Debug|x64.Build.0 = Debug|x64
		{4013E7C0-0C65-4DFF-B67D-E4A871076CB4}.Debug|x64.Deploy.0 = Debug|x64
		{4013E7C0-0C65-4DFF-B67D-E4A871076CB4}.Debug|x86.ActiveCfg = Debug|x86
		{4013E7C0-0C65-4DFF-B67D-E4A871076CB4}.Debug|x86.Build.0 = Debug|x86
		{4013E7C0-0C65-4DFF-B67D-E4A871076CB4}.Debug|x86.Deploy.0 = Debug|x86
		{4013E7C0-0C65-4DFF-B67D-E4A871076CB4}.Release|Any CPU.ActiveCfg = Release|x86
		{4013E7C0-0C65-4DFF-B67D-E4A871076CB4}.Release|ARM.ActiveCfg = Release|ARM
		{4013E7C0-0C65-4DFF-B67D-E4A871076CB4}.Release|ARM.Build.0 = Release|ARM
		{4013E7C0-0C65-4DFF-B67D-E4A871076CB4}.Release|ARM.Deploy.0 = Release|ARM
		{4013E7C0-0C65-4DFF-B67D-E4A871076CB4}.Release|ARM64.ActiveCfg = Release|ARM64
		{4013E7C0-0C65-4DFF-B67D-E4A871076CB4}.Release|ARM64.Build.0 = Release|ARM64
		{4013E7C0-0C65-4DFF-B67D-E4A871076CB4}.Release|ARM64.Deploy.0 = Release|ARM64
		{4013E7C0-0C65-4DFF-B67D-E4A871076CB4}.Release|iPhone.ActiveCfg = Release|x86
		{4013E7C0-0C65-4DFF-B67D-E4A871076CB4}.Release|iPhoneSimulator.ActiveCfg = Release|x86
		{4013E7C0-0C65-4DFF-B67D-E4A871076CB4}.Release|x64.ActiveCfg = Release|x64
		{4013E7C0-0C65-4DFF-B67D-E4A871076CB4}.Release|x64.Build.0 = Release|x64
		{4013E7C0-0C65-4DFF-B67D-E4A871076CB4}.Release|x64.Deploy.0 = Release|x64
		{4013E7C0-0C65-4DFF-B67D-E4A871076CB4}.Release|x86.ActiveCfg = Release|x86
		{4013E7C0-0C65-4DFF-B67D-E4A871076CB4}.Release|x86.Build.0 = Release|x86
		{4013E7C0-0C65-4DFF-B67D-E4A871076CB4}.Release|x86.Deploy.0 = Release|x86
		{A3F86B77-177B-4AB7-8A57-42CAF2840558}.Ad-Hoc|Any CPU.ActiveCfg = Debug|Any CPU
		{A3F86B77-177B-4AB7-8A57-42CAF2840558}.Ad-Hoc|Any CPU.Build.0 = Debug|Any CPU
		{A3F86B77-177B-4AB7-8A57-42CAF2840558}.Ad-Hoc|ARM.ActiveCfg = Debug|Any CPU
		{A3F86B77-177B-4AB7-8A57-42CAF2840558}.Ad-Hoc|ARM.Build.0 = Debug|Any CPU
		{A3F86B77-177B-4AB7-8A57-42CAF2840558}.Ad-Hoc|ARM64.ActiveCfg = Debug|Any CPU
		{A3F86B77-177B-4AB7-8A57-42CAF2840558}.Ad-Hoc|ARM64.Build.0 = Debug|Any CPU
		{A3F86B77-177B-4AB7-8A57-42CAF2840558}.Ad-Hoc|iPhone.ActiveCfg = Debug|Any CPU
		{A3F86B77-177B-4AB7-8A57-42CAF2840558}.Ad-Hoc|iPhone.Build.0 = Debug|Any CPU
		{A3F86B77-177B-4AB7-8A57-42CAF2840558}.Ad-Hoc|iPhoneSimulator.ActiveCfg = Debug|Any CPU
		{A3F86B77-177B-4AB7-8A57-42CAF2840558}.Ad-Hoc|iPhoneSimulator.Build.0 = Debug|Any CPU
		{A3F86B77-177B-4AB7-8A57-42CAF2840558}.Ad-Hoc|x64.ActiveCfg = Debug|Any CPU
		{A3F86B77-177B-4AB7-8A57-42CAF2840558}.Ad-Hoc|x64.Build.0 = Debug|Any CPU
		{A3F86B77-177B-4AB7-8A57-42CAF2840558}.Ad-Hoc|x86.ActiveCfg = Debug|Any CPU
		{A3F86B77-177B-4AB7-8A57-42CAF2840558}.Ad-Hoc|x86.Build.0 = Debug|Any CPU
		{A3F86B77-177B-4AB7-8A57-42CAF2840558}.AppStore|Any CPU.ActiveCfg = Debug|Any CPU
		{A3F86B77-177B-4AB7-8A57-42CAF2840558}.AppStore|Any CPU.Build.0 = Debug|Any CPU
		{A3F86B77-177B-4AB7-8A57-42CAF2840558}.AppStore|ARM.ActiveCfg = Debug|Any CPU
		{A3F86B77-177B-4AB7-8A57-42CAF2840558}.AppStore|ARM.Build.0 = Debug|Any CPU
		{A3F86B77-177B-4AB7-8A57-42CAF2840558}.AppStore|ARM64.ActiveCfg = Debug|Any CPU
		{A3F86B77-177B-4AB7-8A57-42CAF2840558}.AppStore|ARM64.Build.0 = Debug|Any CPU
		{A3F86B77-177B-4AB7-8A57-42CAF2840558}.AppStore|iPhone.ActiveCfg = Debug|Any CPU
		{A3F86B77-177B-4AB7-8A57-42CAF2840558}.AppStore|iPhone.Build.0 = Debug|Any CPU
		{A3F86B77-177B-4AB7-8A57-42CAF2840558}.AppStore|iPhoneSimulator.ActiveCfg = Debug|Any CPU
		{A3F86B77-177B-4AB7-8A57-42CAF2840558}.AppStore|iPhoneSimulator.Build.0 = Debug|Any CPU
		{A3F86B77-177B-4AB7-8A57-42CAF2840558}.AppStore|x64.ActiveCfg = Debug|Any CPU
		{A3F86B77-177B-4AB7-8A57-42CAF2840558}.AppStore|x64.Build.0 = Debug|Any CPU
		{A3F86B77-177B-4AB7-8A57-42CAF2840558}.AppStore|x86.ActiveCfg = Debug|Any CPU
		{A3F86B77-177B-4AB7-8A57-42CAF2840558}.AppStore|x86.Build.0 = Debug|Any CPU
		{A3F86B77-177B-4AB7-8A57-42CAF2840558}.Debug|Any CPU.ActiveCfg = Debug|Any CPU
		{A3F86B77-177B-4AB7-8A57-42CAF2840558}.Debug|Any CPU.Build.0 = Debug|Any CPU
		{A3F86B77-177B-4AB7-8A57-42CAF2840558}.Debug|ARM.ActiveCfg = Debug|Any CPU
		{A3F86B77-177B-4AB7-8A57-42CAF2840558}.Debug|ARM.Build.0 = Debug|Any CPU
		{A3F86B77-177B-4AB7-8A57-42CAF2840558}.Debug|ARM64.ActiveCfg = Debug|Any CPU
		{A3F86B77-177B-4AB7-8A57-42CAF2840558}.Debug|ARM64.Build.0 = Debug|Any CPU
		{A3F86B77-177B-4AB7-8A57-42CAF2840558}.Debug|iPhone.ActiveCfg = Debug|Any CPU
		{A3F86B77-177B-4AB7-8A57-42CAF2840558}.Debug|iPhone.Build.0 = Debug|Any CPU
		{A3F86B77-177B-4AB7-8A57-42CAF2840558}.Debug|iPhoneSimulator.ActiveCfg = Debug|Any CPU
		{A3F86B77-177B-4AB7-8A57-42CAF2840558}.Debug|iPhoneSimulator.Build.0 = Debug|Any CPU
		{A3F86B77-177B-4AB7-8A57-42CAF2840558}.Debug|x64.ActiveCfg = Debug|Any CPU
		{A3F86B77-177B-4AB7-8A57-42CAF2840558}.Debug|x64.Build.0 = Debug|Any CPU
		{A3F86B77-177B-4AB7-8A57-42CAF2840558}.Debug|x86.ActiveCfg = Debug|Any CPU
		{A3F86B77-177B-4AB7-8A57-42CAF2840558}.Debug|x86.Build.0 = Debug|Any CPU
		{A3F86B77-177B-4AB7-8A57-42CAF2840558}.Release|Any CPU.ActiveCfg = Release|Any CPU
		{A3F86B77-177B-4AB7-8A57-42CAF2840558}.Release|Any CPU.Build.0 = Release|Any CPU
		{A3F86B77-177B-4AB7-8A57-42CAF2840558}.Release|ARM.ActiveCfg = Release|Any CPU
		{A3F86B77-177B-4AB7-8A57-42CAF2840558}.Release|ARM.Build.0 = Release|Any CPU
		{A3F86B77-177B-4AB7-8A57-42CAF2840558}.Release|ARM64.ActiveCfg = Release|Any CPU
		{A3F86B77-177B-4AB7-8A57-42CAF2840558}.Release|ARM64.Build.0 = Release|Any CPU
		{A3F86B77-177B-4AB7-8A57-42CAF2840558}.Release|iPhone.ActiveCfg = Release|Any CPU
		{A3F86B77-177B-4AB7-8A57-42CAF2840558}.Release|iPhone.Build.0 = Release|Any CPU
		{A3F86B77-177B-4AB7-8A57-42CAF2840558}.Release|iPhoneSimulator.ActiveCfg = Release|Any CPU
		{A3F86B77-177B-4AB7-8A57-42CAF2840558}.Release|iPhoneSimulator.Build.0 = Release|Any CPU
		{A3F86B77-177B-4AB7-8A57-42CAF2840558}.Release|x64.ActiveCfg = Release|Any CPU
		{A3F86B77-177B-4AB7-8A57-42CAF2840558}.Release|x64.Build.0 = Release|Any CPU
		{A3F86B77-177B-4AB7-8A57-42CAF2840558}.Release|x86.ActiveCfg = Release|Any CPU
		{A3F86B77-177B-4AB7-8A57-42CAF2840558}.Release|x86.Build.0 = Release|Any CPU
		{C3DBAFFB-DE8E-4C3E-B21B-DAE7991B4E96}.Ad-Hoc|Any CPU.ActiveCfg = Debug|iPhoneSimulator
		{C3DBAFFB-DE8E-4C3E-B21B-DAE7991B4E96}.Ad-Hoc|Any CPU.Build.0 = Debug|iPhoneSimulator
		{C3DBAFFB-DE8E-4C3E-B21B-DAE7991B4E96}.Ad-Hoc|ARM.ActiveCfg = Debug|iPhoneSimulator
		{C3DBAFFB-DE8E-4C3E-B21B-DAE7991B4E96}.Ad-Hoc|ARM.Build.0 = Debug|iPhoneSimulator
		{C3DBAFFB-DE8E-4C3E-B21B-DAE7991B4E96}.Ad-Hoc|ARM64.ActiveCfg = Debug|iPhoneSimulator
		{C3DBAFFB-DE8E-4C3E-B21B-DAE7991B4E96}.Ad-Hoc|ARM64.Build.0 = Debug|iPhoneSimulator
		{C3DBAFFB-DE8E-4C3E-B21B-DAE7991B4E96}.Ad-Hoc|iPhone.ActiveCfg = Debug|iPhoneSimulator
		{C3DBAFFB-DE8E-4C3E-B21B-DAE7991B4E96}.Ad-Hoc|iPhone.Build.0 = Debug|iPhoneSimulator
		{C3DBAFFB-DE8E-4C3E-B21B-DAE7991B4E96}.Ad-Hoc|iPhoneSimulator.ActiveCfg = Debug|iPhoneSimulator
		{C3DBAFFB-DE8E-4C3E-B21B-DAE7991B4E96}.Ad-Hoc|iPhoneSimulator.Build.0 = Debug|iPhoneSimulator
		{C3DBAFFB-DE8E-4C3E-B21B-DAE7991B4E96}.Ad-Hoc|x64.ActiveCfg = Debug|iPhoneSimulator
		{C3DBAFFB-DE8E-4C3E-B21B-DAE7991B4E96}.Ad-Hoc|x64.Build.0 = Debug|iPhoneSimulator
		{C3DBAFFB-DE8E-4C3E-B21B-DAE7991B4E96}.Ad-Hoc|x86.ActiveCfg = Debug|iPhoneSimulator
		{C3DBAFFB-DE8E-4C3E-B21B-DAE7991B4E96}.Ad-Hoc|x86.Build.0 = Debug|iPhoneSimulator
		{C3DBAFFB-DE8E-4C3E-B21B-DAE7991B4E96}.AppStore|Any CPU.ActiveCfg = Debug|iPhoneSimulator
		{C3DBAFFB-DE8E-4C3E-B21B-DAE7991B4E96}.AppStore|Any CPU.Build.0 = Debug|iPhoneSimulator
		{C3DBAFFB-DE8E-4C3E-B21B-DAE7991B4E96}.AppStore|ARM.ActiveCfg = Debug|iPhoneSimulator
		{C3DBAFFB-DE8E-4C3E-B21B-DAE7991B4E96}.AppStore|ARM.Build.0 = Debug|iPhoneSimulator
		{C3DBAFFB-DE8E-4C3E-B21B-DAE7991B4E96}.AppStore|ARM64.ActiveCfg = Debug|iPhoneSimulator
		{C3DBAFFB-DE8E-4C3E-B21B-DAE7991B4E96}.AppStore|ARM64.Build.0 = Debug|iPhoneSimulator
		{C3DBAFFB-DE8E-4C3E-B21B-DAE7991B4E96}.AppStore|iPhone.ActiveCfg = Debug|iPhoneSimulator
		{C3DBAFFB-DE8E-4C3E-B21B-DAE7991B4E96}.AppStore|iPhone.Build.0 = Debug|iPhoneSimulator
		{C3DBAFFB-DE8E-4C3E-B21B-DAE7991B4E96}.AppStore|iPhoneSimulator.ActiveCfg = Debug|iPhoneSimulator
		{C3DBAFFB-DE8E-4C3E-B21B-DAE7991B4E96}.AppStore|iPhoneSimulator.Build.0 = Debug|iPhoneSimulator
		{C3DBAFFB-DE8E-4C3E-B21B-DAE7991B4E96}.AppStore|x64.ActiveCfg = Debug|iPhoneSimulator
		{C3DBAFFB-DE8E-4C3E-B21B-DAE7991B4E96}.AppStore|x64.Build.0 = Debug|iPhoneSimulator
		{C3DBAFFB-DE8E-4C3E-B21B-DAE7991B4E96}.AppStore|x86.ActiveCfg = Debug|iPhoneSimulator
		{C3DBAFFB-DE8E-4C3E-B21B-DAE7991B4E96}.AppStore|x86.Build.0 = Debug|iPhoneSimulator
		{C3DBAFFB-DE8E-4C3E-B21B-DAE7991B4E96}.Debug|Any CPU.ActiveCfg = Debug|iPhoneSimulator
		{C3DBAFFB-DE8E-4C3E-B21B-DAE7991B4E96}.Debug|ARM.ActiveCfg = Debug|iPhoneSimulator
		{C3DBAFFB-DE8E-4C3E-B21B-DAE7991B4E96}.Debug|ARM64.ActiveCfg = Debug|iPhoneSimulator
		{C3DBAFFB-DE8E-4C3E-B21B-DAE7991B4E96}.Debug|iPhone.ActiveCfg = Debug|iPhoneSimulator
		{C3DBAFFB-DE8E-4C3E-B21B-DAE7991B4E96}.Debug|iPhoneSimulator.ActiveCfg = Debug|iPhoneSimulator
		{C3DBAFFB-DE8E-4C3E-B21B-DAE7991B4E96}.Debug|iPhoneSimulator.Build.0 = Debug|iPhoneSimulator
		{C3DBAFFB-DE8E-4C3E-B21B-DAE7991B4E96}.Debug|x64.ActiveCfg = Debug|iPhoneSimulator
		{C3DBAFFB-DE8E-4C3E-B21B-DAE7991B4E96}.Debug|x86.ActiveCfg = Debug|iPhoneSimulator
		{C3DBAFFB-DE8E-4C3E-B21B-DAE7991B4E96}.Release|Any CPU.ActiveCfg = Release|iPhoneSimulator
		{C3DBAFFB-DE8E-4C3E-B21B-DAE7991B4E96}.Release|ARM.ActiveCfg = Release|iPhoneSimulator
		{C3DBAFFB-DE8E-4C3E-B21B-DAE7991B4E96}.Release|ARM64.ActiveCfg = Release|iPhoneSimulator
		{C3DBAFFB-DE8E-4C3E-B21B-DAE7991B4E96}.Release|iPhone.ActiveCfg = Release|iPhoneSimulator
		{C3DBAFFB-DE8E-4C3E-B21B-DAE7991B4E96}.Release|iPhoneSimulator.ActiveCfg = Release|iPhoneSimulator
		{C3DBAFFB-DE8E-4C3E-B21B-DAE7991B4E96}.Release|iPhoneSimulator.Build.0 = Release|iPhoneSimulator
		{C3DBAFFB-DE8E-4C3E-B21B-DAE7991B4E96}.Release|x64.ActiveCfg = Release|iPhoneSimulator
		{C3DBAFFB-DE8E-4C3E-B21B-DAE7991B4E96}.Release|x86.ActiveCfg = Release|iPhoneSimulator
		{5870FEC6-8AEF-44BF-A333-62797E38514A}.Ad-Hoc|Any CPU.ActiveCfg = Debug|Any CPU
		{5870FEC6-8AEF-44BF-A333-62797E38514A}.Ad-Hoc|Any CPU.Build.0 = Debug|Any CPU
		{5870FEC6-8AEF-44BF-A333-62797E38514A}.Ad-Hoc|ARM.ActiveCfg = Debug|Any CPU
		{5870FEC6-8AEF-44BF-A333-62797E38514A}.Ad-Hoc|ARM.Build.0 = Debug|Any CPU
		{5870FEC6-8AEF-44BF-A333-62797E38514A}.Ad-Hoc|ARM64.ActiveCfg = Debug|Any CPU
		{5870FEC6-8AEF-44BF-A333-62797E38514A}.Ad-Hoc|ARM64.Build.0 = Debug|Any CPU
		{5870FEC6-8AEF-44BF-A333-62797E38514A}.Ad-Hoc|iPhone.ActiveCfg = Debug|Any CPU
		{5870FEC6-8AEF-44BF-A333-62797E38514A}.Ad-Hoc|iPhone.Build.0 = Debug|Any CPU
		{5870FEC6-8AEF-44BF-A333-62797E38514A}.Ad-Hoc|iPhoneSimulator.ActiveCfg = Debug|Any CPU
		{5870FEC6-8AEF-44BF-A333-62797E38514A}.Ad-Hoc|iPhoneSimulator.Build.0 = Debug|Any CPU
		{5870FEC6-8AEF-44BF-A333-62797E38514A}.Ad-Hoc|x64.ActiveCfg = Debug|Any CPU
		{5870FEC6-8AEF-44BF-A333-62797E38514A}.Ad-Hoc|x64.Build.0 = Debug|Any CPU
		{5870FEC6-8AEF-44BF-A333-62797E38514A}.Ad-Hoc|x86.ActiveCfg = Debug|Any CPU
		{5870FEC6-8AEF-44BF-A333-62797E38514A}.Ad-Hoc|x86.Build.0 = Debug|Any CPU
		{5870FEC6-8AEF-44BF-A333-62797E38514A}.AppStore|Any CPU.ActiveCfg = Debug|Any CPU
		{5870FEC6-8AEF-44BF-A333-62797E38514A}.AppStore|Any CPU.Build.0 = Debug|Any CPU
		{5870FEC6-8AEF-44BF-A333-62797E38514A}.AppStore|ARM.ActiveCfg = Debug|Any CPU
		{5870FEC6-8AEF-44BF-A333-62797E38514A}.AppStore|ARM.Build.0 = Debug|Any CPU
		{5870FEC6-8AEF-44BF-A333-62797E38514A}.AppStore|ARM64.ActiveCfg = Debug|Any CPU
		{5870FEC6-8AEF-44BF-A333-62797E38514A}.AppStore|ARM64.Build.0 = Debug|Any CPU
		{5870FEC6-8AEF-44BF-A333-62797E38514A}.AppStore|iPhone.ActiveCfg = Debug|Any CPU
		{5870FEC6-8AEF-44BF-A333-62797E38514A}.AppStore|iPhone.Build.0 = Debug|Any CPU
		{5870FEC6-8AEF-44BF-A333-62797E38514A}.AppStore|iPhoneSimulator.ActiveCfg = Debug|Any CPU
		{5870FEC6-8AEF-44BF-A333-62797E38514A}.AppStore|iPhoneSimulator.Build.0 = Debug|Any CPU
		{5870FEC6-8AEF-44BF-A333-62797E38514A}.AppStore|x64.ActiveCfg = Debug|Any CPU
		{5870FEC6-8AEF-44BF-A333-62797E38514A}.AppStore|x64.Build.0 = Debug|Any CPU
		{5870FEC6-8AEF-44BF-A333-62797E38514A}.AppStore|x86.ActiveCfg = Debug|Any CPU
		{5870FEC6-8AEF-44BF-A333-62797E38514A}.AppStore|x86.Build.0 = Debug|Any CPU
		{5870FEC6-8AEF-44BF-A333-62797E38514A}.Debug|Any CPU.ActiveCfg = Debug|Any CPU
		{5870FEC6-8AEF-44BF-A333-62797E38514A}.Debug|Any CPU.Build.0 = Debug|Any CPU
		{5870FEC6-8AEF-44BF-A333-62797E38514A}.Debug|ARM.ActiveCfg = Debug|Any CPU
		{5870FEC6-8AEF-44BF-A333-62797E38514A}.Debug|ARM.Build.0 = Debug|Any CPU
		{5870FEC6-8AEF-44BF-A333-62797E38514A}.Debug|ARM64.ActiveCfg = Debug|Any CPU
		{5870FEC6-8AEF-44BF-A333-62797E38514A}.Debug|ARM64.Build.0 = Debug|Any CPU
		{5870FEC6-8AEF-44BF-A333-62797E38514A}.Debug|iPhone.ActiveCfg = Debug|Any CPU
		{5870FEC6-8AEF-44BF-A333-62797E38514A}.Debug|iPhone.Build.0 = Debug|Any CPU
		{5870FEC6-8AEF-44BF-A333-62797E38514A}.Debug|iPhoneSimulator.ActiveCfg = Debug|Any CPU
		{5870FEC6-8AEF-44BF-A333-62797E38514A}.Debug|iPhoneSimulator.Build.0 = Debug|Any CPU
		{5870FEC6-8AEF-44BF-A333-62797E38514A}.Debug|x64.ActiveCfg = Debug|Any CPU
		{5870FEC6-8AEF-44BF-A333-62797E38514A}.Debug|x64.Build.0 = Debug|Any CPU
		{5870FEC6-8AEF-44BF-A333-62797E38514A}.Debug|x86.ActiveCfg = Debug|Any CPU
		{5870FEC6-8AEF-44BF-A333-62797E38514A}.Debug|x86.Build.0 = Debug|Any CPU
		{5870FEC6-8AEF-44BF-A333-62797E38514A}.Release|Any CPU.ActiveCfg = Release|Any CPU
		{5870FEC6-8AEF-44BF-A333-62797E38514A}.Release|Any CPU.Build.0 = Release|Any CPU
		{5870FEC6-8AEF-44BF-A333-62797E38514A}.Release|ARM.ActiveCfg = Release|Any CPU
		{5870FEC6-8AEF-44BF-A333-62797E38514A}.Release|ARM.Build.0 = Release|Any CPU
		{5870FEC6-8AEF-44BF-A333-62797E38514A}.Release|ARM64.ActiveCfg = Release|Any CPU
		{5870FEC6-8AEF-44BF-A333-62797E38514A}.Release|ARM64.Build.0 = Release|Any CPU
		{5870FEC6-8AEF-44BF-A333-62797E38514A}.Release|iPhone.ActiveCfg = Release|Any CPU
		{5870FEC6-8AEF-44BF-A333-62797E38514A}.Release|iPhone.Build.0 = Release|Any CPU
		{5870FEC6-8AEF-44BF-A333-62797E38514A}.Release|iPhoneSimulator.ActiveCfg = Release|Any CPU
		{5870FEC6-8AEF-44BF-A333-62797E38514A}.Release|iPhoneSimulator.Build.0 = Release|Any CPU
		{5870FEC6-8AEF-44BF-A333-62797E38514A}.Release|x64.ActiveCfg = Release|Any CPU
		{5870FEC6-8AEF-44BF-A333-62797E38514A}.Release|x64.Build.0 = Release|Any CPU
		{5870FEC6-8AEF-44BF-A333-62797E38514A}.Release|x86.ActiveCfg = Release|Any CPU
		{5870FEC6-8AEF-44BF-A333-62797E38514A}.Release|x86.Build.0 = Release|Any CPU
		{66A52B1B-E17F-476F-9751-1BB7FD397924}.Ad-Hoc|Any CPU.ActiveCfg = Debug|Any CPU
		{66A52B1B-E17F-476F-9751-1BB7FD397924}.Ad-Hoc|Any CPU.Build.0 = Debug|Any CPU
		{66A52B1B-E17F-476F-9751-1BB7FD397924}.Ad-Hoc|ARM.ActiveCfg = Debug|Any CPU
		{66A52B1B-E17F-476F-9751-1BB7FD397924}.Ad-Hoc|ARM.Build.0 = Debug|Any CPU
		{66A52B1B-E17F-476F-9751-1BB7FD397924}.Ad-Hoc|ARM64.ActiveCfg = Debug|Any CPU
		{66A52B1B-E17F-476F-9751-1BB7FD397924}.Ad-Hoc|ARM64.Build.0 = Debug|Any CPU
		{66A52B1B-E17F-476F-9751-1BB7FD397924}.Ad-Hoc|iPhone.ActiveCfg = Debug|Any CPU
		{66A52B1B-E17F-476F-9751-1BB7FD397924}.Ad-Hoc|iPhone.Build.0 = Debug|Any CPU
		{66A52B1B-E17F-476F-9751-1BB7FD397924}.Ad-Hoc|iPhoneSimulator.ActiveCfg = Debug|Any CPU
		{66A52B1B-E17F-476F-9751-1BB7FD397924}.Ad-Hoc|iPhoneSimulator.Build.0 = Debug|Any CPU
		{66A52B1B-E17F-476F-9751-1BB7FD397924}.Ad-Hoc|x64.ActiveCfg = Debug|Any CPU
		{66A52B1B-E17F-476F-9751-1BB7FD397924}.Ad-Hoc|x64.Build.0 = Debug|Any CPU
		{66A52B1B-E17F-476F-9751-1BB7FD397924}.Ad-Hoc|x86.ActiveCfg = Debug|Any CPU
		{66A52B1B-E17F-476F-9751-1BB7FD397924}.Ad-Hoc|x86.Build.0 = Debug|Any CPU
		{66A52B1B-E17F-476F-9751-1BB7FD397924}.AppStore|Any CPU.ActiveCfg = Debug|Any CPU
		{66A52B1B-E17F-476F-9751-1BB7FD397924}.AppStore|Any CPU.Build.0 = Debug|Any CPU
		{66A52B1B-E17F-476F-9751-1BB7FD397924}.AppStore|ARM.ActiveCfg = Debug|Any CPU
		{66A52B1B-E17F-476F-9751-1BB7FD397924}.AppStore|ARM.Build.0 = Debug|Any CPU
		{66A52B1B-E17F-476F-9751-1BB7FD397924}.AppStore|ARM64.ActiveCfg = Debug|Any CPU
		{66A52B1B-E17F-476F-9751-1BB7FD397924}.AppStore|ARM64.Build.0 = Debug|Any CPU
		{66A52B1B-E17F-476F-9751-1BB7FD397924}.AppStore|iPhone.ActiveCfg = Debug|Any CPU
		{66A52B1B-E17F-476F-9751-1BB7FD397924}.AppStore|iPhone.Build.0 = Debug|Any CPU
		{66A52B1B-E17F-476F-9751-1BB7FD397924}.AppStore|iPhoneSimulator.ActiveCfg = Debug|Any CPU
		{66A52B1B-E17F-476F-9751-1BB7FD397924}.AppStore|iPhoneSimulator.Build.0 = Debug|Any CPU
		{66A52B1B-E17F-476F-9751-1BB7FD397924}.AppStore|x64.ActiveCfg = Debug|Any CPU
		{66A52B1B-E17F-476F-9751-1BB7FD397924}.AppStore|x64.Build.0 = Debug|Any CPU
		{66A52B1B-E17F-476F-9751-1BB7FD397924}.AppStore|x86.ActiveCfg = Debug|Any CPU
		{66A52B1B-E17F-476F-9751-1BB7FD397924}.AppStore|x86.Build.0 = Debug|Any CPU
		{66A52B1B-E17F-476F-9751-1BB7FD397924}.Debug|Any CPU.ActiveCfg = Debug|Any CPU
		{66A52B1B-E17F-476F-9751-1BB7FD397924}.Debug|Any CPU.Build.0 = Debug|Any CPU
		{66A52B1B-E17F-476F-9751-1BB7FD397924}.Debug|ARM.ActiveCfg = Debug|Any CPU
		{66A52B1B-E17F-476F-9751-1BB7FD397924}.Debug|ARM.Build.0 = Debug|Any CPU
		{66A52B1B-E17F-476F-9751-1BB7FD397924}.Debug|ARM64.ActiveCfg = Debug|Any CPU
		{66A52B1B-E17F-476F-9751-1BB7FD397924}.Debug|ARM64.Build.0 = Debug|Any CPU
		{66A52B1B-E17F-476F-9751-1BB7FD397924}.Debug|iPhone.ActiveCfg = Debug|Any CPU
		{66A52B1B-E17F-476F-9751-1BB7FD397924}.Debug|iPhone.Build.0 = Debug|Any CPU
		{66A52B1B-E17F-476F-9751-1BB7FD397924}.Debug|iPhoneSimulator.ActiveCfg = Debug|Any CPU
		{66A52B1B-E17F-476F-9751-1BB7FD397924}.Debug|iPhoneSimulator.Build.0 = Debug|Any CPU
		{66A52B1B-E17F-476F-9751-1BB7FD397924}.Debug|x64.ActiveCfg = Debug|Any CPU
		{66A52B1B-E17F-476F-9751-1BB7FD397924}.Debug|x64.Build.0 = Debug|Any CPU
		{66A52B1B-E17F-476F-9751-1BB7FD397924}.Debug|x86.ActiveCfg = Debug|Any CPU
		{66A52B1B-E17F-476F-9751-1BB7FD397924}.Debug|x86.Build.0 = Debug|Any CPU
		{66A52B1B-E17F-476F-9751-1BB7FD397924}.Release|Any CPU.ActiveCfg = Release|Any CPU
		{66A52B1B-E17F-476F-9751-1BB7FD397924}.Release|Any CPU.Build.0 = Release|Any CPU
		{66A52B1B-E17F-476F-9751-1BB7FD397924}.Release|ARM.ActiveCfg = Release|Any CPU
		{66A52B1B-E17F-476F-9751-1BB7FD397924}.Release|ARM.Build.0 = Release|Any CPU
		{66A52B1B-E17F-476F-9751-1BB7FD397924}.Release|ARM64.ActiveCfg = Release|Any CPU
		{66A52B1B-E17F-476F-9751-1BB7FD397924}.Release|ARM64.Build.0 = Release|Any CPU
		{66A52B1B-E17F-476F-9751-1BB7FD397924}.Release|iPhone.ActiveCfg = Release|Any CPU
		{66A52B1B-E17F-476F-9751-1BB7FD397924}.Release|iPhone.Build.0 = Release|Any CPU
		{66A52B1B-E17F-476F-9751-1BB7FD397924}.Release|iPhoneSimulator.ActiveCfg = Release|Any CPU
		{66A52B1B-E17F-476F-9751-1BB7FD397924}.Release|iPhoneSimulator.Build.0 = Release|Any CPU
		{66A52B1B-E17F-476F-9751-1BB7FD397924}.Release|x64.ActiveCfg = Release|Any CPU
		{66A52B1B-E17F-476F-9751-1BB7FD397924}.Release|x64.Build.0 = Release|Any CPU
		{66A52B1B-E17F-476F-9751-1BB7FD397924}.Release|x86.ActiveCfg = Release|Any CPU
		{66A52B1B-E17F-476F-9751-1BB7FD397924}.Release|x86.Build.0 = Release|Any CPU
		{763839FB-0B63-4C5C-9AB3-D7BAB6741D37}.Ad-Hoc|Any CPU.ActiveCfg = Debug|Any CPU
		{763839FB-0B63-4C5C-9AB3-D7BAB6741D37}.Ad-Hoc|Any CPU.Build.0 = Debug|Any CPU
		{763839FB-0B63-4C5C-9AB3-D7BAB6741D37}.Ad-Hoc|ARM.ActiveCfg = Debug|Any CPU
		{763839FB-0B63-4C5C-9AB3-D7BAB6741D37}.Ad-Hoc|ARM.Build.0 = Debug|Any CPU
		{763839FB-0B63-4C5C-9AB3-D7BAB6741D37}.Ad-Hoc|ARM64.ActiveCfg = Debug|Any CPU
		{763839FB-0B63-4C5C-9AB3-D7BAB6741D37}.Ad-Hoc|ARM64.Build.0 = Debug|Any CPU
		{763839FB-0B63-4C5C-9AB3-D7BAB6741D37}.Ad-Hoc|iPhone.ActiveCfg = Debug|Any CPU
		{763839FB-0B63-4C5C-9AB3-D7BAB6741D37}.Ad-Hoc|iPhone.Build.0 = Debug|Any CPU
		{763839FB-0B63-4C5C-9AB3-D7BAB6741D37}.Ad-Hoc|iPhoneSimulator.ActiveCfg = Debug|Any CPU
		{763839FB-0B63-4C5C-9AB3-D7BAB6741D37}.Ad-Hoc|iPhoneSimulator.Build.0 = Debug|Any CPU
		{763839FB-0B63-4C5C-9AB3-D7BAB6741D37}.Ad-Hoc|x64.ActiveCfg = Debug|Any CPU
		{763839FB-0B63-4C5C-9AB3-D7BAB6741D37}.Ad-Hoc|x64.Build.0 = Debug|Any CPU
		{763839FB-0B63-4C5C-9AB3-D7BAB6741D37}.Ad-Hoc|x86.ActiveCfg = Debug|Any CPU
		{763839FB-0B63-4C5C-9AB3-D7BAB6741D37}.Ad-Hoc|x86.Build.0 = Debug|Any CPU
		{763839FB-0B63-4C5C-9AB3-D7BAB6741D37}.AppStore|Any CPU.ActiveCfg = Debug|Any CPU
		{763839FB-0B63-4C5C-9AB3-D7BAB6741D37}.AppStore|Any CPU.Build.0 = Debug|Any CPU
		{763839FB-0B63-4C5C-9AB3-D7BAB6741D37}.AppStore|ARM.ActiveCfg = Debug|Any CPU
		{763839FB-0B63-4C5C-9AB3-D7BAB6741D37}.AppStore|ARM.Build.0 = Debug|Any CPU
		{763839FB-0B63-4C5C-9AB3-D7BAB6741D37}.AppStore|ARM64.ActiveCfg = Debug|Any CPU
		{763839FB-0B63-4C5C-9AB3-D7BAB6741D37}.AppStore|ARM64.Build.0 = Debug|Any CPU
		{763839FB-0B63-4C5C-9AB3-D7BAB6741D37}.AppStore|iPhone.ActiveCfg = Debug|Any CPU
		{763839FB-0B63-4C5C-9AB3-D7BAB6741D37}.AppStore|iPhone.Build.0 = Debug|Any CPU
		{763839FB-0B63-4C5C-9AB3-D7BAB6741D37}.AppStore|iPhoneSimulator.ActiveCfg = Debug|Any CPU
		{763839FB-0B63-4C5C-9AB3-D7BAB6741D37}.AppStore|iPhoneSimulator.Build.0 = Debug|Any CPU
		{763839FB-0B63-4C5C-9AB3-D7BAB6741D37}.AppStore|x64.ActiveCfg = Debug|Any CPU
		{763839FB-0B63-4C5C-9AB3-D7BAB6741D37}.AppStore|x64.Build.0 = Debug|Any CPU
		{763839FB-0B63-4C5C-9AB3-D7BAB6741D37}.AppStore|x86.ActiveCfg = Debug|Any CPU
		{763839FB-0B63-4C5C-9AB3-D7BAB6741D37}.AppStore|x86.Build.0 = Debug|Any CPU
		{763839FB-0B63-4C5C-9AB3-D7BAB6741D37}.Debug|Any CPU.ActiveCfg = Debug|Any CPU
		{763839FB-0B63-4C5C-9AB3-D7BAB6741D37}.Debug|Any CPU.Build.0 = Debug|Any CPU
		{763839FB-0B63-4C5C-9AB3-D7BAB6741D37}.Debug|ARM.ActiveCfg = Debug|Any CPU
		{763839FB-0B63-4C5C-9AB3-D7BAB6741D37}.Debug|ARM.Build.0 = Debug|Any CPU
		{763839FB-0B63-4C5C-9AB3-D7BAB6741D37}.Debug|ARM64.ActiveCfg = Debug|Any CPU
		{763839FB-0B63-4C5C-9AB3-D7BAB6741D37}.Debug|ARM64.Build.0 = Debug|Any CPU
		{763839FB-0B63-4C5C-9AB3-D7BAB6741D37}.Debug|iPhone.ActiveCfg = Debug|Any CPU
		{763839FB-0B63-4C5C-9AB3-D7BAB6741D37}.Debug|iPhone.Build.0 = Debug|Any CPU
		{763839FB-0B63-4C5C-9AB3-D7BAB6741D37}.Debug|iPhoneSimulator.ActiveCfg = Debug|Any CPU
		{763839FB-0B63-4C5C-9AB3-D7BAB6741D37}.Debug|iPhoneSimulator.Build.0 = Debug|Any CPU
		{763839FB-0B63-4C5C-9AB3-D7BAB6741D37}.Debug|x64.ActiveCfg = Debug|Any CPU
		{763839FB-0B63-4C5C-9AB3-D7BAB6741D37}.Debug|x64.Build.0 = Debug|Any CPU
		{763839FB-0B63-4C5C-9AB3-D7BAB6741D37}.Debug|x86.ActiveCfg = Debug|Any CPU
		{763839FB-0B63-4C5C-9AB3-D7BAB6741D37}.Debug|x86.Build.0 = Debug|Any CPU
		{763839FB-0B63-4C5C-9AB3-D7BAB6741D37}.Release|Any CPU.ActiveCfg = Release|Any CPU
		{763839FB-0B63-4C5C-9AB3-D7BAB6741D37}.Release|Any CPU.Build.0 = Release|Any CPU
		{763839FB-0B63-4C5C-9AB3-D7BAB6741D37}.Release|ARM.ActiveCfg = Release|Any CPU
		{763839FB-0B63-4C5C-9AB3-D7BAB6741D37}.Release|ARM.Build.0 = Release|Any CPU
		{763839FB-0B63-4C5C-9AB3-D7BAB6741D37}.Release|ARM64.ActiveCfg = Release|Any CPU
		{763839FB-0B63-4C5C-9AB3-D7BAB6741D37}.Release|ARM64.Build.0 = Release|Any CPU
		{763839FB-0B63-4C5C-9AB3-D7BAB6741D37}.Release|iPhone.ActiveCfg = Release|Any CPU
		{763839FB-0B63-4C5C-9AB3-D7BAB6741D37}.Release|iPhone.Build.0 = Release|Any CPU
		{763839FB-0B63-4C5C-9AB3-D7BAB6741D37}.Release|iPhoneSimulator.ActiveCfg = Release|Any CPU
		{763839FB-0B63-4C5C-9AB3-D7BAB6741D37}.Release|iPhoneSimulator.Build.0 = Release|Any CPU
		{763839FB-0B63-4C5C-9AB3-D7BAB6741D37}.Release|x64.ActiveCfg = Release|Any CPU
		{763839FB-0B63-4C5C-9AB3-D7BAB6741D37}.Release|x64.Build.0 = Release|Any CPU
		{763839FB-0B63-4C5C-9AB3-D7BAB6741D37}.Release|x86.ActiveCfg = Release|Any CPU
		{763839FB-0B63-4C5C-9AB3-D7BAB6741D37}.Release|x86.Build.0 = Release|Any CPU
		{C8781950-1F44-4C57-A228-A550691481DE}.Ad-Hoc|Any CPU.ActiveCfg = Debug|Any CPU
		{C8781950-1F44-4C57-A228-A550691481DE}.Ad-Hoc|Any CPU.Build.0 = Debug|Any CPU
		{C8781950-1F44-4C57-A228-A550691481DE}.Ad-Hoc|ARM.ActiveCfg = Debug|Any CPU
		{C8781950-1F44-4C57-A228-A550691481DE}.Ad-Hoc|ARM.Build.0 = Debug|Any CPU
		{C8781950-1F44-4C57-A228-A550691481DE}.Ad-Hoc|ARM64.ActiveCfg = Debug|Any CPU
		{C8781950-1F44-4C57-A228-A550691481DE}.Ad-Hoc|ARM64.Build.0 = Debug|Any CPU
		{C8781950-1F44-4C57-A228-A550691481DE}.Ad-Hoc|iPhone.ActiveCfg = Debug|Any CPU
		{C8781950-1F44-4C57-A228-A550691481DE}.Ad-Hoc|iPhone.Build.0 = Debug|Any CPU
		{C8781950-1F44-4C57-A228-A550691481DE}.Ad-Hoc|iPhoneSimulator.ActiveCfg = Debug|Any CPU
		{C8781950-1F44-4C57-A228-A550691481DE}.Ad-Hoc|iPhoneSimulator.Build.0 = Debug|Any CPU
		{C8781950-1F44-4C57-A228-A550691481DE}.Ad-Hoc|x64.ActiveCfg = Debug|Any CPU
		{C8781950-1F44-4C57-A228-A550691481DE}.Ad-Hoc|x64.Build.0 = Debug|Any CPU
		{C8781950-1F44-4C57-A228-A550691481DE}.Ad-Hoc|x86.ActiveCfg = Debug|Any CPU
		{C8781950-1F44-4C57-A228-A550691481DE}.Ad-Hoc|x86.Build.0 = Debug|Any CPU
		{C8781950-1F44-4C57-A228-A550691481DE}.AppStore|Any CPU.ActiveCfg = Debug|Any CPU
		{C8781950-1F44-4C57-A228-A550691481DE}.AppStore|Any CPU.Build.0 = Debug|Any CPU
		{C8781950-1F44-4C57-A228-A550691481DE}.AppStore|ARM.ActiveCfg = Debug|Any CPU
		{C8781950-1F44-4C57-A228-A550691481DE}.AppStore|ARM.Build.0 = Debug|Any CPU
		{C8781950-1F44-4C57-A228-A550691481DE}.AppStore|ARM64.ActiveCfg = Debug|Any CPU
		{C8781950-1F44-4C57-A228-A550691481DE}.AppStore|ARM64.Build.0 = Debug|Any CPU
		{C8781950-1F44-4C57-A228-A550691481DE}.AppStore|iPhone.ActiveCfg = Debug|Any CPU
		{C8781950-1F44-4C57-A228-A550691481DE}.AppStore|iPhone.Build.0 = Debug|Any CPU
		{C8781950-1F44-4C57-A228-A550691481DE}.AppStore|iPhoneSimulator.ActiveCfg = Debug|Any CPU
		{C8781950-1F44-4C57-A228-A550691481DE}.AppStore|iPhoneSimulator.Build.0 = Debug|Any CPU
		{C8781950-1F44-4C57-A228-A550691481DE}.AppStore|x64.ActiveCfg = Debug|Any CPU
		{C8781950-1F44-4C57-A228-A550691481DE}.AppStore|x64.Build.0 = Debug|Any CPU
		{C8781950-1F44-4C57-A228-A550691481DE}.AppStore|x86.ActiveCfg = Debug|Any CPU
		{C8781950-1F44-4C57-A228-A550691481DE}.AppStore|x86.Build.0 = Debug|Any CPU
		{C8781950-1F44-4C57-A228-A550691481DE}.Debug|Any CPU.ActiveCfg = Debug|Any CPU
		{C8781950-1F44-4C57-A228-A550691481DE}.Debug|Any CPU.Build.0 = Debug|Any CPU
		{C8781950-1F44-4C57-A228-A550691481DE}.Debug|ARM.ActiveCfg = Debug|Any CPU
		{C8781950-1F44-4C57-A228-A550691481DE}.Debug|ARM.Build.0 = Debug|Any CPU
		{C8781950-1F44-4C57-A228-A550691481DE}.Debug|ARM64.ActiveCfg = Debug|Any CPU
		{C8781950-1F44-4C57-A228-A550691481DE}.Debug|ARM64.Build.0 = Debug|Any CPU
		{C8781950-1F44-4C57-A228-A550691481DE}.Debug|iPhone.ActiveCfg = Debug|Any CPU
		{C8781950-1F44-4C57-A228-A550691481DE}.Debug|iPhone.Build.0 = Debug|Any CPU
		{C8781950-1F44-4C57-A228-A550691481DE}.Debug|iPhoneSimulator.ActiveCfg = Debug|Any CPU
		{C8781950-1F44-4C57-A228-A550691481DE}.Debug|iPhoneSimulator.Build.0 = Debug|Any CPU
		{C8781950-1F44-4C57-A228-A550691481DE}.Debug|x64.ActiveCfg = Debug|Any CPU
		{C8781950-1F44-4C57-A228-A550691481DE}.Debug|x64.Build.0 = Debug|Any CPU
		{C8781950-1F44-4C57-A228-A550691481DE}.Debug|x86.ActiveCfg = Debug|Any CPU
		{C8781950-1F44-4C57-A228-A550691481DE}.Debug|x86.Build.0 = Debug|Any CPU
		{C8781950-1F44-4C57-A228-A550691481DE}.Release|Any CPU.ActiveCfg = Release|Any CPU
		{C8781950-1F44-4C57-A228-A550691481DE}.Release|Any CPU.Build.0 = Release|Any CPU
		{C8781950-1F44-4C57-A228-A550691481DE}.Release|ARM.ActiveCfg = Release|Any CPU
		{C8781950-1F44-4C57-A228-A550691481DE}.Release|ARM.Build.0 = Release|Any CPU
		{C8781950-1F44-4C57-A228-A550691481DE}.Release|ARM64.ActiveCfg = Release|Any CPU
		{C8781950-1F44-4C57-A228-A550691481DE}.Release|ARM64.Build.0 = Release|Any CPU
		{C8781950-1F44-4C57-A228-A550691481DE}.Release|iPhone.ActiveCfg = Release|Any CPU
		{C8781950-1F44-4C57-A228-A550691481DE}.Release|iPhone.Build.0 = Release|Any CPU
		{C8781950-1F44-4C57-A228-A550691481DE}.Release|iPhoneSimulator.ActiveCfg = Release|Any CPU
		{C8781950-1F44-4C57-A228-A550691481DE}.Release|iPhoneSimulator.Build.0 = Release|Any CPU
		{C8781950-1F44-4C57-A228-A550691481DE}.Release|x64.ActiveCfg = Release|Any CPU
		{C8781950-1F44-4C57-A228-A550691481DE}.Release|x64.Build.0 = Release|Any CPU
		{C8781950-1F44-4C57-A228-A550691481DE}.Release|x86.ActiveCfg = Release|Any CPU
		{C8781950-1F44-4C57-A228-A550691481DE}.Release|x86.Build.0 = Release|Any CPU
		{81A5C407-6728-4B13-AB19-87F2018CD029}.Ad-Hoc|Any CPU.ActiveCfg = Debug|Any CPU
		{81A5C407-6728-4B13-AB19-87F2018CD029}.Ad-Hoc|Any CPU.Build.0 = Debug|Any CPU
		{81A5C407-6728-4B13-AB19-87F2018CD029}.Ad-Hoc|ARM.ActiveCfg = Debug|Any CPU
		{81A5C407-6728-4B13-AB19-87F2018CD029}.Ad-Hoc|ARM.Build.0 = Debug|Any CPU
		{81A5C407-6728-4B13-AB19-87F2018CD029}.Ad-Hoc|ARM64.ActiveCfg = Debug|Any CPU
		{81A5C407-6728-4B13-AB19-87F2018CD029}.Ad-Hoc|ARM64.Build.0 = Debug|Any CPU
		{81A5C407-6728-4B13-AB19-87F2018CD029}.Ad-Hoc|iPhone.ActiveCfg = Debug|Any CPU
		{81A5C407-6728-4B13-AB19-87F2018CD029}.Ad-Hoc|iPhone.Build.0 = Debug|Any CPU
		{81A5C407-6728-4B13-AB19-87F2018CD029}.Ad-Hoc|iPhoneSimulator.ActiveCfg = Debug|Any CPU
		{81A5C407-6728-4B13-AB19-87F2018CD029}.Ad-Hoc|iPhoneSimulator.Build.0 = Debug|Any CPU
		{81A5C407-6728-4B13-AB19-87F2018CD029}.Ad-Hoc|x64.ActiveCfg = Debug|Any CPU
		{81A5C407-6728-4B13-AB19-87F2018CD029}.Ad-Hoc|x64.Build.0 = Debug|Any CPU
		{81A5C407-6728-4B13-AB19-87F2018CD029}.Ad-Hoc|x86.ActiveCfg = Debug|Any CPU
		{81A5C407-6728-4B13-AB19-87F2018CD029}.Ad-Hoc|x86.Build.0 = Debug|Any CPU
		{81A5C407-6728-4B13-AB19-87F2018CD029}.AppStore|Any CPU.ActiveCfg = Debug|Any CPU
		{81A5C407-6728-4B13-AB19-87F2018CD029}.AppStore|Any CPU.Build.0 = Debug|Any CPU
		{81A5C407-6728-4B13-AB19-87F2018CD029}.AppStore|ARM.ActiveCfg = Debug|Any CPU
		{81A5C407-6728-4B13-AB19-87F2018CD029}.AppStore|ARM.Build.0 = Debug|Any CPU
		{81A5C407-6728-4B13-AB19-87F2018CD029}.AppStore|ARM64.ActiveCfg = Debug|Any CPU
		{81A5C407-6728-4B13-AB19-87F2018CD029}.AppStore|ARM64.Build.0 = Debug|Any CPU
		{81A5C407-6728-4B13-AB19-87F2018CD029}.AppStore|iPhone.ActiveCfg = Debug|Any CPU
		{81A5C407-6728-4B13-AB19-87F2018CD029}.AppStore|iPhone.Build.0 = Debug|Any CPU
		{81A5C407-6728-4B13-AB19-87F2018CD029}.AppStore|iPhoneSimulator.ActiveCfg = Debug|Any CPU
		{81A5C407-6728-4B13-AB19-87F2018CD029}.AppStore|iPhoneSimulator.Build.0 = Debug|Any CPU
		{81A5C407-6728-4B13-AB19-87F2018CD029}.AppStore|x64.ActiveCfg = Debug|Any CPU
		{81A5C407-6728-4B13-AB19-87F2018CD029}.AppStore|x64.Build.0 = Debug|Any CPU
		{81A5C407-6728-4B13-AB19-87F2018CD029}.AppStore|x86.ActiveCfg = Debug|Any CPU
		{81A5C407-6728-4B13-AB19-87F2018CD029}.AppStore|x86.Build.0 = Debug|Any CPU
		{81A5C407-6728-4B13-AB19-87F2018CD029}.Debug|Any CPU.ActiveCfg = Debug|Any CPU
		{81A5C407-6728-4B13-AB19-87F2018CD029}.Debug|Any CPU.Build.0 = Debug|Any CPU
		{81A5C407-6728-4B13-AB19-87F2018CD029}.Debug|ARM.ActiveCfg = Debug|Any CPU
		{81A5C407-6728-4B13-AB19-87F2018CD029}.Debug|ARM.Build.0 = Debug|Any CPU
		{81A5C407-6728-4B13-AB19-87F2018CD029}.Debug|ARM64.ActiveCfg = Debug|Any CPU
		{81A5C407-6728-4B13-AB19-87F2018CD029}.Debug|ARM64.Build.0 = Debug|Any CPU
		{81A5C407-6728-4B13-AB19-87F2018CD029}.Debug|iPhone.ActiveCfg = Debug|Any CPU
		{81A5C407-6728-4B13-AB19-87F2018CD029}.Debug|iPhone.Build.0 = Debug|Any CPU
		{81A5C407-6728-4B13-AB19-87F2018CD029}.Debug|iPhoneSimulator.ActiveCfg = Debug|Any CPU
		{81A5C407-6728-4B13-AB19-87F2018CD029}.Debug|iPhoneSimulator.Build.0 = Debug|Any CPU
		{81A5C407-6728-4B13-AB19-87F2018CD029}.Debug|x64.ActiveCfg = Debug|Any CPU
		{81A5C407-6728-4B13-AB19-87F2018CD029}.Debug|x64.Build.0 = Debug|Any CPU
		{81A5C407-6728-4B13-AB19-87F2018CD029}.Debug|x86.ActiveCfg = Debug|Any CPU
		{81A5C407-6728-4B13-AB19-87F2018CD029}.Debug|x86.Build.0 = Debug|Any CPU
		{81A5C407-6728-4B13-AB19-87F2018CD029}.Release|Any CPU.ActiveCfg = Release|Any CPU
		{81A5C407-6728-4B13-AB19-87F2018CD029}.Release|Any CPU.Build.0 = Release|Any CPU
		{81A5C407-6728-4B13-AB19-87F2018CD029}.Release|ARM.ActiveCfg = Release|Any CPU
		{81A5C407-6728-4B13-AB19-87F2018CD029}.Release|ARM.Build.0 = Release|Any CPU
		{81A5C407-6728-4B13-AB19-87F2018CD029}.Release|ARM64.ActiveCfg = Release|Any CPU
		{81A5C407-6728-4B13-AB19-87F2018CD029}.Release|ARM64.Build.0 = Release|Any CPU
		{81A5C407-6728-4B13-AB19-87F2018CD029}.Release|iPhone.ActiveCfg = Release|Any CPU
		{81A5C407-6728-4B13-AB19-87F2018CD029}.Release|iPhone.Build.0 = Release|Any CPU
		{81A5C407-6728-4B13-AB19-87F2018CD029}.Release|iPhoneSimulator.ActiveCfg = Release|Any CPU
		{81A5C407-6728-4B13-AB19-87F2018CD029}.Release|iPhoneSimulator.Build.0 = Release|Any CPU
		{81A5C407-6728-4B13-AB19-87F2018CD029}.Release|x64.ActiveCfg = Release|Any CPU
		{81A5C407-6728-4B13-AB19-87F2018CD029}.Release|x64.Build.0 = Release|Any CPU
		{81A5C407-6728-4B13-AB19-87F2018CD029}.Release|x86.ActiveCfg = Release|Any CPU
		{81A5C407-6728-4B13-AB19-87F2018CD029}.Release|x86.Build.0 = Release|Any CPU
		{7D9E3A26-7511-4796-9809-3676F6F2E682}.Ad-Hoc|Any CPU.ActiveCfg = Debug|Any CPU
		{7D9E3A26-7511-4796-9809-3676F6F2E682}.Ad-Hoc|Any CPU.Build.0 = Debug|Any CPU
		{7D9E3A26-7511-4796-9809-3676F6F2E682}.Ad-Hoc|ARM.ActiveCfg = Debug|Any CPU
		{7D9E3A26-7511-4796-9809-3676F6F2E682}.Ad-Hoc|ARM.Build.0 = Debug|Any CPU
		{7D9E3A26-7511-4796-9809-3676F6F2E682}.Ad-Hoc|ARM64.ActiveCfg = Debug|Any CPU
		{7D9E3A26-7511-4796-9809-3676F6F2E682}.Ad-Hoc|ARM64.Build.0 = Debug|Any CPU
		{7D9E3A26-7511-4796-9809-3676F6F2E682}.Ad-Hoc|iPhone.ActiveCfg = Debug|Any CPU
		{7D9E3A26-7511-4796-9809-3676F6F2E682}.Ad-Hoc|iPhone.Build.0 = Debug|Any CPU
		{7D9E3A26-7511-4796-9809-3676F6F2E682}.Ad-Hoc|iPhoneSimulator.ActiveCfg = Debug|Any CPU
		{7D9E3A26-7511-4796-9809-3676F6F2E682}.Ad-Hoc|iPhoneSimulator.Build.0 = Debug|Any CPU
		{7D9E3A26-7511-4796-9809-3676F6F2E682}.Ad-Hoc|x64.ActiveCfg = Debug|Any CPU
		{7D9E3A26-7511-4796-9809-3676F6F2E682}.Ad-Hoc|x64.Build.0 = Debug|Any CPU
		{7D9E3A26-7511-4796-9809-3676F6F2E682}.Ad-Hoc|x86.ActiveCfg = Debug|Any CPU
		{7D9E3A26-7511-4796-9809-3676F6F2E682}.Ad-Hoc|x86.Build.0 = Debug|Any CPU
		{7D9E3A26-7511-4796-9809-3676F6F2E682}.AppStore|Any CPU.ActiveCfg = Debug|Any CPU
		{7D9E3A26-7511-4796-9809-3676F6F2E682}.AppStore|Any CPU.Build.0 = Debug|Any CPU
		{7D9E3A26-7511-4796-9809-3676F6F2E682}.AppStore|ARM.ActiveCfg = Debug|Any CPU
		{7D9E3A26-7511-4796-9809-3676F6F2E682}.AppStore|ARM.Build.0 = Debug|Any CPU
		{7D9E3A26-7511-4796-9809-3676F6F2E682}.AppStore|ARM64.ActiveCfg = Debug|Any CPU
		{7D9E3A26-7511-4796-9809-3676F6F2E682}.AppStore|ARM64.Build.0 = Debug|Any CPU
		{7D9E3A26-7511-4796-9809-3676F6F2E682}.AppStore|iPhone.ActiveCfg = Debug|Any CPU
		{7D9E3A26-7511-4796-9809-3676F6F2E682}.AppStore|iPhone.Build.0 = Debug|Any CPU
		{7D9E3A26-7511-4796-9809-3676F6F2E682}.AppStore|iPhoneSimulator.ActiveCfg = Debug|Any CPU
		{7D9E3A26-7511-4796-9809-3676F6F2E682}.AppStore|iPhoneSimulator.Build.0 = Debug|Any CPU
		{7D9E3A26-7511-4796-9809-3676F6F2E682}.AppStore|x64.ActiveCfg = Debug|Any CPU
		{7D9E3A26-7511-4796-9809-3676F6F2E682}.AppStore|x64.Build.0 = Debug|Any CPU
		{7D9E3A26-7511-4796-9809-3676F6F2E682}.AppStore|x86.ActiveCfg = Debug|Any CPU
		{7D9E3A26-7511-4796-9809-3676F6F2E682}.AppStore|x86.Build.0 = Debug|Any CPU
		{7D9E3A26-7511-4796-9809-3676F6F2E682}.Debug|Any CPU.ActiveCfg = Debug|Any CPU
		{7D9E3A26-7511-4796-9809-3676F6F2E682}.Debug|Any CPU.Build.0 = Debug|Any CPU
		{7D9E3A26-7511-4796-9809-3676F6F2E682}.Debug|ARM.ActiveCfg = Debug|Any CPU
		{7D9E3A26-7511-4796-9809-3676F6F2E682}.Debug|ARM.Build.0 = Debug|Any CPU
		{7D9E3A26-7511-4796-9809-3676F6F2E682}.Debug|ARM64.ActiveCfg = Debug|Any CPU
		{7D9E3A26-7511-4796-9809-3676F6F2E682}.Debug|ARM64.Build.0 = Debug|Any CPU
		{7D9E3A26-7511-4796-9809-3676F6F2E682}.Debug|iPhone.ActiveCfg = Debug|Any CPU
		{7D9E3A26-7511-4796-9809-3676F6F2E682}.Debug|iPhone.Build.0 = Debug|Any CPU
		{7D9E3A26-7511-4796-9809-3676F6F2E682}.Debug|iPhoneSimulator.ActiveCfg = Debug|Any CPU
		{7D9E3A26-7511-4796-9809-3676F6F2E682}.Debug|iPhoneSimulator.Build.0 = Debug|Any CPU
		{7D9E3A26-7511-4796-9809-3676F6F2E682}.Debug|x64.ActiveCfg = Debug|Any CPU
		{7D9E3A26-7511-4796-9809-3676F6F2E682}.Debug|x64.Build.0 = Debug|Any CPU
		{7D9E3A26-7511-4796-9809-3676F6F2E682}.Debug|x86.ActiveCfg = Debug|Any CPU
		{7D9E3A26-7511-4796-9809-3676F6F2E682}.Debug|x86.Build.0 = Debug|Any CPU
		{7D9E3A26-7511-4796-9809-3676F6F2E682}.Release|Any CPU.ActiveCfg = Release|Any CPU
		{7D9E3A26-7511-4796-9809-3676F6F2E682}.Release|Any CPU.Build.0 = Release|Any CPU
		{7D9E3A26-7511-4796-9809-3676F6F2E682}.Release|ARM.ActiveCfg = Release|Any CPU
		{7D9E3A26-7511-4796-9809-3676F6F2E682}.Release|ARM.Build.0 = Release|Any CPU
		{7D9E3A26-7511-4796-9809-3676F6F2E682}.Release|ARM64.ActiveCfg = Release|Any CPU
		{7D9E3A26-7511-4796-9809-3676F6F2E682}.Release|ARM64.Build.0 = Release|Any CPU
		{7D9E3A26-7511-4796-9809-3676F6F2E682}.Release|iPhone.ActiveCfg = Release|Any CPU
		{7D9E3A26-7511-4796-9809-3676F6F2E682}.Release|iPhone.Build.0 = Release|Any CPU
		{7D9E3A26-7511-4796-9809-3676F6F2E682}.Release|iPhoneSimulator.ActiveCfg = Release|Any CPU
		{7D9E3A26-7511-4796-9809-3676F6F2E682}.Release|iPhoneSimulator.Build.0 = Release|Any CPU
		{7D9E3A26-7511-4796-9809-3676F6F2E682}.Release|x64.ActiveCfg = Release|Any CPU
		{7D9E3A26-7511-4796-9809-3676F6F2E682}.Release|x64.Build.0 = Release|Any CPU
		{7D9E3A26-7511-4796-9809-3676F6F2E682}.Release|x86.ActiveCfg = Release|Any CPU
		{7D9E3A26-7511-4796-9809-3676F6F2E682}.Release|x86.Build.0 = Release|Any CPU
	EndGlobalSection
	GlobalSection(SolutionProperties) = preSolution
		HideSolutionNode = FALSE
	EndGlobalSection
	GlobalSection(NestedProjects) = preSolution
		{10D90BD0-5D8E-4FE1-8E7F-F55A9CB91BA4} = {1C5AA06E-832F-42F4-9C59-CAF7E947330E}
		{3937A9B0-3093-4D72-8357-4283E20B24E1} = {1C5AA06E-832F-42F4-9C59-CAF7E947330E}
		{4013E7C0-0C65-4DFF-B67D-E4A871076CB4} = {1C5AA06E-832F-42F4-9C59-CAF7E947330E}
		{A3F86B77-177B-4AB7-8A57-42CAF2840558} = {1C5AA06E-832F-42F4-9C59-CAF7E947330E}
		{C3DBAFFB-DE8E-4C3E-B21B-DAE7991B4E96} = {1C5AA06E-832F-42F4-9C59-CAF7E947330E}
		{5870FEC6-8AEF-44BF-A333-62797E38514A} = {1C5AA06E-832F-42F4-9C59-CAF7E947330E}
		{66A52B1B-E17F-476F-9751-1BB7FD397924} = {1C5AA06E-832F-42F4-9C59-CAF7E947330E}
		{763839FB-0B63-4C5C-9AB3-D7BAB6741D37} = {1C5AA06E-832F-42F4-9C59-CAF7E947330E}
		{C8781950-1F44-4C57-A228-A550691481DE} = {1C5AA06E-832F-42F4-9C59-CAF7E947330E}
	EndGlobalSection
	GlobalSection(ExtensibilityGlobals) = postSolution
		SolutionGuid = {C9312C4E-98E1-426E-85D3-1EB7D0097DEB}
	EndGlobalSection
EndGlobal
