
Microsoft Visual Studio Solution File, Format Version 12.00
# Visual Studio Version 16
VisualStudioVersion = 16.0.31129.286
MinimumVisualStudioVersion = 10.0.40219.1
Project("{9A19103F-16F7-4668-BE54-9A1E7A4F7556}") = "ToastNotification", "ToastNotification\ToastNotification.csproj", "{C141119A-4AC2-4828-A979-5FADCE738550}"
EndProject
Project("{9A19103F-16F7-4668-BE54-9A1E7A4F7556}") = "ToastNotification.Wasm", "ToastNotification.Wasm\ToastNotification.Wasm.csproj", "{81A5C407-6728-4B13-AB19-87F2018CD029}"
EndProject
Project("{9A19103F-16F7-4668-BE54-9A1E7A4F7556}") = "ToastNotification.Wpf", "ToastNotification.Wpf\ToastNotification.Wpf.csproj", "{7D9E3A26-7511-4796-9809-3676F6F2E682}"
EndProject
Project("{9A19103F-16F7-4668-BE54-9A1E7A4F7556}") = "ToastNotification.Gtk", "ToastNotification.Gtk\ToastNotification.Gtk.csproj", "{AADAA7F4-4D96-4296-8B39-9FB849F52E50}"
EndProject
Project("{2150E333-8FDC-42A3-9474-1A3956D46DE8}") = "Tests", "Tests", "{51041490-04DF-4077-A50E-6888863A395A}"
EndProject
Project("{9A19103F-16F7-4668-BE54-9A1E7A4F7556}") = "ToastNotification.LogoSourceTests", "ToastNotificationTests\ToastNotification.LogoSourceTests\ToastNotification.LogoSourceTests.csproj", "{B1D65545-334B-4CDB-A305-A0BF0260EB48}"
EndProject
Project("{FAE04EC0-301F-11D3-BF4B-00C04F79EFBC}") = "ToastNotification.LogoSourceTests.UWP", "ToastNotificationTests\ToastNotification.LogoSourceTests.UWP\ToastNotification.LogoSourceTests.UWP.csproj", "{69C735DF-7690-4BB9-80A6-619965F0F0EC}"
EndProject
Project("{9A19103F-16F7-4668-BE54-9A1E7A4F7556}") = "ToastNotification.Wpf.RuntimeCompilationTests", "ToastNotificationTests\ToastNotification.Wpf.RuntimeCompilationTests\ToastNotification.Wpf.RuntimeCompilationTests.csproj", "{ACC4BFE7-A6D9-48BA-A98B-D66FFF61BBB5}"
EndProject
Global
	GlobalSection(SolutionConfigurationPlatforms) = preSolution
		Ad-Hoc|Any CPU = Ad-Hoc|Any CPU
		Ad-Hoc|ARM = Ad-Hoc|ARM
		Ad-Hoc|ARM64 = Ad-Hoc|ARM64
		Ad-Hoc|iPhone = Ad-Hoc|iPhone
		Ad-Hoc|iPhoneSimulator = Ad-Hoc|iPhoneSimulator
		Ad-Hoc|x64 = Ad-Hoc|x64
		Ad-Hoc|x86 = Ad-Hoc|x86
		AppStore|Any CPU = AppStore|Any CPU
		AppStore|ARM = AppStore|ARM
		AppStore|ARM64 = AppStore|ARM64
		AppStore|iPhone = AppStore|iPhone
		AppStore|iPhoneSimulator = AppStore|iPhoneSimulator
		AppStore|x64 = AppStore|x64
		AppStore|x86 = AppStore|x86
		Debug|Any CPU = Debug|Any CPU
		Debug|ARM = Debug|ARM
		Debug|ARM64 = Debug|ARM64
		Debug|iPhone = Debug|iPhone
		Debug|iPhoneSimulator = Debug|iPhoneSimulator
		Debug|x64 = Debug|x64
		Debug|x86 = Debug|x86
		Release|Any CPU = Release|Any CPU
		Release|ARM = Release|ARM
		Release|ARM64 = Release|ARM64
		Release|iPhone = Release|iPhone
		Release|iPhoneSimulator = Release|iPhoneSimulator
		Release|x64 = Release|x64
		Release|x86 = Release|x86
	EndGlobalSection
	GlobalSection(ProjectConfigurationPlatforms) = postSolution
		{C141119A-4AC2-4828-A979-5FADCE738550}.Ad-Hoc|Any CPU.ActiveCfg = Debug|Any CPU
		{C141119A-4AC2-4828-A979-5FADCE738550}.Ad-Hoc|Any CPU.Build.0 = Debug|Any CPU
		{C141119A-4AC2-4828-A979-5FADCE738550}.Ad-Hoc|ARM.ActiveCfg = Debug|Any CPU
		{C141119A-4AC2-4828-A979-5FADCE738550}.Ad-Hoc|ARM.Build.0 = Debug|Any CPU
		{C141119A-4AC2-4828-A979-5FADCE738550}.Ad-Hoc|ARM64.ActiveCfg = Debug|Any CPU
		{C141119A-4AC2-4828-A979-5FADCE738550}.Ad-Hoc|ARM64.Build.0 = Debug|Any CPU
		{C141119A-4AC2-4828-A979-5FADCE738550}.Ad-Hoc|iPhone.ActiveCfg = Debug|Any CPU
		{C141119A-4AC2-4828-A979-5FADCE738550}.Ad-Hoc|iPhone.Build.0 = Debug|Any CPU
		{C141119A-4AC2-4828-A979-5FADCE738550}.Ad-Hoc|iPhoneSimulator.ActiveCfg = Debug|Any CPU
		{C141119A-4AC2-4828-A979-5FADCE738550}.Ad-Hoc|iPhoneSimulator.Build.0 = Debug|Any CPU
		{C141119A-4AC2-4828-A979-5FADCE738550}.Ad-Hoc|x64.ActiveCfg = Debug|Any CPU
		{C141119A-4AC2-4828-A979-5FADCE738550}.Ad-Hoc|x64.Build.0 = Debug|Any CPU
		{C141119A-4AC2-4828-A979-5FADCE738550}.Ad-Hoc|x86.ActiveCfg = Debug|Any CPU
		{C141119A-4AC2-4828-A979-5FADCE738550}.Ad-Hoc|x86.Build.0 = Debug|Any CPU
		{C141119A-4AC2-4828-A979-5FADCE738550}.AppStore|Any CPU.ActiveCfg = Debug|Any CPU
		{C141119A-4AC2-4828-A979-5FADCE738550}.AppStore|Any CPU.Build.0 = Debug|Any CPU
		{C141119A-4AC2-4828-A979-5FADCE738550}.AppStore|ARM.ActiveCfg = Debug|Any CPU
		{C141119A-4AC2-4828-A979-5FADCE738550}.AppStore|ARM.Build.0 = Debug|Any CPU
		{C141119A-4AC2-4828-A979-5FADCE738550}.AppStore|ARM64.ActiveCfg = Debug|Any CPU
		{C141119A-4AC2-4828-A979-5FADCE738550}.AppStore|ARM64.Build.0 = Debug|Any CPU
		{C141119A-4AC2-4828-A979-5FADCE738550}.AppStore|iPhone.ActiveCfg = Debug|Any CPU
		{C141119A-4AC2-4828-A979-5FADCE738550}.AppStore|iPhone.Build.0 = Debug|Any CPU
		{C141119A-4AC2-4828-A979-5FADCE738550}.AppStore|iPhoneSimulator.ActiveCfg = Debug|Any CPU
		{C141119A-4AC2-4828-A979-5FADCE738550}.AppStore|iPhoneSimulator.Build.0 = Debug|Any CPU
		{C141119A-4AC2-4828-A979-5FADCE738550}.AppStore|x64.ActiveCfg = Debug|Any CPU
		{C141119A-4AC2-4828-A979-5FADCE738550}.AppStore|x64.Build.0 = Debug|Any CPU
		{C141119A-4AC2-4828-A979-5FADCE738550}.AppStore|x86.ActiveCfg = Debug|Any CPU
		{C141119A-4AC2-4828-A979-5FADCE738550}.AppStore|x86.Build.0 = Debug|Any CPU
		{C141119A-4AC2-4828-A979-5FADCE738550}.Debug|Any CPU.ActiveCfg = Debug|Any CPU
		{C141119A-4AC2-4828-A979-5FADCE738550}.Debug|Any CPU.Build.0 = Debug|Any CPU
		{C141119A-4AC2-4828-A979-5FADCE738550}.Debug|ARM.ActiveCfg = Debug|Any CPU
		{C141119A-4AC2-4828-A979-5FADCE738550}.Debug|ARM.Build.0 = Debug|Any CPU
		{C141119A-4AC2-4828-A979-5FADCE738550}.Debug|ARM64.ActiveCfg = Debug|Any CPU
		{C141119A-4AC2-4828-A979-5FADCE738550}.Debug|ARM64.Build.0 = Debug|Any CPU
		{C141119A-4AC2-4828-A979-5FADCE738550}.Debug|iPhone.ActiveCfg = Debug|Any CPU
		{C141119A-4AC2-4828-A979-5FADCE738550}.Debug|iPhone.Build.0 = Debug|Any CPU
		{C141119A-4AC2-4828-A979-5FADCE738550}.Debug|iPhoneSimulator.ActiveCfg = Debug|Any CPU
		{C141119A-4AC2-4828-A979-5FADCE738550}.Debug|iPhoneSimulator.Build.0 = Debug|Any CPU
		{C141119A-4AC2-4828-A979-5FADCE738550}.Debug|x64.ActiveCfg = Debug|Any CPU
		{C141119A-4AC2-4828-A979-5FADCE738550}.Debug|x64.Build.0 = Debug|Any CPU
		{C141119A-4AC2-4828-A979-5FADCE738550}.Debug|x86.ActiveCfg = Debug|Any CPU
		{C141119A-4AC2-4828-A979-5FADCE738550}.Debug|x86.Build.0 = Debug|Any CPU
		{C141119A-4AC2-4828-A979-5FADCE738550}.Release|Any CPU.ActiveCfg = Release|Any CPU
		{C141119A-4AC2-4828-A979-5FADCE738550}.Release|Any CPU.Build.0 = Release|Any CPU
		{C141119A-4AC2-4828-A979-5FADCE738550}.Release|ARM.ActiveCfg = Release|Any CPU
		{C141119A-4AC2-4828-A979-5FADCE738550}.Release|ARM.Build.0 = Release|Any CPU
		{C141119A-4AC2-4828-A979-5FADCE738550}.Release|ARM64.ActiveCfg = Release|Any CPU
		{C141119A-4AC2-4828-A979-5FADCE738550}.Release|ARM64.Build.0 = Release|Any CPU
		{C141119A-4AC2-4828-A979-5FADCE738550}.Release|iPhone.ActiveCfg = Release|Any CPU
		{C141119A-4AC2-4828-A979-5FADCE738550}.Release|iPhone.Build.0 = Release|Any CPU
		{C141119A-4AC2-4828-A979-5FADCE738550}.Release|iPhoneSimulator.ActiveCfg = Release|Any CPU
		{C141119A-4AC2-4828-A979-5FADCE738550}.Release|iPhoneSimulator.Build.0 = Release|Any CPU
		{C141119A-4AC2-4828-A979-5FADCE738550}.Release|x64.ActiveCfg = Release|Any CPU
		{C141119A-4AC2-4828-A979-5FADCE738550}.Release|x64.Build.0 = Release|Any CPU
		{C141119A-4AC2-4828-A979-5FADCE738550}.Release|x86.ActiveCfg = Release|Any CPU
		{C141119A-4AC2-4828-A979-5FADCE738550}.Release|x86.Build.0 = Release|Any CPU
		{81A5C407-6728-4B13-AB19-87F2018CD029}.Ad-Hoc|Any CPU.ActiveCfg = Debug|Any CPU
		{81A5C407-6728-4B13-AB19-87F2018CD029}.Ad-Hoc|Any CPU.Build.0 = Debug|Any CPU
		{81A5C407-6728-4B13-AB19-87F2018CD029}.Ad-Hoc|ARM.ActiveCfg = Debug|Any CPU
		{81A5C407-6728-4B13-AB19-87F2018CD029}.Ad-Hoc|ARM.Build.0 = Debug|Any CPU
		{81A5C407-6728-4B13-AB19-87F2018CD029}.Ad-Hoc|ARM64.ActiveCfg = Debug|Any CPU
		{81A5C407-6728-4B13-AB19-87F2018CD029}.Ad-Hoc|ARM64.Build.0 = Debug|Any CPU
		{81A5C407-6728-4B13-AB19-87F2018CD029}.Ad-Hoc|iPhone.ActiveCfg = Debug|Any CPU
		{81A5C407-6728-4B13-AB19-87F2018CD029}.Ad-Hoc|iPhone.Build.0 = Debug|Any CPU
		{81A5C407-6728-4B13-AB19-87F2018CD029}.Ad-Hoc|iPhoneSimulator.ActiveCfg = Debug|Any CPU
		{81A5C407-6728-4B13-AB19-87F2018CD029}.Ad-Hoc|iPhoneSimulator.Build.0 = Debug|Any CPU
		{81A5C407-6728-4B13-AB19-87F2018CD029}.Ad-Hoc|x64.ActiveCfg = Debug|Any CPU
		{81A5C407-6728-4B13-AB19-87F2018CD029}.Ad-Hoc|x64.Build.0 = Debug|Any CPU
		{81A5C407-6728-4B13-AB19-87F2018CD029}.Ad-Hoc|x86.ActiveCfg = Debug|Any CPU
		{81A5C407-6728-4B13-AB19-87F2018CD029}.Ad-Hoc|x86.Build.0 = Debug|Any CPU
		{81A5C407-6728-4B13-AB19-87F2018CD029}.AppStore|Any CPU.ActiveCfg = Debug|Any CPU
		{81A5C407-6728-4B13-AB19-87F2018CD029}.AppStore|Any CPU.Build.0 = Debug|Any CPU
		{81A5C407-6728-4B13-AB19-87F2018CD029}.AppStore|ARM.ActiveCfg = Debug|Any CPU
		{81A5C407-6728-4B13-AB19-87F2018CD029}.AppStore|ARM.Build.0 = Debug|Any CPU
		{81A5C407-6728-4B13-AB19-87F2018CD029}.AppStore|ARM64.ActiveCfg = Debug|Any CPU
		{81A5C407-6728-4B13-AB19-87F2018CD029}.AppStore|ARM64.Build.0 = Debug|Any CPU
		{81A5C407-6728-4B13-AB19-87F2018CD029}.AppStore|iPhone.ActiveCfg = Debug|Any CPU
		{81A5C407-6728-4B13-AB19-87F2018CD029}.AppStore|iPhone.Build.0 = Debug|Any CPU
		{81A5C407-6728-4B13-AB19-87F2018CD029}.AppStore|iPhoneSimulator.ActiveCfg = Debug|Any CPU
		{81A5C407-6728-4B13-AB19-87F2018CD029}.AppStore|iPhoneSimulator.Build.0 = Debug|Any CPU
		{81A5C407-6728-4B13-AB19-87F2018CD029}.AppStore|x64.ActiveCfg = Debug|Any CPU
		{81A5C407-6728-4B13-AB19-87F2018CD029}.AppStore|x64.Build.0 = Debug|Any CPU
		{81A5C407-6728-4B13-AB19-87F2018CD029}.AppStore|x86.ActiveCfg = Debug|Any CPU
		{81A5C407-6728-4B13-AB19-87F2018CD029}.AppStore|x86.Build.0 = Debug|Any CPU
		{81A5C407-6728-4B13-AB19-87F2018CD029}.Debug|Any CPU.ActiveCfg = Debug|Any CPU
		{81A5C407-6728-4B13-AB19-87F2018CD029}.Debug|Any CPU.Build.0 = Debug|Any CPU
		{81A5C407-6728-4B13-AB19-87F2018CD029}.Debug|ARM.ActiveCfg = Debug|Any CPU
		{81A5C407-6728-4B13-AB19-87F2018CD029}.Debug|ARM.Build.0 = Debug|Any CPU
		{81A5C407-6728-4B13-AB19-87F2018CD029}.Debug|ARM64.ActiveCfg = Debug|Any CPU
		{81A5C407-6728-4B13-AB19-87F2018CD029}.Debug|ARM64.Build.0 = Debug|Any CPU
		{81A5C407-6728-4B13-AB19-87F2018CD029}.Debug|iPhone.ActiveCfg = Debug|Any CPU
		{81A5C407-6728-4B13-AB19-87F2018CD029}.Debug|iPhone.Build.0 = Debug|Any CPU
		{81A5C407-6728-4B13-AB19-87F2018CD029}.Debug|iPhoneSimulator.ActiveCfg = Debug|Any CPU
		{81A5C407-6728-4B13-AB19-87F2018CD029}.Debug|iPhoneSimulator.Build.0 = Debug|Any CPU
		{81A5C407-6728-4B13-AB19-87F2018CD029}.Debug|x64.ActiveCfg = Debug|Any CPU
		{81A5C407-6728-4B13-AB19-87F2018CD029}.Debug|x64.Build.0 = Debug|Any CPU
		{81A5C407-6728-4B13-AB19-87F2018CD029}.Debug|x86.ActiveCfg = Debug|Any CPU
		{81A5C407-6728-4B13-AB19-87F2018CD029}.Debug|x86.Build.0 = Debug|Any CPU
		{81A5C407-6728-4B13-AB19-87F2018CD029}.Release|Any CPU.ActiveCfg = Release|Any CPU
		{81A5C407-6728-4B13-AB19-87F2018CD029}.Release|Any CPU.Build.0 = Release|Any CPU
		{81A5C407-6728-4B13-AB19-87F2018CD029}.Release|ARM.ActiveCfg = Release|Any CPU
		{81A5C407-6728-4B13-AB19-87F2018CD029}.Release|ARM.Build.0 = Release|Any CPU
		{81A5C407-6728-4B13-AB19-87F2018CD029}.Release|ARM64.ActiveCfg = Release|Any CPU
		{81A5C407-6728-4B13-AB19-87F2018CD029}.Release|ARM64.Build.0 = Release|Any CPU
		{81A5C407-6728-4B13-AB19-87F2018CD029}.Release|iPhone.ActiveCfg = Release|Any CPU
		{81A5C407-6728-4B13-AB19-87F2018CD029}.Release|iPhone.Build.0 = Release|Any CPU
		{81A5C407-6728-4B13-AB19-87F2018CD029}.Release|iPhoneSimulator.ActiveCfg = Release|Any CPU
		{81A5C407-6728-4B13-AB19-87F2018CD029}.Release|iPhoneSimulator.Build.0 = Release|Any CPU
		{81A5C407-6728-4B13-AB19-87F2018CD029}.Release|x64.ActiveCfg = Release|Any CPU
		{81A5C407-6728-4B13-AB19-87F2018CD029}.Release|x64.Build.0 = Release|Any CPU
		{81A5C407-6728-4B13-AB19-87F2018CD029}.Release|x86.ActiveCfg = Release|Any CPU
		{81A5C407-6728-4B13-AB19-87F2018CD029}.Release|x86.Build.0 = Release|Any CPU
		{7D9E3A26-7511-4796-9809-3676F6F2E682}.Ad-Hoc|Any CPU.ActiveCfg = Debug|Any CPU
		{7D9E3A26-7511-4796-9809-3676F6F2E682}.Ad-Hoc|Any CPU.Build.0 = Debug|Any CPU
		{7D9E3A26-7511-4796-9809-3676F6F2E682}.Ad-Hoc|ARM.ActiveCfg = Debug|Any CPU
		{7D9E3A26-7511-4796-9809-3676F6F2E682}.Ad-Hoc|ARM.Build.0 = Debug|Any CPU
		{7D9E3A26-7511-4796-9809-3676F6F2E682}.Ad-Hoc|ARM64.ActiveCfg = Debug|Any CPU
		{7D9E3A26-7511-4796-9809-3676F6F2E682}.Ad-Hoc|ARM64.Build.0 = Debug|Any CPU
		{7D9E3A26-7511-4796-9809-3676F6F2E682}.Ad-Hoc|iPhone.ActiveCfg = Debug|Any CPU
		{7D9E3A26-7511-4796-9809-3676F6F2E682}.Ad-Hoc|iPhone.Build.0 = Debug|Any CPU
		{7D9E3A26-7511-4796-9809-3676F6F2E682}.Ad-Hoc|iPhoneSimulator.ActiveCfg = Debug|Any CPU
		{7D9E3A26-7511-4796-9809-3676F6F2E682}.Ad-Hoc|iPhoneSimulator.Build.0 = Debug|Any CPU
		{7D9E3A26-7511-4796-9809-3676F6F2E682}.Ad-Hoc|x64.ActiveCfg = Debug|Any CPU
		{7D9E3A26-7511-4796-9809-3676F6F2E682}.Ad-Hoc|x64.Build.0 = Debug|Any CPU
		{7D9E3A26-7511-4796-9809-3676F6F2E682}.Ad-Hoc|x86.ActiveCfg = Debug|Any CPU
		{7D9E3A26-7511-4796-9809-3676F6F2E682}.Ad-Hoc|x86.Build.0 = Debug|Any CPU
		{7D9E3A26-7511-4796-9809-3676F6F2E682}.AppStore|Any CPU.ActiveCfg = Debug|Any CPU
		{7D9E3A26-7511-4796-9809-3676F6F2E682}.AppStore|Any CPU.Build.0 = Debug|Any CPU
		{7D9E3A26-7511-4796-9809-3676F6F2E682}.AppStore|ARM.ActiveCfg = Debug|Any CPU
		{7D9E3A26-7511-4796-9809-3676F6F2E682}.AppStore|ARM.Build.0 = Debug|Any CPU
		{7D9E3A26-7511-4796-9809-3676F6F2E682}.AppStore|ARM64.ActiveCfg = Debug|Any CPU
		{7D9E3A26-7511-4796-9809-3676F6F2E682}.AppStore|ARM64.Build.0 = Debug|Any CPU
		{7D9E3A26-7511-4796-9809-3676F6F2E682}.AppStore|iPhone.ActiveCfg = Debug|Any CPU
		{7D9E3A26-7511-4796-9809-3676F6F2E682}.AppStore|iPhone.Build.0 = Debug|Any CPU
		{7D9E3A26-7511-4796-9809-3676F6F2E682}.AppStore|iPhoneSimulator.ActiveCfg = Debug|Any CPU
		{7D9E3A26-7511-4796-9809-3676F6F2E682}.AppStore|iPhoneSimulator.Build.0 = Debug|Any CPU
		{7D9E3A26-7511-4796-9809-3676F6F2E682}.AppStore|x64.ActiveCfg = Debug|Any CPU
		{7D9E3A26-7511-4796-9809-3676F6F2E682}.AppStore|x64.Build.0 = Debug|Any CPU
		{7D9E3A26-7511-4796-9809-3676F6F2E682}.AppStore|x86.ActiveCfg = Debug|Any CPU
		{7D9E3A26-7511-4796-9809-3676F6F2E682}.AppStore|x86.Build.0 = Debug|Any CPU
		{7D9E3A26-7511-4796-9809-3676F6F2E682}.Debug|Any CPU.ActiveCfg = Debug|Any CPU
		{7D9E3A26-7511-4796-9809-3676F6F2E682}.Debug|Any CPU.Build.0 = Debug|Any CPU
		{7D9E3A26-7511-4796-9809-3676F6F2E682}.Debug|ARM.ActiveCfg = Debug|Any CPU
		{7D9E3A26-7511-4796-9809-3676F6F2E682}.Debug|ARM.Build.0 = Debug|Any CPU
		{7D9E3A26-7511-4796-9809-3676F6F2E682}.Debug|ARM64.ActiveCfg = Debug|Any CPU
		{7D9E3A26-7511-4796-9809-3676F6F2E682}.Debug|ARM64.Build.0 = Debug|Any CPU
		{7D9E3A26-7511-4796-9809-3676F6F2E682}.Debug|iPhone.ActiveCfg = Debug|Any CPU
		{7D9E3A26-7511-4796-9809-3676F6F2E682}.Debug|iPhone.Build.0 = Debug|Any CPU
		{7D9E3A26-7511-4796-9809-3676F6F2E682}.Debug|iPhoneSimulator.ActiveCfg = Debug|Any CPU
		{7D9E3A26-7511-4796-9809-3676F6F2E682}.Debug|iPhoneSimulator.Build.0 = Debug|Any CPU
		{7D9E3A26-7511-4796-9809-3676F6F2E682}.Debug|x64.ActiveCfg = Debug|Any CPU
		{7D9E3A26-7511-4796-9809-3676F6F2E682}.Debug|x64.Build.0 = Debug|Any CPU
		{7D9E3A26-7511-4796-9809-3676F6F2E682}.Debug|x86.ActiveCfg = Debug|Any CPU
		{7D9E3A26-7511-4796-9809-3676F6F2E682}.Debug|x86.Build.0 = Debug|Any CPU
		{7D9E3A26-7511-4796-9809-3676F6F2E682}.Release|Any CPU.ActiveCfg = Release|Any CPU
		{7D9E3A26-7511-4796-9809-3676F6F2E682}.Release|Any CPU.Build.0 = Release|Any CPU
		{7D9E3A26-7511-4796-9809-3676F6F2E682}.Release|ARM.ActiveCfg = Release|Any CPU
		{7D9E3A26-7511-4796-9809-3676F6F2E682}.Release|ARM.Build.0 = Release|Any CPU
		{7D9E3A26-7511-4796-9809-3676F6F2E682}.Release|ARM64.ActiveCfg = Release|Any CPU
		{7D9E3A26-7511-4796-9809-3676F6F2E682}.Release|ARM64.Build.0 = Release|Any CPU
		{7D9E3A26-7511-4796-9809-3676F6F2E682}.Release|iPhone.ActiveCfg = Release|Any CPU
		{7D9E3A26-7511-4796-9809-3676F6F2E682}.Release|iPhone.Build.0 = Release|Any CPU
		{7D9E3A26-7511-4796-9809-3676F6F2E682}.Release|iPhoneSimulator.ActiveCfg = Release|Any CPU
		{7D9E3A26-7511-4796-9809-3676F6F2E682}.Release|iPhoneSimulator.Build.0 = Release|Any CPU
		{7D9E3A26-7511-4796-9809-3676F6F2E682}.Release|x64.ActiveCfg = Release|Any CPU
		{7D9E3A26-7511-4796-9809-3676F6F2E682}.Release|x64.Build.0 = Release|Any CPU
		{7D9E3A26-7511-4796-9809-3676F6F2E682}.Release|x86.ActiveCfg = Release|Any CPU
		{7D9E3A26-7511-4796-9809-3676F6F2E682}.Release|x86.Build.0 = Release|Any CPU
		{AADAA7F4-4D96-4296-8B39-9FB849F52E50}.Ad-Hoc|Any CPU.ActiveCfg = Debug|Any CPU
		{AADAA7F4-4D96-4296-8B39-9FB849F52E50}.Ad-Hoc|Any CPU.Build.0 = Debug|Any CPU
		{AADAA7F4-4D96-4296-8B39-9FB849F52E50}.Ad-Hoc|ARM.ActiveCfg = Debug|Any CPU
		{AADAA7F4-4D96-4296-8B39-9FB849F52E50}.Ad-Hoc|ARM.Build.0 = Debug|Any CPU
		{AADAA7F4-4D96-4296-8B39-9FB849F52E50}.Ad-Hoc|ARM64.ActiveCfg = Debug|Any CPU
		{AADAA7F4-4D96-4296-8B39-9FB849F52E50}.Ad-Hoc|ARM64.Build.0 = Debug|Any CPU
		{AADAA7F4-4D96-4296-8B39-9FB849F52E50}.Ad-Hoc|iPhone.ActiveCfg = Debug|Any CPU
		{AADAA7F4-4D96-4296-8B39-9FB849F52E50}.Ad-Hoc|iPhone.Build.0 = Debug|Any CPU
		{AADAA7F4-4D96-4296-8B39-9FB849F52E50}.Ad-Hoc|iPhoneSimulator.ActiveCfg = Debug|Any CPU
		{AADAA7F4-4D96-4296-8B39-9FB849F52E50}.Ad-Hoc|iPhoneSimulator.Build.0 = Debug|Any CPU
		{AADAA7F4-4D96-4296-8B39-9FB849F52E50}.Ad-Hoc|x64.ActiveCfg = Debug|Any CPU
		{AADAA7F4-4D96-4296-8B39-9FB849F52E50}.Ad-Hoc|x64.Build.0 = Debug|Any CPU
		{AADAA7F4-4D96-4296-8B39-9FB849F52E50}.Ad-Hoc|x86.ActiveCfg = Debug|Any CPU
		{AADAA7F4-4D96-4296-8B39-9FB849F52E50}.Ad-Hoc|x86.Build.0 = Debug|Any CPU
		{AADAA7F4-4D96-4296-8B39-9FB849F52E50}.AppStore|Any CPU.ActiveCfg = Debug|Any CPU
		{AADAA7F4-4D96-4296-8B39-9FB849F52E50}.AppStore|Any CPU.Build.0 = Debug|Any CPU
		{AADAA7F4-4D96-4296-8B39-9FB849F52E50}.AppStore|ARM.ActiveCfg = Debug|Any CPU
		{AADAA7F4-4D96-4296-8B39-9FB849F52E50}.AppStore|ARM.Build.0 = Debug|Any CPU
		{AADAA7F4-4D96-4296-8B39-9FB849F52E50}.AppStore|ARM64.ActiveCfg = Debug|Any CPU
		{AADAA7F4-4D96-4296-8B39-9FB849F52E50}.AppStore|ARM64.Build.0 = Debug|Any CPU
		{AADAA7F4-4D96-4296-8B39-9FB849F52E50}.AppStore|iPhone.ActiveCfg = Debug|Any CPU
		{AADAA7F4-4D96-4296-8B39-9FB849F52E50}.AppStore|iPhone.Build.0 = Debug|Any CPU
		{AADAA7F4-4D96-4296-8B39-9FB849F52E50}.AppStore|iPhoneSimulator.ActiveCfg = Debug|Any CPU
		{AADAA7F4-4D96-4296-8B39-9FB849F52E50}.AppStore|iPhoneSimulator.Build.0 = Debug|Any CPU
		{AADAA7F4-4D96-4296-8B39-9FB849F52E50}.AppStore|x64.ActiveCfg = Debug|Any CPU
		{AADAA7F4-4D96-4296-8B39-9FB849F52E50}.AppStore|x64.Build.0 = Debug|Any CPU
		{AADAA7F4-4D96-4296-8B39-9FB849F52E50}.AppStore|x86.ActiveCfg = Debug|Any CPU
		{AADAA7F4-4D96-4296-8B39-9FB849F52E50}.AppStore|x86.Build.0 = Debug|Any CPU
		{AADAA7F4-4D96-4296-8B39-9FB849F52E50}.Debug|Any CPU.ActiveCfg = Debug|Any CPU
		{AADAA7F4-4D96-4296-8B39-9FB849F52E50}.Debug|Any CPU.Build.0 = Debug|Any CPU
		{AADAA7F4-4D96-4296-8B39-9FB849F52E50}.Debug|ARM.ActiveCfg = Debug|Any CPU
		{AADAA7F4-4D96-4296-8B39-9FB849F52E50}.Debug|ARM.Build.0 = Debug|Any CPU
		{AADAA7F4-4D96-4296-8B39-9FB849F52E50}.Debug|ARM64.ActiveCfg = Debug|Any CPU
		{AADAA7F4-4D96-4296-8B39-9FB849F52E50}.Debug|ARM64.Build.0 = Debug|Any CPU
		{AADAA7F4-4D96-4296-8B39-9FB849F52E50}.Debug|iPhone.ActiveCfg = Debug|Any CPU
		{AADAA7F4-4D96-4296-8B39-9FB849F52E50}.Debug|iPhone.Build.0 = Debug|Any CPU
		{AADAA7F4-4D96-4296-8B39-9FB849F52E50}.Debug|iPhoneSimulator.ActiveCfg = Debug|Any CPU
		{AADAA7F4-4D96-4296-8B39-9FB849F52E50}.Debug|iPhoneSimulator.Build.0 = Debug|Any CPU
		{AADAA7F4-4D96-4296-8B39-9FB849F52E50}.Debug|x64.ActiveCfg = Debug|Any CPU
		{AADAA7F4-4D96-4296-8B39-9FB849F52E50}.Debug|x64.Build.0 = Debug|Any CPU
		{AADAA7F4-4D96-4296-8B39-9FB849F52E50}.Debug|x86.ActiveCfg = Debug|Any CPU
		{AADAA7F4-4D96-4296-8B39-9FB849F52E50}.Debug|x86.Build.0 = Debug|Any CPU
		{AADAA7F4-4D96-4296-8B39-9FB849F52E50}.Release|Any CPU.ActiveCfg = Release|Any CPU
		{AADAA7F4-4D96-4296-8B39-9FB849F52E50}.Release|Any CPU.Build.0 = Release|Any CPU
		{AADAA7F4-4D96-4296-8B39-9FB849F52E50}.Release|ARM.ActiveCfg = Release|Any CPU
		{AADAA7F4-4D96-4296-8B39-9FB849F52E50}.Release|ARM.Build.0 = Release|Any CPU
		{AADAA7F4-4D96-4296-8B39-9FB849F52E50}.Release|ARM64.ActiveCfg = Release|Any CPU
		{AADAA7F4-4D96-4296-8B39-9FB849F52E50}.Release|ARM64.Build.0 = Release|Any CPU
		{AADAA7F4-4D96-4296-8B39-9FB849F52E50}.Release|iPhone.ActiveCfg = Release|Any CPU
		{AADAA7F4-4D96-4296-8B39-9FB849F52E50}.Release|iPhone.Build.0 = Release|Any CPU
		{AADAA7F4-4D96-4296-8B39-9FB849F52E50}.Release|iPhoneSimulator.ActiveCfg = Release|Any CPU
		{AADAA7F4-4D96-4296-8B39-9FB849F52E50}.Release|iPhoneSimulator.Build.0 = Release|Any CPU
		{AADAA7F4-4D96-4296-8B39-9FB849F52E50}.Release|x64.ActiveCfg = Release|Any CPU
		{AADAA7F4-4D96-4296-8B39-9FB849F52E50}.Release|x64.Build.0 = Release|Any CPU
		{AADAA7F4-4D96-4296-8B39-9FB849F52E50}.Release|x86.ActiveCfg = Release|Any CPU
		{AADAA7F4-4D96-4296-8B39-9FB849F52E50}.Release|x86.Build.0 = Release|Any CPU
		{B1D65545-334B-4CDB-A305-A0BF0260EB48}.Ad-Hoc|Any CPU.ActiveCfg = Debug|Any CPU
		{B1D65545-334B-4CDB-A305-A0BF0260EB48}.Ad-Hoc|Any CPU.Build.0 = Debug|Any CPU
		{B1D65545-334B-4CDB-A305-A0BF0260EB48}.Ad-Hoc|ARM.ActiveCfg = Debug|Any CPU
		{B1D65545-334B-4CDB-A305-A0BF0260EB48}.Ad-Hoc|ARM.Build.0 = Debug|Any CPU
		{B1D65545-334B-4CDB-A305-A0BF0260EB48}.Ad-Hoc|ARM64.ActiveCfg = Debug|Any CPU
		{B1D65545-334B-4CDB-A305-A0BF0260EB48}.Ad-Hoc|ARM64.Build.0 = Debug|Any CPU
		{B1D65545-334B-4CDB-A305-A0BF0260EB48}.Ad-Hoc|iPhone.ActiveCfg = Debug|Any CPU
		{B1D65545-334B-4CDB-A305-A0BF0260EB48}.Ad-Hoc|iPhone.Build.0 = Debug|Any CPU
		{B1D65545-334B-4CDB-A305-A0BF0260EB48}.Ad-Hoc|iPhoneSimulator.ActiveCfg = Debug|Any CPU
		{B1D65545-334B-4CDB-A305-A0BF0260EB48}.Ad-Hoc|iPhoneSimulator.Build.0 = Debug|Any CPU
		{B1D65545-334B-4CDB-A305-A0BF0260EB48}.Ad-Hoc|x64.ActiveCfg = Debug|Any CPU
		{B1D65545-334B-4CDB-A305-A0BF0260EB48}.Ad-Hoc|x64.Build.0 = Debug|Any CPU
		{B1D65545-334B-4CDB-A305-A0BF0260EB48}.Ad-Hoc|x86.ActiveCfg = Debug|Any CPU
		{B1D65545-334B-4CDB-A305-A0BF0260EB48}.Ad-Hoc|x86.Build.0 = Debug|Any CPU
		{B1D65545-334B-4CDB-A305-A0BF0260EB48}.AppStore|Any CPU.ActiveCfg = Debug|Any CPU
		{B1D65545-334B-4CDB-A305-A0BF0260EB48}.AppStore|Any CPU.Build.0 = Debug|Any CPU
		{B1D65545-334B-4CDB-A305-A0BF0260EB48}.AppStore|ARM.ActiveCfg = Debug|Any CPU
		{B1D65545-334B-4CDB-A305-A0BF0260EB48}.AppStore|ARM.Build.0 = Debug|Any CPU
		{B1D65545-334B-4CDB-A305-A0BF0260EB48}.AppStore|ARM64.ActiveCfg = Debug|Any CPU
		{B1D65545-334B-4CDB-A305-A0BF0260EB48}.AppStore|ARM64.Build.0 = Debug|Any CPU
		{B1D65545-334B-4CDB-A305-A0BF0260EB48}.AppStore|iPhone.ActiveCfg = Debug|Any CPU
		{B1D65545-334B-4CDB-A305-A0BF0260EB48}.AppStore|iPhone.Build.0 = Debug|Any CPU
		{B1D65545-334B-4CDB-A305-A0BF0260EB48}.AppStore|iPhoneSimulator.ActiveCfg = Debug|Any CPU
		{B1D65545-334B-4CDB-A305-A0BF0260EB48}.AppStore|iPhoneSimulator.Build.0 = Debug|Any CPU
		{B1D65545-334B-4CDB-A305-A0BF0260EB48}.AppStore|x64.ActiveCfg = Debug|Any CPU
		{B1D65545-334B-4CDB-A305-A0BF0260EB48}.AppStore|x64.Build.0 = Debug|Any CPU
		{B1D65545-334B-4CDB-A305-A0BF0260EB48}.AppStore|x86.ActiveCfg = Debug|Any CPU
		{B1D65545-334B-4CDB-A305-A0BF0260EB48}.AppStore|x86.Build.0 = Debug|Any CPU
		{B1D65545-334B-4CDB-A305-A0BF0260EB48}.Debug|Any CPU.ActiveCfg = Debug|Any CPU
		{B1D65545-334B-4CDB-A305-A0BF0260EB48}.Debug|Any CPU.Build.0 = Debug|Any CPU
		{B1D65545-334B-4CDB-A305-A0BF0260EB48}.Debug|ARM.ActiveCfg = Debug|Any CPU
		{B1D65545-334B-4CDB-A305-A0BF0260EB48}.Debug|ARM.Build.0 = Debug|Any CPU
		{B1D65545-334B-4CDB-A305-A0BF0260EB48}.Debug|ARM64.ActiveCfg = Debug|Any CPU
		{B1D65545-334B-4CDB-A305-A0BF0260EB48}.Debug|ARM64.Build.0 = Debug|Any CPU
		{B1D65545-334B-4CDB-A305-A0BF0260EB48}.Debug|iPhone.ActiveCfg = Debug|Any CPU
		{B1D65545-334B-4CDB-A305-A0BF0260EB48}.Debug|iPhone.Build.0 = Debug|Any CPU
		{B1D65545-334B-4CDB-A305-A0BF0260EB48}.Debug|iPhoneSimulator.ActiveCfg = Debug|Any CPU
		{B1D65545-334B-4CDB-A305-A0BF0260EB48}.Debug|iPhoneSimulator.Build.0 = Debug|Any CPU
		{B1D65545-334B-4CDB-A305-A0BF0260EB48}.Debug|x64.ActiveCfg = Debug|Any CPU
		{B1D65545-334B-4CDB-A305-A0BF0260EB48}.Debug|x64.Build.0 = Debug|Any CPU
		{B1D65545-334B-4CDB-A305-A0BF0260EB48}.Debug|x86.ActiveCfg = Debug|Any CPU
		{B1D65545-334B-4CDB-A305-A0BF0260EB48}.Debug|x86.Build.0 = Debug|Any CPU
		{B1D65545-334B-4CDB-A305-A0BF0260EB48}.Release|Any CPU.ActiveCfg = Release|Any CPU
		{B1D65545-334B-4CDB-A305-A0BF0260EB48}.Release|Any CPU.Build.0 = Release|Any CPU
		{B1D65545-334B-4CDB-A305-A0BF0260EB48}.Release|ARM.ActiveCfg = Release|Any CPU
		{B1D65545-334B-4CDB-A305-A0BF0260EB48}.Release|ARM.Build.0 = Release|Any CPU
		{B1D65545-334B-4CDB-A305-A0BF0260EB48}.Release|ARM64.ActiveCfg = Release|Any CPU
		{B1D65545-334B-4CDB-A305-A0BF0260EB48}.Release|ARM64.Build.0 = Release|Any CPU
		{B1D65545-334B-4CDB-A305-A0BF0260EB48}.Release|iPhone.ActiveCfg = Release|Any CPU
		{B1D65545-334B-4CDB-A305-A0BF0260EB48}.Release|iPhone.Build.0 = Release|Any CPU
		{B1D65545-334B-4CDB-A305-A0BF0260EB48}.Release|iPhoneSimulator.ActiveCfg = Release|Any CPU
		{B1D65545-334B-4CDB-A305-A0BF0260EB48}.Release|iPhoneSimulator.Build.0 = Release|Any CPU
		{B1D65545-334B-4CDB-A305-A0BF0260EB48}.Release|x64.ActiveCfg = Release|Any CPU
		{B1D65545-334B-4CDB-A305-A0BF0260EB48}.Release|x64.Build.0 = Release|Any CPU
		{B1D65545-334B-4CDB-A305-A0BF0260EB48}.Release|x86.ActiveCfg = Release|Any CPU
		{B1D65545-334B-4CDB-A305-A0BF0260EB48}.Release|x86.Build.0 = Release|Any CPU
		{69C735DF-7690-4BB9-80A6-619965F0F0EC}.Ad-Hoc|Any CPU.ActiveCfg = Debug|x86
		{69C735DF-7690-4BB9-80A6-619965F0F0EC}.Ad-Hoc|Any CPU.Build.0 = Debug|x86
		{69C735DF-7690-4BB9-80A6-619965F0F0EC}.Ad-Hoc|Any CPU.Deploy.0 = Debug|x86
		{69C735DF-7690-4BB9-80A6-619965F0F0EC}.Ad-Hoc|ARM.ActiveCfg = Debug|ARM
		{69C735DF-7690-4BB9-80A6-619965F0F0EC}.Ad-Hoc|ARM.Build.0 = Debug|ARM
		{69C735DF-7690-4BB9-80A6-619965F0F0EC}.Ad-Hoc|ARM.Deploy.0 = Debug|ARM
		{69C735DF-7690-4BB9-80A6-619965F0F0EC}.Ad-Hoc|ARM64.ActiveCfg = Debug|ARM64
		{69C735DF-7690-4BB9-80A6-619965F0F0EC}.Ad-Hoc|ARM64.Build.0 = Debug|ARM64
		{69C735DF-7690-4BB9-80A6-619965F0F0EC}.Ad-Hoc|ARM64.Deploy.0 = Debug|ARM64
		{69C735DF-7690-4BB9-80A6-619965F0F0EC}.Ad-Hoc|iPhone.ActiveCfg = Debug|x86
		{69C735DF-7690-4BB9-80A6-619965F0F0EC}.Ad-Hoc|iPhone.Build.0 = Debug|x86
		{69C735DF-7690-4BB9-80A6-619965F0F0EC}.Ad-Hoc|iPhone.Deploy.0 = Debug|x86
		{69C735DF-7690-4BB9-80A6-619965F0F0EC}.Ad-Hoc|iPhoneSimulator.ActiveCfg = Debug|x86
		{69C735DF-7690-4BB9-80A6-619965F0F0EC}.Ad-Hoc|iPhoneSimulator.Build.0 = Debug|x86
		{69C735DF-7690-4BB9-80A6-619965F0F0EC}.Ad-Hoc|iPhoneSimulator.Deploy.0 = Debug|x86
		{69C735DF-7690-4BB9-80A6-619965F0F0EC}.Ad-Hoc|x64.ActiveCfg = Debug|x64
		{69C735DF-7690-4BB9-80A6-619965F0F0EC}.Ad-Hoc|x64.Build.0 = Debug|x64
		{69C735DF-7690-4BB9-80A6-619965F0F0EC}.Ad-Hoc|x64.Deploy.0 = Debug|x64
		{69C735DF-7690-4BB9-80A6-619965F0F0EC}.Ad-Hoc|x86.ActiveCfg = Debug|x86
		{69C735DF-7690-4BB9-80A6-619965F0F0EC}.Ad-Hoc|x86.Build.0 = Debug|x86
		{69C735DF-7690-4BB9-80A6-619965F0F0EC}.Ad-Hoc|x86.Deploy.0 = Debug|x86
		{69C735DF-7690-4BB9-80A6-619965F0F0EC}.AppStore|Any CPU.ActiveCfg = Debug|x86
		{69C735DF-7690-4BB9-80A6-619965F0F0EC}.AppStore|Any CPU.Build.0 = Debug|x86
		{69C735DF-7690-4BB9-80A6-619965F0F0EC}.AppStore|Any CPU.Deploy.0 = Debug|x86
		{69C735DF-7690-4BB9-80A6-619965F0F0EC}.AppStore|ARM.ActiveCfg = Debug|ARM
		{69C735DF-7690-4BB9-80A6-619965F0F0EC}.AppStore|ARM.Build.0 = Debug|ARM
		{69C735DF-7690-4BB9-80A6-619965F0F0EC}.AppStore|ARM.Deploy.0 = Debug|ARM
		{69C735DF-7690-4BB9-80A6-619965F0F0EC}.AppStore|ARM64.ActiveCfg = Debug|ARM64
		{69C735DF-7690-4BB9-80A6-619965F0F0EC}.AppStore|ARM64.Build.0 = Debug|ARM64
		{69C735DF-7690-4BB9-80A6-619965F0F0EC}.AppStore|ARM64.Deploy.0 = Debug|ARM64
		{69C735DF-7690-4BB9-80A6-619965F0F0EC}.AppStore|iPhone.ActiveCfg = Debug|x86
		{69C735DF-7690-4BB9-80A6-619965F0F0EC}.AppStore|iPhone.Build.0 = Debug|x86
		{69C735DF-7690-4BB9-80A6-619965F0F0EC}.AppStore|iPhone.Deploy.0 = Debug|x86
		{69C735DF-7690-4BB9-80A6-619965F0F0EC}.AppStore|iPhoneSimulator.ActiveCfg = Debug|x86
		{69C735DF-7690-4BB9-80A6-619965F0F0EC}.AppStore|iPhoneSimulator.Build.0 = Debug|x86
		{69C735DF-7690-4BB9-80A6-619965F0F0EC}.AppStore|iPhoneSimulator.Deploy.0 = Debug|x86
		{69C735DF-7690-4BB9-80A6-619965F0F0EC}.AppStore|x64.ActiveCfg = Debug|x64
		{69C735DF-7690-4BB9-80A6-619965F0F0EC}.AppStore|x64.Build.0 = Debug|x64
		{69C735DF-7690-4BB9-80A6-619965F0F0EC}.AppStore|x64.Deploy.0 = Debug|x64
		{69C735DF-7690-4BB9-80A6-619965F0F0EC}.AppStore|x86.ActiveCfg = Debug|x86
		{69C735DF-7690-4BB9-80A6-619965F0F0EC}.AppStore|x86.Build.0 = Debug|x86
		{69C735DF-7690-4BB9-80A6-619965F0F0EC}.AppStore|x86.Deploy.0 = Debug|x86
		{69C735DF-7690-4BB9-80A6-619965F0F0EC}.Debug|Any CPU.ActiveCfg = Debug|x86
		{69C735DF-7690-4BB9-80A6-619965F0F0EC}.Debug|ARM.ActiveCfg = Debug|ARM
		{69C735DF-7690-4BB9-80A6-619965F0F0EC}.Debug|ARM.Build.0 = Debug|ARM
		{69C735DF-7690-4BB9-80A6-619965F0F0EC}.Debug|ARM.Deploy.0 = Debug|ARM
		{69C735DF-7690-4BB9-80A6-619965F0F0EC}.Debug|ARM64.ActiveCfg = Debug|ARM64
		{69C735DF-7690-4BB9-80A6-619965F0F0EC}.Debug|ARM64.Build.0 = Debug|ARM64
		{69C735DF-7690-4BB9-80A6-619965F0F0EC}.Debug|ARM64.Deploy.0 = Debug|ARM64
		{69C735DF-7690-4BB9-80A6-619965F0F0EC}.Debug|iPhone.ActiveCfg = Debug|x86
		{69C735DF-7690-4BB9-80A6-619965F0F0EC}.Debug|iPhoneSimulator.ActiveCfg = Debug|x86
		{69C735DF-7690-4BB9-80A6-619965F0F0EC}.Debug|x64.ActiveCfg = Debug|x64
		{69C735DF-7690-4BB9-80A6-619965F0F0EC}.Debug|x64.Build.0 = Debug|x64
		{69C735DF-7690-4BB9-80A6-619965F0F0EC}.Debug|x64.Deploy.0 = Debug|x64
		{69C735DF-7690-4BB9-80A6-619965F0F0EC}.Debug|x86.ActiveCfg = Debug|x86
		{69C735DF-7690-4BB9-80A6-619965F0F0EC}.Debug|x86.Build.0 = Debug|x86
		{69C735DF-7690-4BB9-80A6-619965F0F0EC}.Debug|x86.Deploy.0 = Debug|x86
		{69C735DF-7690-4BB9-80A6-619965F0F0EC}.Release|Any CPU.ActiveCfg = Release|x86
		{69C735DF-7690-4BB9-80A6-619965F0F0EC}.Release|ARM.ActiveCfg = Release|ARM
		{69C735DF-7690-4BB9-80A6-619965F0F0EC}.Release|ARM.Build.0 = Release|ARM
		{69C735DF-7690-4BB9-80A6-619965F0F0EC}.Release|ARM.Deploy.0 = Release|ARM
		{69C735DF-7690-4BB9-80A6-619965F0F0EC}.Release|ARM64.ActiveCfg = Release|ARM64
		{69C735DF-7690-4BB9-80A6-619965F0F0EC}.Release|ARM64.Build.0 = Release|ARM64
		{69C735DF-7690-4BB9-80A6-619965F0F0EC}.Release|ARM64.Deploy.0 = Release|ARM64
		{69C735DF-7690-4BB9-80A6-619965F0F0EC}.Release|iPhone.ActiveCfg = Release|x86
		{69C735DF-7690-4BB9-80A6-619965F0F0EC}.Release|iPhoneSimulator.ActiveCfg = Release|x86
		{69C735DF-7690-4BB9-80A6-619965F0F0EC}.Release|x64.ActiveCfg = Release|x64
		{69C735DF-7690-4BB9-80A6-619965F0F0EC}.Release|x64.Build.0 = Release|x64
		{69C735DF-7690-4BB9-80A6-619965F0F0EC}.Release|x64.Deploy.0 = Release|x64
		{69C735DF-7690-4BB9-80A6-619965F0F0EC}.Release|x86.ActiveCfg = Release|x86
		{69C735DF-7690-4BB9-80A6-619965F0F0EC}.Release|x86.Build.0 = Release|x86
		{69C735DF-7690-4BB9-80A6-619965F0F0EC}.Release|x86.Deploy.0 = Release|x86
		{ACC4BFE7-A6D9-48BA-A98B-D66FFF61BBB5}.Ad-Hoc|Any CPU.ActiveCfg = Debug|Any CPU
		{ACC4BFE7-A6D9-48BA-A98B-D66FFF61BBB5}.Ad-Hoc|Any CPU.Build.0 = Debug|Any CPU
		{ACC4BFE7-A6D9-48BA-A98B-D66FFF61BBB5}.Ad-Hoc|ARM.ActiveCfg = Debug|Any CPU
		{ACC4BFE7-A6D9-48BA-A98B-D66FFF61BBB5}.Ad-Hoc|ARM.Build.0 = Debug|Any CPU
		{ACC4BFE7-A6D9-48BA-A98B-D66FFF61BBB5}.Ad-Hoc|ARM64.ActiveCfg = Debug|Any CPU
		{ACC4BFE7-A6D9-48BA-A98B-D66FFF61BBB5}.Ad-Hoc|ARM64.Build.0 = Debug|Any CPU
		{ACC4BFE7-A6D9-48BA-A98B-D66FFF61BBB5}.Ad-Hoc|iPhone.ActiveCfg = Debug|Any CPU
		{ACC4BFE7-A6D9-48BA-A98B-D66FFF61BBB5}.Ad-Hoc|iPhone.Build.0 = Debug|Any CPU
		{ACC4BFE7-A6D9-48BA-A98B-D66FFF61BBB5}.Ad-Hoc|iPhoneSimulator.ActiveCfg = Debug|Any CPU
		{ACC4BFE7-A6D9-48BA-A98B-D66FFF61BBB5}.Ad-Hoc|iPhoneSimulator.Build.0 = Debug|Any CPU
		{ACC4BFE7-A6D9-48BA-A98B-D66FFF61BBB5}.Ad-Hoc|x64.ActiveCfg = Debug|Any CPU
		{ACC4BFE7-A6D9-48BA-A98B-D66FFF61BBB5}.Ad-Hoc|x64.Build.0 = Debug|Any CPU
		{ACC4BFE7-A6D9-48BA-A98B-D66FFF61BBB5}.Ad-Hoc|x86.ActiveCfg = Debug|Any CPU
		{ACC4BFE7-A6D9-48BA-A98B-D66FFF61BBB5}.Ad-Hoc|x86.Build.0 = Debug|Any CPU
		{ACC4BFE7-A6D9-48BA-A98B-D66FFF61BBB5}.AppStore|Any CPU.ActiveCfg = Debug|Any CPU
		{ACC4BFE7-A6D9-48BA-A98B-D66FFF61BBB5}.AppStore|Any CPU.Build.0 = Debug|Any CPU
		{ACC4BFE7-A6D9-48BA-A98B-D66FFF61BBB5}.AppStore|ARM.ActiveCfg = Debug|Any CPU
		{ACC4BFE7-A6D9-48BA-A98B-D66FFF61BBB5}.AppStore|ARM.Build.0 = Debug|Any CPU
		{ACC4BFE7-A6D9-48BA-A98B-D66FFF61BBB5}.AppStore|ARM64.ActiveCfg = Debug|Any CPU
		{ACC4BFE7-A6D9-48BA-A98B-D66FFF61BBB5}.AppStore|ARM64.Build.0 = Debug|Any CPU
		{ACC4BFE7-A6D9-48BA-A98B-D66FFF61BBB5}.AppStore|iPhone.ActiveCfg = Debug|Any CPU
		{ACC4BFE7-A6D9-48BA-A98B-D66FFF61BBB5}.AppStore|iPhone.Build.0 = Debug|Any CPU
		{ACC4BFE7-A6D9-48BA-A98B-D66FFF61BBB5}.AppStore|iPhoneSimulator.ActiveCfg = Debug|Any CPU
		{ACC4BFE7-A6D9-48BA-A98B-D66FFF61BBB5}.AppStore|iPhoneSimulator.Build.0 = Debug|Any CPU
		{ACC4BFE7-A6D9-48BA-A98B-D66FFF61BBB5}.AppStore|x64.ActiveCfg = Debug|Any CPU
		{ACC4BFE7-A6D9-48BA-A98B-D66FFF61BBB5}.AppStore|x64.Build.0 = Debug|Any CPU
		{ACC4BFE7-A6D9-48BA-A98B-D66FFF61BBB5}.AppStore|x86.ActiveCfg = Debug|Any CPU
		{ACC4BFE7-A6D9-48BA-A98B-D66FFF61BBB5}.AppStore|x86.Build.0 = Debug|Any CPU
		{ACC4BFE7-A6D9-48BA-A98B-D66FFF61BBB5}.Debug|Any CPU.ActiveCfg = Debug|Any CPU
		{ACC4BFE7-A6D9-48BA-A98B-D66FFF61BBB5}.Debug|Any CPU.Build.0 = Debug|Any CPU
		{ACC4BFE7-A6D9-48BA-A98B-D66FFF61BBB5}.Debug|ARM.ActiveCfg = Debug|Any CPU
		{ACC4BFE7-A6D9-48BA-A98B-D66FFF61BBB5}.Debug|ARM.Build.0 = Debug|Any CPU
		{ACC4BFE7-A6D9-48BA-A98B-D66FFF61BBB5}.Debug|ARM64.ActiveCfg = Debug|Any CPU
		{ACC4BFE7-A6D9-48BA-A98B-D66FFF61BBB5}.Debug|ARM64.Build.0 = Debug|Any CPU
		{ACC4BFE7-A6D9-48BA-A98B-D66FFF61BBB5}.Debug|iPhone.ActiveCfg = Debug|Any CPU
		{ACC4BFE7-A6D9-48BA-A98B-D66FFF61BBB5}.Debug|iPhone.Build.0 = Debug|Any CPU
		{ACC4BFE7-A6D9-48BA-A98B-D66FFF61BBB5}.Debug|iPhoneSimulator.ActiveCfg = Debug|Any CPU
		{ACC4BFE7-A6D9-48BA-A98B-D66FFF61BBB5}.Debug|iPhoneSimulator.Build.0 = Debug|Any CPU
		{ACC4BFE7-A6D9-48BA-A98B-D66FFF61BBB5}.Debug|x64.ActiveCfg = Debug|Any CPU
		{ACC4BFE7-A6D9-48BA-A98B-D66FFF61BBB5}.Debug|x64.Build.0 = Debug|Any CPU
		{ACC4BFE7-A6D9-48BA-A98B-D66FFF61BBB5}.Debug|x86.ActiveCfg = Debug|Any CPU
		{ACC4BFE7-A6D9-48BA-A98B-D66FFF61BBB5}.Debug|x86.Build.0 = Debug|Any CPU
		{ACC4BFE7-A6D9-48BA-A98B-D66FFF61BBB5}.Release|Any CPU.ActiveCfg = Release|Any CPU
		{ACC4BFE7-A6D9-48BA-A98B-D66FFF61BBB5}.Release|Any CPU.Build.0 = Release|Any CPU
		{ACC4BFE7-A6D9-48BA-A98B-D66FFF61BBB5}.Release|ARM.ActiveCfg = Release|Any CPU
		{ACC4BFE7-A6D9-48BA-A98B-D66FFF61BBB5}.Release|ARM.Build.0 = Release|Any CPU
		{ACC4BFE7-A6D9-48BA-A98B-D66FFF61BBB5}.Release|ARM64.ActiveCfg = Release|Any CPU
		{ACC4BFE7-A6D9-48BA-A98B-D66FFF61BBB5}.Release|ARM64.Build.0 = Release|Any CPU
		{ACC4BFE7-A6D9-48BA-A98B-D66FFF61BBB5}.Release|iPhone.ActiveCfg = Release|Any CPU
		{ACC4BFE7-A6D9-48BA-A98B-D66FFF61BBB5}.Release|iPhone.Build.0 = Release|Any CPU
		{ACC4BFE7-A6D9-48BA-A98B-D66FFF61BBB5}.Release|iPhoneSimulator.ActiveCfg = Release|Any CPU
		{ACC4BFE7-A6D9-48BA-A98B-D66FFF61BBB5}.Release|iPhoneSimulator.Build.0 = Release|Any CPU
		{ACC4BFE7-A6D9-48BA-A98B-D66FFF61BBB5}.Release|x64.ActiveCfg = Release|Any CPU
		{ACC4BFE7-A6D9-48BA-A98B-D66FFF61BBB5}.Release|x64.Build.0 = Release|Any CPU
		{ACC4BFE7-A6D9-48BA-A98B-D66FFF61BBB5}.Release|x86.ActiveCfg = Release|Any CPU
		{ACC4BFE7-A6D9-48BA-A98B-D66FFF61BBB5}.Release|x86.Build.0 = Release|Any CPU
	EndGlobalSection
	GlobalSection(SolutionProperties) = preSolution
		HideSolutionNode = FALSE
	EndGlobalSection
	GlobalSection(NestedProjects) = preSolution
		{B1D65545-334B-4CDB-A305-A0BF0260EB48} = {51041490-04DF-4077-A50E-6888863A395A}
		{69C735DF-7690-4BB9-80A6-619965F0F0EC} = {51041490-04DF-4077-A50E-6888863A395A}
		{ACC4BFE7-A6D9-48BA-A98B-D66FFF61BBB5} = {51041490-04DF-4077-A50E-6888863A395A}
	EndGlobalSection
	GlobalSection(ExtensibilityGlobals) = postSolution
		SolutionGuid = {C9312C4E-98E1-426E-85D3-1EB7D0097DEB}
	EndGlobalSection
EndGlobal
