
Microsoft Visual Studio Solution File, Format Version 12.00
# Visual Studio Version 16
VisualStudioVersion = 16.0.809.8
MinimumVisualStudioVersion = 10.0.40219.1
Project("{D954291E-2A0B-460D-934E-DC6B0785DB48}") = "ToastNotificationDemo.Shared", "ToastNotificationDemo.Shared\ToastNotificationDemo.Shared.shproj", "{6279C845-92F8-4333-AB99-3D213163593C}"
EndProject
Project("{FAE04EC0-301F-11D3-BF4B-00C04F79EFBC}") = "ToastNotificationDemo.Skia.Wpf.Host", "ToastNotificationDemo.Skia.WPF.Host\ToastNotificationDemo.Skia.Wpf.Host.csproj", "{9D4581D1-A648-40EF-A908-6FABD2E9A944}"
EndProject
Project("{9344BDBB-3E7F-41FC-A0DD-8665D75EE146}") = "ToastNotificationDemo.Droid", "ToastNotificationDemo.Droid\ToastNotificationDemo.Droid.csproj", "{312049A6-F9FD-4E22-BFB7-9B1EB4263CD1}"
EndProject
Project("{FAE04EC0-301F-11D3-BF4B-00C04F79EFBC}") = "ToastNotificationDemo.iOS", "ToastNotificationDemo.iOS\ToastNotificationDemo.iOS.csproj", "{3937A9B0-3093-4D72-8357-4283E20B24E1}"
EndProject
Project("{FAE04EC0-301F-11D3-BF4B-00C04F79EFBC}") = "ToastNotificationDemo.Uwp", "ToastNotificationDemo.UWP\ToastNotificationDemo.Uwp.csproj", "{4013E7C0-0C65-4DFF-B67D-E4A871076CB4}"
EndProject
Project("{FAE04EC0-301F-11D3-BF4B-00C04F79EFBC}") = "ToastNotificationDemo.macOS", "ToastNotificationDemo.macOS\ToastNotificationDemo.macOS.csproj", "{C3DBAFFB-DE8E-4C3E-B21B-DAE7991B4E96}"
EndProject
Project("{9344BDBB-3E7F-41FC-A0DD-8665D75EE146}") = "ToastNotificationDemo.Skia.Gtk", "ToastNotificationDemo.Skia.Gtk\ToastNotificationDemo.Skia.Gtk.csproj", "{A50BB82A-F242-4B29-8F4B-4A0557FEDBF0}"
EndProject
Project("{9344BDBB-3E7F-41FC-A0DD-8665D75EE146}") = "ToastNotificationDemo.Skia.Tizen", "ToastNotificationDemo.Skia.Tizen\ToastNotificationDemo.Skia.Tizen.csproj", "{1452A108-C564-4BFE-B4F1-6863A183CFCD}"
EndProject
Project("{2150E333-8FDC-42A3-9474-1A3956D46DE8}") = "Platforms", "Platforms", "{072F2B30-C97C-44F9-9436-D3898EC9E102}"
EndProject
Project("{FAE04EC0-301F-11D3-BF4B-00C04F79EFBC}") = "ToastNotification", "..\ToastNotification\ToastNotification.csproj", "{119B1B5C-EC7E-4F06-8D3C-DECDCA0BC4F9}"
EndProject
Project("{FAE04EC0-301F-11D3-BF4B-00C04F79EFBC}") = "ToastNotification.Wpf", "..\ToastNotification.Wpf\ToastNotification.Wpf.csproj", "{897FE1DE-240B-435F-BD83-5A5FC60ACB0C}"
EndProject
Project("{FAE04EC0-301F-11D3-BF4B-00C04F79EFBC}") = "ToastNotificationDemo.Wasm", "ToastNotificationDemo.Wasm\ToastNotificationDemo.Wasm.csproj", "{25D6686E-CDA4-43F8-B273-D41F81059B29}"
EndProject
Project("{FAE04EC0-301F-11D3-BF4B-00C04F79EFBC}") = "ToastNotification.Gtk", "..\ToastNotification.Gtk\ToastNotification.Gtk.csproj", "{03EC75A7-F9EE-41D6-9AF8-1798B4CB2455}"
EndProject
Project("{FAE04EC0-301F-11D3-BF4B-00C04F79EFBC}") = "ToastNotification.Wasm", "..\ToastNotification.Wasm\ToastNotification.Wasm.csproj", "{BBC4DF1E-7B84-4BF1-ABCB-9054F21D970F}"
EndProject
Global
	GlobalSection(SolutionConfigurationPlatforms) = preSolution
		Debug|Any CPU = Debug|Any CPU
		Release|Any CPU = Release|Any CPU
		Debug|iPhoneSimulator = Debug|iPhoneSimulator
		Release|iPhoneSimulator = Release|iPhoneSimulator
		Debug|iPhone = Debug|iPhone
		Release|iPhone = Release|iPhone
		Ad-Hoc|iPhone = Ad-Hoc|iPhone
		AppStore|iPhone = AppStore|iPhone
		Debug|x86 = Debug|x86
		Release|x86 = Release|x86
		Debug|ARM = Debug|ARM
		Release|ARM = Release|ARM
		Debug|ARM64 = Debug|ARM64
		Release|ARM64 = Release|ARM64
		Debug|x64 = Debug|x64
		Release|x64 = Release|x64
	EndGlobalSection
	GlobalSection(ProjectConfigurationPlatforms) = postSolution
		{9D4581D1-A648-40EF-A908-6FABD2E9A944}.Debug|Any CPU.ActiveCfg = Debug|Any CPU
		{9D4581D1-A648-40EF-A908-6FABD2E9A944}.Debug|Any CPU.Build.0 = Debug|Any CPU
		{9D4581D1-A648-40EF-A908-6FABD2E9A944}.Release|Any CPU.ActiveCfg = Release|Any CPU
		{9D4581D1-A648-40EF-A908-6FABD2E9A944}.Release|Any CPU.Build.0 = Release|Any CPU
		{9D4581D1-A648-40EF-A908-6FABD2E9A944}.Debug|iPhoneSimulator.ActiveCfg = Debug|Any CPU
		{9D4581D1-A648-40EF-A908-6FABD2E9A944}.Debug|iPhoneSimulator.Build.0 = Debug|Any CPU
		{9D4581D1-A648-40EF-A908-6FABD2E9A944}.Release|iPhoneSimulator.ActiveCfg = Release|Any CPU
		{9D4581D1-A648-40EF-A908-6FABD2E9A944}.Release|iPhoneSimulator.Build.0 = Release|Any CPU
		{9D4581D1-A648-40EF-A908-6FABD2E9A944}.Debug|iPhone.ActiveCfg = Debug|Any CPU
		{9D4581D1-A648-40EF-A908-6FABD2E9A944}.Debug|iPhone.Build.0 = Debug|Any CPU
		{9D4581D1-A648-40EF-A908-6FABD2E9A944}.Release|iPhone.ActiveCfg = Release|Any CPU
		{9D4581D1-A648-40EF-A908-6FABD2E9A944}.Release|iPhone.Build.0 = Release|Any CPU
		{9D4581D1-A648-40EF-A908-6FABD2E9A944}.Ad-Hoc|iPhone.ActiveCfg = Release|Any CPU
		{9D4581D1-A648-40EF-A908-6FABD2E9A944}.Ad-Hoc|iPhone.Build.0 = Release|Any CPU
		{9D4581D1-A648-40EF-A908-6FABD2E9A944}.AppStore|iPhone.ActiveCfg = Release|Any CPU
		{9D4581D1-A648-40EF-A908-6FABD2E9A944}.AppStore|iPhone.Build.0 = Release|Any CPU
		{9D4581D1-A648-40EF-A908-6FABD2E9A944}.Debug|x86.ActiveCfg = Debug|Any CPU
		{9D4581D1-A648-40EF-A908-6FABD2E9A944}.Debug|x86.Build.0 = Debug|Any CPU
		{9D4581D1-A648-40EF-A908-6FABD2E9A944}.Release|x86.ActiveCfg = Release|Any CPU
		{9D4581D1-A648-40EF-A908-6FABD2E9A944}.Release|x86.Build.0 = Release|Any CPU
		{9D4581D1-A648-40EF-A908-6FABD2E9A944}.Debug|ARM.ActiveCfg = Debug|Any CPU
		{9D4581D1-A648-40EF-A908-6FABD2E9A944}.Debug|ARM.Build.0 = Debug|Any CPU
		{9D4581D1-A648-40EF-A908-6FABD2E9A944}.Release|ARM.ActiveCfg = Release|Any CPU
		{9D4581D1-A648-40EF-A908-6FABD2E9A944}.Release|ARM.Build.0 = Release|Any CPU
		{9D4581D1-A648-40EF-A908-6FABD2E9A944}.Debug|ARM64.ActiveCfg = Debug|Any CPU
		{9D4581D1-A648-40EF-A908-6FABD2E9A944}.Debug|ARM64.Build.0 = Debug|Any CPU
		{9D4581D1-A648-40EF-A908-6FABD2E9A944}.Release|ARM64.ActiveCfg = Release|Any CPU
		{9D4581D1-A648-40EF-A908-6FABD2E9A944}.Release|ARM64.Build.0 = Release|Any CPU
		{9D4581D1-A648-40EF-A908-6FABD2E9A944}.Debug|x64.ActiveCfg = Debug|Any CPU
		{9D4581D1-A648-40EF-A908-6FABD2E9A944}.Debug|x64.Build.0 = Debug|Any CPU
		{9D4581D1-A648-40EF-A908-6FABD2E9A944}.Release|x64.ActiveCfg = Release|Any CPU
		{9D4581D1-A648-40EF-A908-6FABD2E9A944}.Release|x64.Build.0 = Release|Any CPU
		{312049A6-F9FD-4E22-BFB7-9B1EB4263CD1}.Debug|Any CPU.ActiveCfg = Debug|Any CPU
		{312049A6-F9FD-4E22-BFB7-9B1EB4263CD1}.Debug|Any CPU.Build.0 = Debug|Any CPU
		{312049A6-F9FD-4E22-BFB7-9B1EB4263CD1}.Release|Any CPU.ActiveCfg = Release|Any CPU
		{312049A6-F9FD-4E22-BFB7-9B1EB4263CD1}.Release|Any CPU.Build.0 = Release|Any CPU
		{3937A9B0-3093-4D72-8357-4283E20B24E1}.Debug|Any CPU.ActiveCfg = Debug|iPhoneSimulator
		{3937A9B0-3093-4D72-8357-4283E20B24E1}.Debug|Any CPU.Build.0 = Debug|iPhoneSimulator
		{3937A9B0-3093-4D72-8357-4283E20B24E1}.Release|Any CPU.ActiveCfg = Release|iPhoneSimulator
		{3937A9B0-3093-4D72-8357-4283E20B24E1}.Release|Any CPU.Build.0 = Release|iPhoneSimulator
		{3937A9B0-3093-4D72-8357-4283E20B24E1}.Debug|iPhoneSimulator.ActiveCfg = Debug|iPhoneSimulator
		{3937A9B0-3093-4D72-8357-4283E20B24E1}.Debug|iPhoneSimulator.Build.0 = Debug|iPhoneSimulator
		{3937A9B0-3093-4D72-8357-4283E20B24E1}.Release|iPhoneSimulator.ActiveCfg = Release|iPhoneSimulator
		{3937A9B0-3093-4D72-8357-4283E20B24E1}.Release|iPhoneSimulator.Build.0 = Release|iPhoneSimulator
		{3937A9B0-3093-4D72-8357-4283E20B24E1}.Debug|iPhone.ActiveCfg = Debug|iPhone
		{3937A9B0-3093-4D72-8357-4283E20B24E1}.Debug|iPhone.Build.0 = Debug|iPhone
		{3937A9B0-3093-4D72-8357-4283E20B24E1}.Release|iPhone.ActiveCfg = Release|iPhone
		{3937A9B0-3093-4D72-8357-4283E20B24E1}.Release|iPhone.Build.0 = Release|iPhone
		{3937A9B0-3093-4D72-8357-4283E20B24E1}.Ad-Hoc|iPhone.ActiveCfg = Ad-Hoc|iPhone
		{3937A9B0-3093-4D72-8357-4283E20B24E1}.Ad-Hoc|iPhone.Build.0 = Ad-Hoc|iPhone
		{3937A9B0-3093-4D72-8357-4283E20B24E1}.AppStore|iPhone.ActiveCfg = AppStore|iPhone
		{3937A9B0-3093-4D72-8357-4283E20B24E1}.AppStore|iPhone.Build.0 = AppStore|iPhone
		{3937A9B0-3093-4D72-8357-4283E20B24E1}.Debug|x86.ActiveCfg = Debug|iPhoneSimulator
		{3937A9B0-3093-4D72-8357-4283E20B24E1}.Debug|x86.Build.0 = Debug|iPhoneSimulator
		{3937A9B0-3093-4D72-8357-4283E20B24E1}.Release|x86.ActiveCfg = Release|iPhoneSimulator
		{3937A9B0-3093-4D72-8357-4283E20B24E1}.Release|x86.Build.0 = Release|iPhoneSimulator
		{3937A9B0-3093-4D72-8357-4283E20B24E1}.Debug|ARM.ActiveCfg = Debug|iPhoneSimulator
		{3937A9B0-3093-4D72-8357-4283E20B24E1}.Debug|ARM.Build.0 = Debug|iPhoneSimulator
		{3937A9B0-3093-4D72-8357-4283E20B24E1}.Release|ARM.ActiveCfg = Release|iPhoneSimulator
		{3937A9B0-3093-4D72-8357-4283E20B24E1}.Release|ARM.Build.0 = Release|iPhoneSimulator
		{3937A9B0-3093-4D72-8357-4283E20B24E1}.Debug|ARM64.ActiveCfg = Debug|iPhoneSimulator
		{3937A9B0-3093-4D72-8357-4283E20B24E1}.Debug|ARM64.Build.0 = Debug|iPhoneSimulator
		{3937A9B0-3093-4D72-8357-4283E20B24E1}.Release|ARM64.ActiveCfg = Release|iPhoneSimulator
		{3937A9B0-3093-4D72-8357-4283E20B24E1}.Release|ARM64.Build.0 = Release|iPhoneSimulator
		{3937A9B0-3093-4D72-8357-4283E20B24E1}.Debug|x64.ActiveCfg = Debug|iPhoneSimulator
		{3937A9B0-3093-4D72-8357-4283E20B24E1}.Debug|x64.Build.0 = Debug|iPhoneSimulator
		{3937A9B0-3093-4D72-8357-4283E20B24E1}.Release|x64.ActiveCfg = Release|iPhoneSimulator
		{3937A9B0-3093-4D72-8357-4283E20B24E1}.Release|x64.Build.0 = Release|iPhoneSimulator
		{4013E7C0-0C65-4DFF-B67D-E4A871076CB4}.Debug|Any CPU.ActiveCfg = Debug|x86
		{4013E7C0-0C65-4DFF-B67D-E4A871076CB4}.Debug|Any CPU.Build.0 = Debug|x86
		{4013E7C0-0C65-4DFF-B67D-E4A871076CB4}.Release|Any CPU.ActiveCfg = Release|x86
		{4013E7C0-0C65-4DFF-B67D-E4A871076CB4}.Release|Any CPU.Build.0 = Release|x86
		{4013E7C0-0C65-4DFF-B67D-E4A871076CB4}.Debug|iPhoneSimulator.ActiveCfg = Debug|x86
		{4013E7C0-0C65-4DFF-B67D-E4A871076CB4}.Debug|iPhoneSimulator.Build.0 = Debug|x86
		{4013E7C0-0C65-4DFF-B67D-E4A871076CB4}.Release|iPhoneSimulator.ActiveCfg = Release|x86
		{4013E7C0-0C65-4DFF-B67D-E4A871076CB4}.Release|iPhoneSimulator.Build.0 = Release|x86
		{4013E7C0-0C65-4DFF-B67D-E4A871076CB4}.Debug|iPhone.ActiveCfg = Debug|x86
		{4013E7C0-0C65-4DFF-B67D-E4A871076CB4}.Debug|iPhone.Build.0 = Debug|x86
		{4013E7C0-0C65-4DFF-B67D-E4A871076CB4}.Release|iPhone.ActiveCfg = Release|x86
		{4013E7C0-0C65-4DFF-B67D-E4A871076CB4}.Release|iPhone.Build.0 = Release|x86
		{4013E7C0-0C65-4DFF-B67D-E4A871076CB4}.Ad-Hoc|iPhone.ActiveCfg = Debug|x86
		{4013E7C0-0C65-4DFF-B67D-E4A871076CB4}.Ad-Hoc|iPhone.Build.0 = Debug|x86
		{4013E7C0-0C65-4DFF-B67D-E4A871076CB4}.AppStore|iPhone.ActiveCfg = Debug|x86
		{4013E7C0-0C65-4DFF-B67D-E4A871076CB4}.AppStore|iPhone.Build.0 = Debug|x86
		{4013E7C0-0C65-4DFF-B67D-E4A871076CB4}.Debug|x86.ActiveCfg = Debug|x86
		{4013E7C0-0C65-4DFF-B67D-E4A871076CB4}.Debug|x86.Build.0 = Debug|x86
		{4013E7C0-0C65-4DFF-B67D-E4A871076CB4}.Release|x86.ActiveCfg = Release|x86
		{4013E7C0-0C65-4DFF-B67D-E4A871076CB4}.Release|x86.Build.0 = Release|x86
		{4013E7C0-0C65-4DFF-B67D-E4A871076CB4}.Debug|ARM.ActiveCfg = Debug|ARM
		{4013E7C0-0C65-4DFF-B67D-E4A871076CB4}.Debug|ARM.Build.0 = Debug|ARM
		{4013E7C0-0C65-4DFF-B67D-E4A871076CB4}.Release|ARM.ActiveCfg = Release|ARM
		{4013E7C0-0C65-4DFF-B67D-E4A871076CB4}.Release|ARM.Build.0 = Release|ARM
		{4013E7C0-0C65-4DFF-B67D-E4A871076CB4}.Debug|ARM64.ActiveCfg = Debug|ARM64
		{4013E7C0-0C65-4DFF-B67D-E4A871076CB4}.Debug|ARM64.Build.0 = Debug|ARM64
		{4013E7C0-0C65-4DFF-B67D-E4A871076CB4}.Release|ARM64.ActiveCfg = Release|ARM64
		{4013E7C0-0C65-4DFF-B67D-E4A871076CB4}.Release|ARM64.Build.0 = Release|ARM64
		{4013E7C0-0C65-4DFF-B67D-E4A871076CB4}.Debug|x64.ActiveCfg = Debug|x64
		{4013E7C0-0C65-4DFF-B67D-E4A871076CB4}.Debug|x64.Build.0 = Debug|x64
		{4013E7C0-0C65-4DFF-B67D-E4A871076CB4}.Release|x64.ActiveCfg = Release|x64
		{4013E7C0-0C65-4DFF-B67D-E4A871076CB4}.Release|x64.Build.0 = Release|x64
		{C3DBAFFB-DE8E-4C3E-B21B-DAE7991B4E96}.Debug|Any CPU.ActiveCfg = Debug|iPhoneSimulator
		{C3DBAFFB-DE8E-4C3E-B21B-DAE7991B4E96}.Debug|Any CPU.Build.0 = Debug|iPhoneSimulator
		{C3DBAFFB-DE8E-4C3E-B21B-DAE7991B4E96}.Release|Any CPU.ActiveCfg = Release|iPhoneSimulator
		{C3DBAFFB-DE8E-4C3E-B21B-DAE7991B4E96}.Release|Any CPU.Build.0 = Release|iPhoneSimulator
		{C3DBAFFB-DE8E-4C3E-B21B-DAE7991B4E96}.Debug|iPhoneSimulator.ActiveCfg = Debug|iPhoneSimulator
		{C3DBAFFB-DE8E-4C3E-B21B-DAE7991B4E96}.Debug|iPhoneSimulator.Build.0 = Debug|iPhoneSimulator
		{C3DBAFFB-DE8E-4C3E-B21B-DAE7991B4E96}.Release|iPhoneSimulator.ActiveCfg = Release|iPhoneSimulator
		{C3DBAFFB-DE8E-4C3E-B21B-DAE7991B4E96}.Release|iPhoneSimulator.Build.0 = Release|iPhoneSimulator
		{C3DBAFFB-DE8E-4C3E-B21B-DAE7991B4E96}.Debug|iPhone.ActiveCfg = Debug|iPhoneSimulator
		{C3DBAFFB-DE8E-4C3E-B21B-DAE7991B4E96}.Debug|iPhone.Build.0 = Debug|iPhoneSimulator
		{C3DBAFFB-DE8E-4C3E-B21B-DAE7991B4E96}.Release|iPhone.ActiveCfg = Release|iPhoneSimulator
		{C3DBAFFB-DE8E-4C3E-B21B-DAE7991B4E96}.Release|iPhone.Build.0 = Release|iPhoneSimulator
		{C3DBAFFB-DE8E-4C3E-B21B-DAE7991B4E96}.Ad-Hoc|iPhone.ActiveCfg = Debug|iPhoneSimulator
		{C3DBAFFB-DE8E-4C3E-B21B-DAE7991B4E96}.Ad-Hoc|iPhone.Build.0 = Debug|iPhoneSimulator
		{C3DBAFFB-DE8E-4C3E-B21B-DAE7991B4E96}.AppStore|iPhone.ActiveCfg = Debug|iPhoneSimulator
		{C3DBAFFB-DE8E-4C3E-B21B-DAE7991B4E96}.AppStore|iPhone.Build.0 = Debug|iPhoneSimulator
		{C3DBAFFB-DE8E-4C3E-B21B-DAE7991B4E96}.Debug|x86.ActiveCfg = Debug|iPhoneSimulator
		{C3DBAFFB-DE8E-4C3E-B21B-DAE7991B4E96}.Debug|x86.Build.0 = Debug|iPhoneSimulator
		{C3DBAFFB-DE8E-4C3E-B21B-DAE7991B4E96}.Release|x86.ActiveCfg = Release|iPhoneSimulator
		{C3DBAFFB-DE8E-4C3E-B21B-DAE7991B4E96}.Release|x86.Build.0 = Release|iPhoneSimulator
		{C3DBAFFB-DE8E-4C3E-B21B-DAE7991B4E96}.Debug|ARM.ActiveCfg = Debug|iPhoneSimulator
		{C3DBAFFB-DE8E-4C3E-B21B-DAE7991B4E96}.Debug|ARM.Build.0 = Debug|iPhoneSimulator
		{C3DBAFFB-DE8E-4C3E-B21B-DAE7991B4E96}.Release|ARM.ActiveCfg = Release|iPhoneSimulator
		{C3DBAFFB-DE8E-4C3E-B21B-DAE7991B4E96}.Release|ARM.Build.0 = Release|iPhoneSimulator
		{C3DBAFFB-DE8E-4C3E-B21B-DAE7991B4E96}.Debug|ARM64.ActiveCfg = Debug|iPhoneSimulator
		{C3DBAFFB-DE8E-4C3E-B21B-DAE7991B4E96}.Debug|ARM64.Build.0 = Debug|iPhoneSimulator
		{C3DBAFFB-DE8E-4C3E-B21B-DAE7991B4E96}.Release|ARM64.ActiveCfg = Release|iPhoneSimulator
		{C3DBAFFB-DE8E-4C3E-B21B-DAE7991B4E96}.Release|ARM64.Build.0 = Release|iPhoneSimulator
		{C3DBAFFB-DE8E-4C3E-B21B-DAE7991B4E96}.Debug|x64.ActiveCfg = Debug|iPhoneSimulator
		{C3DBAFFB-DE8E-4C3E-B21B-DAE7991B4E96}.Debug|x64.Build.0 = Debug|iPhoneSimulator
		{C3DBAFFB-DE8E-4C3E-B21B-DAE7991B4E96}.Release|x64.ActiveCfg = Release|iPhoneSimulator
		{C3DBAFFB-DE8E-4C3E-B21B-DAE7991B4E96}.Release|x64.Build.0 = Release|iPhoneSimulator
		{A50BB82A-F242-4B29-8F4B-4A0557FEDBF0}.Debug|Any CPU.ActiveCfg = Debug|Any CPU
		{A50BB82A-F242-4B29-8F4B-4A0557FEDBF0}.Debug|Any CPU.Build.0 = Debug|Any CPU
		{A50BB82A-F242-4B29-8F4B-4A0557FEDBF0}.Release|Any CPU.ActiveCfg = Release|Any CPU
		{A50BB82A-F242-4B29-8F4B-4A0557FEDBF0}.Release|Any CPU.Build.0 = Release|Any CPU
		{A50BB82A-F242-4B29-8F4B-4A0557FEDBF0}.Debug|iPhoneSimulator.ActiveCfg = Debug|Any CPU
		{A50BB82A-F242-4B29-8F4B-4A0557FEDBF0}.Debug|iPhoneSimulator.Build.0 = Debug|Any CPU
		{A50BB82A-F242-4B29-8F4B-4A0557FEDBF0}.Release|iPhoneSimulator.ActiveCfg = Release|Any CPU
		{A50BB82A-F242-4B29-8F4B-4A0557FEDBF0}.Release|iPhoneSimulator.Build.0 = Release|Any CPU
		{A50BB82A-F242-4B29-8F4B-4A0557FEDBF0}.Debug|iPhone.ActiveCfg = Debug|Any CPU
		{A50BB82A-F242-4B29-8F4B-4A0557FEDBF0}.Debug|iPhone.Build.0 = Debug|Any CPU
		{A50BB82A-F242-4B29-8F4B-4A0557FEDBF0}.Release|iPhone.ActiveCfg = Release|Any CPU
		{A50BB82A-F242-4B29-8F4B-4A0557FEDBF0}.Release|iPhone.Build.0 = Release|Any CPU
		{A50BB82A-F242-4B29-8F4B-4A0557FEDBF0}.Ad-Hoc|iPhone.ActiveCfg = Release|Any CPU
		{A50BB82A-F242-4B29-8F4B-4A0557FEDBF0}.Ad-Hoc|iPhone.Build.0 = Release|Any CPU
		{A50BB82A-F242-4B29-8F4B-4A0557FEDBF0}.AppStore|iPhone.ActiveCfg = Release|Any CPU
		{A50BB82A-F242-4B29-8F4B-4A0557FEDBF0}.AppStore|iPhone.Build.0 = Release|Any CPU
		{A50BB82A-F242-4B29-8F4B-4A0557FEDBF0}.Debug|x86.ActiveCfg = Debug|Any CPU
		{A50BB82A-F242-4B29-8F4B-4A0557FEDBF0}.Debug|x86.Build.0 = Debug|Any CPU
		{A50BB82A-F242-4B29-8F4B-4A0557FEDBF0}.Release|x86.ActiveCfg = Release|Any CPU
		{A50BB82A-F242-4B29-8F4B-4A0557FEDBF0}.Release|x86.Build.0 = Release|Any CPU
		{A50BB82A-F242-4B29-8F4B-4A0557FEDBF0}.Debug|ARM.ActiveCfg = Debug|Any CPU
		{A50BB82A-F242-4B29-8F4B-4A0557FEDBF0}.Debug|ARM.Build.0 = Debug|Any CPU
		{A50BB82A-F242-4B29-8F4B-4A0557FEDBF0}.Release|ARM.ActiveCfg = Release|Any CPU
		{A50BB82A-F242-4B29-8F4B-4A0557FEDBF0}.Release|ARM.Build.0 = Release|Any CPU
		{A50BB82A-F242-4B29-8F4B-4A0557FEDBF0}.Debug|ARM64.ActiveCfg = Debug|Any CPU
		{A50BB82A-F242-4B29-8F4B-4A0557FEDBF0}.Debug|ARM64.Build.0 = Debug|Any CPU
		{A50BB82A-F242-4B29-8F4B-4A0557FEDBF0}.Release|ARM64.ActiveCfg = Release|Any CPU
		{A50BB82A-F242-4B29-8F4B-4A0557FEDBF0}.Release|ARM64.Build.0 = Release|Any CPU
		{A50BB82A-F242-4B29-8F4B-4A0557FEDBF0}.Debug|x64.ActiveCfg = Debug|Any CPU
		{A50BB82A-F242-4B29-8F4B-4A0557FEDBF0}.Debug|x64.Build.0 = Debug|Any CPU
		{A50BB82A-F242-4B29-8F4B-4A0557FEDBF0}.Release|x64.ActiveCfg = Release|Any CPU
		{A50BB82A-F242-4B29-8F4B-4A0557FEDBF0}.Release|x64.Build.0 = Release|Any CPU
		{1452A108-C564-4BFE-B4F1-6863A183CFCD}.Debug|Any CPU.ActiveCfg = Debug|Any CPU
		{1452A108-C564-4BFE-B4F1-6863A183CFCD}.Debug|Any CPU.Build.0 = Debug|Any CPU
		{1452A108-C564-4BFE-B4F1-6863A183CFCD}.Release|Any CPU.ActiveCfg = Release|Any CPU
		{1452A108-C564-4BFE-B4F1-6863A183CFCD}.Release|Any CPU.Build.0 = Release|Any CPU
		{1452A108-C564-4BFE-B4F1-6863A183CFCD}.Debug|iPhoneSimulator.ActiveCfg = Debug|Any CPU
		{1452A108-C564-4BFE-B4F1-6863A183CFCD}.Debug|iPhoneSimulator.Build.0 = Debug|Any CPU
		{1452A108-C564-4BFE-B4F1-6863A183CFCD}.Release|iPhoneSimulator.ActiveCfg = Release|Any CPU
		{1452A108-C564-4BFE-B4F1-6863A183CFCD}.Release|iPhoneSimulator.Build.0 = Release|Any CPU
		{1452A108-C564-4BFE-B4F1-6863A183CFCD}.Debug|iPhone.ActiveCfg = Debug|Any CPU
		{1452A108-C564-4BFE-B4F1-6863A183CFCD}.Debug|iPhone.Build.0 = Debug|Any CPU
		{1452A108-C564-4BFE-B4F1-6863A183CFCD}.Release|iPhone.ActiveCfg = Release|Any CPU
		{1452A108-C564-4BFE-B4F1-6863A183CFCD}.Release|iPhone.Build.0 = Release|Any CPU
		{1452A108-C564-4BFE-B4F1-6863A183CFCD}.Ad-Hoc|iPhone.ActiveCfg = Release|Any CPU
		{1452A108-C564-4BFE-B4F1-6863A183CFCD}.Ad-Hoc|iPhone.Build.0 = Release|Any CPU
		{1452A108-C564-4BFE-B4F1-6863A183CFCD}.AppStore|iPhone.ActiveCfg = Release|Any CPU
		{1452A108-C564-4BFE-B4F1-6863A183CFCD}.AppStore|iPhone.Build.0 = Release|Any CPU
		{1452A108-C564-4BFE-B4F1-6863A183CFCD}.Debug|x86.ActiveCfg = Debug|Any CPU
		{1452A108-C564-4BFE-B4F1-6863A183CFCD}.Debug|x86.Build.0 = Debug|Any CPU
		{1452A108-C564-4BFE-B4F1-6863A183CFCD}.Release|x86.ActiveCfg = Release|Any CPU
		{1452A108-C564-4BFE-B4F1-6863A183CFCD}.Release|x86.Build.0 = Release|Any CPU
		{1452A108-C564-4BFE-B4F1-6863A183CFCD}.Debug|ARM.ActiveCfg = Debug|Any CPU
		{1452A108-C564-4BFE-B4F1-6863A183CFCD}.Debug|ARM.Build.0 = Debug|Any CPU
		{1452A108-C564-4BFE-B4F1-6863A183CFCD}.Release|ARM.ActiveCfg = Release|Any CPU
		{1452A108-C564-4BFE-B4F1-6863A183CFCD}.Release|ARM.Build.0 = Release|Any CPU
		{1452A108-C564-4BFE-B4F1-6863A183CFCD}.Debug|ARM64.ActiveCfg = Debug|Any CPU
		{1452A108-C564-4BFE-B4F1-6863A183CFCD}.Debug|ARM64.Build.0 = Debug|Any CPU
		{1452A108-C564-4BFE-B4F1-6863A183CFCD}.Release|ARM64.ActiveCfg = Release|Any CPU
		{1452A108-C564-4BFE-B4F1-6863A183CFCD}.Release|ARM64.Build.0 = Release|Any CPU
		{1452A108-C564-4BFE-B4F1-6863A183CFCD}.Debug|x64.ActiveCfg = Debug|Any CPU
		{1452A108-C564-4BFE-B4F1-6863A183CFCD}.Debug|x64.Build.0 = Debug|Any CPU
		{1452A108-C564-4BFE-B4F1-6863A183CFCD}.Release|x64.ActiveCfg = Release|Any CPU
		{1452A108-C564-4BFE-B4F1-6863A183CFCD}.Release|x64.Build.0 = Release|Any CPU
		{119B1B5C-EC7E-4F06-8D3C-DECDCA0BC4F9}.Debug|Any CPU.ActiveCfg = Debug|Any CPU
		{119B1B5C-EC7E-4F06-8D3C-DECDCA0BC4F9}.Debug|Any CPU.Build.0 = Debug|Any CPU
		{119B1B5C-EC7E-4F06-8D3C-DECDCA0BC4F9}.Release|Any CPU.ActiveCfg = Release|Any CPU
		{119B1B5C-EC7E-4F06-8D3C-DECDCA0BC4F9}.Release|Any CPU.Build.0 = Release|Any CPU
		{119B1B5C-EC7E-4F06-8D3C-DECDCA0BC4F9}.Debug|iPhoneSimulator.ActiveCfg = Debug|Any CPU
		{119B1B5C-EC7E-4F06-8D3C-DECDCA0BC4F9}.Debug|iPhoneSimulator.Build.0 = Debug|Any CPU
		{119B1B5C-EC7E-4F06-8D3C-DECDCA0BC4F9}.Release|iPhoneSimulator.ActiveCfg = Release|Any CPU
		{119B1B5C-EC7E-4F06-8D3C-DECDCA0BC4F9}.Release|iPhoneSimulator.Build.0 = Release|Any CPU
		{119B1B5C-EC7E-4F06-8D3C-DECDCA0BC4F9}.Debug|iPhone.ActiveCfg = Debug|Any CPU
		{119B1B5C-EC7E-4F06-8D3C-DECDCA0BC4F9}.Debug|iPhone.Build.0 = Debug|Any CPU
		{119B1B5C-EC7E-4F06-8D3C-DECDCA0BC4F9}.Release|iPhone.ActiveCfg = Release|Any CPU
		{119B1B5C-EC7E-4F06-8D3C-DECDCA0BC4F9}.Release|iPhone.Build.0 = Release|Any CPU
		{119B1B5C-EC7E-4F06-8D3C-DECDCA0BC4F9}.Ad-Hoc|iPhone.ActiveCfg = Debug|Any CPU
		{119B1B5C-EC7E-4F06-8D3C-DECDCA0BC4F9}.Ad-Hoc|iPhone.Build.0 = Debug|Any CPU
		{119B1B5C-EC7E-4F06-8D3C-DECDCA0BC4F9}.AppStore|iPhone.ActiveCfg = Debug|Any CPU
		{119B1B5C-EC7E-4F06-8D3C-DECDCA0BC4F9}.AppStore|iPhone.Build.0 = Debug|Any CPU
		{119B1B5C-EC7E-4F06-8D3C-DECDCA0BC4F9}.Debug|x86.ActiveCfg = Debug|Any CPU
		{119B1B5C-EC7E-4F06-8D3C-DECDCA0BC4F9}.Debug|x86.Build.0 = Debug|Any CPU
		{119B1B5C-EC7E-4F06-8D3C-DECDCA0BC4F9}.Release|x86.ActiveCfg = Release|Any CPU
		{119B1B5C-EC7E-4F06-8D3C-DECDCA0BC4F9}.Release|x86.Build.0 = Release|Any CPU
		{119B1B5C-EC7E-4F06-8D3C-DECDCA0BC4F9}.Debug|ARM.ActiveCfg = Debug|Any CPU
		{119B1B5C-EC7E-4F06-8D3C-DECDCA0BC4F9}.Debug|ARM.Build.0 = Debug|Any CPU
		{119B1B5C-EC7E-4F06-8D3C-DECDCA0BC4F9}.Release|ARM.ActiveCfg = Release|Any CPU
		{119B1B5C-EC7E-4F06-8D3C-DECDCA0BC4F9}.Release|ARM.Build.0 = Release|Any CPU
		{119B1B5C-EC7E-4F06-8D3C-DECDCA0BC4F9}.Debug|ARM64.ActiveCfg = Debug|Any CPU
		{119B1B5C-EC7E-4F06-8D3C-DECDCA0BC4F9}.Debug|ARM64.Build.0 = Debug|Any CPU
		{119B1B5C-EC7E-4F06-8D3C-DECDCA0BC4F9}.Release|ARM64.ActiveCfg = Release|Any CPU
		{119B1B5C-EC7E-4F06-8D3C-DECDCA0BC4F9}.Release|ARM64.Build.0 = Release|Any CPU
		{119B1B5C-EC7E-4F06-8D3C-DECDCA0BC4F9}.Debug|x64.ActiveCfg = Debug|Any CPU
		{119B1B5C-EC7E-4F06-8D3C-DECDCA0BC4F9}.Debug|x64.Build.0 = Debug|Any CPU
		{119B1B5C-EC7E-4F06-8D3C-DECDCA0BC4F9}.Release|x64.ActiveCfg = Release|Any CPU
		{119B1B5C-EC7E-4F06-8D3C-DECDCA0BC4F9}.Release|x64.Build.0 = Release|Any CPU
		{897FE1DE-240B-435F-BD83-5A5FC60ACB0C}.Debug|Any CPU.ActiveCfg = Debug|Any CPU
		{897FE1DE-240B-435F-BD83-5A5FC60ACB0C}.Debug|Any CPU.Build.0 = Debug|Any CPU
		{897FE1DE-240B-435F-BD83-5A5FC60ACB0C}.Release|Any CPU.ActiveCfg = Release|Any CPU
		{897FE1DE-240B-435F-BD83-5A5FC60ACB0C}.Release|Any CPU.Build.0 = Release|Any CPU
		{897FE1DE-240B-435F-BD83-5A5FC60ACB0C}.Debug|iPhoneSimulator.ActiveCfg = Debug|Any CPU
		{897FE1DE-240B-435F-BD83-5A5FC60ACB0C}.Debug|iPhoneSimulator.Build.0 = Debug|Any CPU
		{897FE1DE-240B-435F-BD83-5A5FC60ACB0C}.Release|iPhoneSimulator.ActiveCfg = Release|Any CPU
		{897FE1DE-240B-435F-BD83-5A5FC60ACB0C}.Release|iPhoneSimulator.Build.0 = Release|Any CPU
		{897FE1DE-240B-435F-BD83-5A5FC60ACB0C}.Debug|iPhone.ActiveCfg = Debug|Any CPU
		{897FE1DE-240B-435F-BD83-5A5FC60ACB0C}.Debug|iPhone.Build.0 = Debug|Any CPU
		{897FE1DE-240B-435F-BD83-5A5FC60ACB0C}.Release|iPhone.ActiveCfg = Release|Any CPU
		{897FE1DE-240B-435F-BD83-5A5FC60ACB0C}.Release|iPhone.Build.0 = Release|Any CPU
		{897FE1DE-240B-435F-BD83-5A5FC60ACB0C}.Ad-Hoc|iPhone.ActiveCfg = Debug|Any CPU
		{897FE1DE-240B-435F-BD83-5A5FC60ACB0C}.Ad-Hoc|iPhone.Build.0 = Debug|Any CPU
		{897FE1DE-240B-435F-BD83-5A5FC60ACB0C}.AppStore|iPhone.ActiveCfg = Debug|Any CPU
		{897FE1DE-240B-435F-BD83-5A5FC60ACB0C}.AppStore|iPhone.Build.0 = Debug|Any CPU
		{897FE1DE-240B-435F-BD83-5A5FC60ACB0C}.Debug|x86.ActiveCfg = Debug|Any CPU
		{897FE1DE-240B-435F-BD83-5A5FC60ACB0C}.Debug|x86.Build.0 = Debug|Any CPU
		{897FE1DE-240B-435F-BD83-5A5FC60ACB0C}.Release|x86.ActiveCfg = Release|Any CPU
		{897FE1DE-240B-435F-BD83-5A5FC60ACB0C}.Release|x86.Build.0 = Release|Any CPU
		{897FE1DE-240B-435F-BD83-5A5FC60ACB0C}.Debug|ARM.ActiveCfg = Debug|Any CPU
		{897FE1DE-240B-435F-BD83-5A5FC60ACB0C}.Debug|ARM.Build.0 = Debug|Any CPU
		{897FE1DE-240B-435F-BD83-5A5FC60ACB0C}.Release|ARM.ActiveCfg = Release|Any CPU
		{897FE1DE-240B-435F-BD83-5A5FC60ACB0C}.Release|ARM.Build.0 = Release|Any CPU
		{897FE1DE-240B-435F-BD83-5A5FC60ACB0C}.Debug|ARM64.ActiveCfg = Debug|Any CPU
		{897FE1DE-240B-435F-BD83-5A5FC60ACB0C}.Debug|ARM64.Build.0 = Debug|Any CPU
		{897FE1DE-240B-435F-BD83-5A5FC60ACB0C}.Release|ARM64.ActiveCfg = Release|Any CPU
		{897FE1DE-240B-435F-BD83-5A5FC60ACB0C}.Release|ARM64.Build.0 = Release|Any CPU
		{897FE1DE-240B-435F-BD83-5A5FC60ACB0C}.Debug|x64.ActiveCfg = Debug|Any CPU
		{897FE1DE-240B-435F-BD83-5A5FC60ACB0C}.Debug|x64.Build.0 = Debug|Any CPU
		{897FE1DE-240B-435F-BD83-5A5FC60ACB0C}.Release|x64.ActiveCfg = Release|Any CPU
		{897FE1DE-240B-435F-BD83-5A5FC60ACB0C}.Release|x64.Build.0 = Release|Any CPU
		{25D6686E-CDA4-43F8-B273-D41F81059B29}.Debug|Any CPU.ActiveCfg = Debug|Any CPU
		{25D6686E-CDA4-43F8-B273-D41F81059B29}.Debug|Any CPU.Build.0 = Debug|Any CPU
		{25D6686E-CDA4-43F8-B273-D41F81059B29}.Release|Any CPU.ActiveCfg = Release|Any CPU
		{25D6686E-CDA4-43F8-B273-D41F81059B29}.Release|Any CPU.Build.0 = Release|Any CPU
		{25D6686E-CDA4-43F8-B273-D41F81059B29}.Debug|iPhoneSimulator.ActiveCfg = Debug|Any CPU
		{25D6686E-CDA4-43F8-B273-D41F81059B29}.Debug|iPhoneSimulator.Build.0 = Debug|Any CPU
		{25D6686E-CDA4-43F8-B273-D41F81059B29}.Release|iPhoneSimulator.ActiveCfg = Release|Any CPU
		{25D6686E-CDA4-43F8-B273-D41F81059B29}.Release|iPhoneSimulator.Build.0 = Release|Any CPU
		{25D6686E-CDA4-43F8-B273-D41F81059B29}.Debug|iPhone.ActiveCfg = Debug|Any CPU
		{25D6686E-CDA4-43F8-B273-D41F81059B29}.Debug|iPhone.Build.0 = Debug|Any CPU
		{25D6686E-CDA4-43F8-B273-D41F81059B29}.Release|iPhone.ActiveCfg = Release|Any CPU
		{25D6686E-CDA4-43F8-B273-D41F81059B29}.Release|iPhone.Build.0 = Release|Any CPU
		{25D6686E-CDA4-43F8-B273-D41F81059B29}.Ad-Hoc|iPhone.ActiveCfg = Debug|Any CPU
		{25D6686E-CDA4-43F8-B273-D41F81059B29}.Ad-Hoc|iPhone.Build.0 = Debug|Any CPU
		{25D6686E-CDA4-43F8-B273-D41F81059B29}.AppStore|iPhone.ActiveCfg = Debug|Any CPU
		{25D6686E-CDA4-43F8-B273-D41F81059B29}.AppStore|iPhone.Build.0 = Debug|Any CPU
		{25D6686E-CDA4-43F8-B273-D41F81059B29}.Debug|x86.ActiveCfg = Debug|Any CPU
		{25D6686E-CDA4-43F8-B273-D41F81059B29}.Debug|x86.Build.0 = Debug|Any CPU
		{25D6686E-CDA4-43F8-B273-D41F81059B29}.Release|x86.ActiveCfg = Release|Any CPU
		{25D6686E-CDA4-43F8-B273-D41F81059B29}.Release|x86.Build.0 = Release|Any CPU
		{25D6686E-CDA4-43F8-B273-D41F81059B29}.Debug|ARM.ActiveCfg = Debug|Any CPU
		{25D6686E-CDA4-43F8-B273-D41F81059B29}.Debug|ARM.Build.0 = Debug|Any CPU
		{25D6686E-CDA4-43F8-B273-D41F81059B29}.Release|ARM.ActiveCfg = Release|Any CPU
		{25D6686E-CDA4-43F8-B273-D41F81059B29}.Release|ARM.Build.0 = Release|Any CPU
		{25D6686E-CDA4-43F8-B273-D41F81059B29}.Debug|ARM64.ActiveCfg = Debug|Any CPU
		{25D6686E-CDA4-43F8-B273-D41F81059B29}.Debug|ARM64.Build.0 = Debug|Any CPU
		{25D6686E-CDA4-43F8-B273-D41F81059B29}.Release|ARM64.ActiveCfg = Release|Any CPU
		{25D6686E-CDA4-43F8-B273-D41F81059B29}.Release|ARM64.Build.0 = Release|Any CPU
		{25D6686E-CDA4-43F8-B273-D41F81059B29}.Debug|x64.ActiveCfg = Debug|Any CPU
		{25D6686E-CDA4-43F8-B273-D41F81059B29}.Debug|x64.Build.0 = Debug|Any CPU
		{25D6686E-CDA4-43F8-B273-D41F81059B29}.Release|x64.ActiveCfg = Release|Any CPU
		{25D6686E-CDA4-43F8-B273-D41F81059B29}.Release|x64.Build.0 = Release|Any CPU
		{03EC75A7-F9EE-41D6-9AF8-1798B4CB2455}.Debug|Any CPU.ActiveCfg = Debug|Any CPU
		{03EC75A7-F9EE-41D6-9AF8-1798B4CB2455}.Debug|Any CPU.Build.0 = Debug|Any CPU
		{03EC75A7-F9EE-41D6-9AF8-1798B4CB2455}.Release|Any CPU.ActiveCfg = Release|Any CPU
		{03EC75A7-F9EE-41D6-9AF8-1798B4CB2455}.Release|Any CPU.Build.0 = Release|Any CPU
		{03EC75A7-F9EE-41D6-9AF8-1798B4CB2455}.Debug|iPhoneSimulator.ActiveCfg = Debug|Any CPU
		{03EC75A7-F9EE-41D6-9AF8-1798B4CB2455}.Debug|iPhoneSimulator.Build.0 = Debug|Any CPU
		{03EC75A7-F9EE-41D6-9AF8-1798B4CB2455}.Release|iPhoneSimulator.ActiveCfg = Release|Any CPU
		{03EC75A7-F9EE-41D6-9AF8-1798B4CB2455}.Release|iPhoneSimulator.Build.0 = Release|Any CPU
		{03EC75A7-F9EE-41D6-9AF8-1798B4CB2455}.Debug|iPhone.ActiveCfg = Debug|Any CPU
		{03EC75A7-F9EE-41D6-9AF8-1798B4CB2455}.Debug|iPhone.Build.0 = Debug|Any CPU
		{03EC75A7-F9EE-41D6-9AF8-1798B4CB2455}.Release|iPhone.ActiveCfg = Release|Any CPU
		{03EC75A7-F9EE-41D6-9AF8-1798B4CB2455}.Release|iPhone.Build.0 = Release|Any CPU
		{03EC75A7-F9EE-41D6-9AF8-1798B4CB2455}.Ad-Hoc|iPhone.ActiveCfg = Debug|Any CPU
		{03EC75A7-F9EE-41D6-9AF8-1798B4CB2455}.Ad-Hoc|iPhone.Build.0 = Debug|Any CPU
		{03EC75A7-F9EE-41D6-9AF8-1798B4CB2455}.AppStore|iPhone.ActiveCfg = Debug|Any CPU
		{03EC75A7-F9EE-41D6-9AF8-1798B4CB2455}.AppStore|iPhone.Build.0 = Debug|Any CPU
		{03EC75A7-F9EE-41D6-9AF8-1798B4CB2455}.Debug|x86.ActiveCfg = Debug|Any CPU
		{03EC75A7-F9EE-41D6-9AF8-1798B4CB2455}.Debug|x86.Build.0 = Debug|Any CPU
		{03EC75A7-F9EE-41D6-9AF8-1798B4CB2455}.Release|x86.ActiveCfg = Release|Any CPU
		{03EC75A7-F9EE-41D6-9AF8-1798B4CB2455}.Release|x86.Build.0 = Release|Any CPU
		{03EC75A7-F9EE-41D6-9AF8-1798B4CB2455}.Debug|ARM.ActiveCfg = Debug|Any CPU
		{03EC75A7-F9EE-41D6-9AF8-1798B4CB2455}.Debug|ARM.Build.0 = Debug|Any CPU
		{03EC75A7-F9EE-41D6-9AF8-1798B4CB2455}.Release|ARM.ActiveCfg = Release|Any CPU
		{03EC75A7-F9EE-41D6-9AF8-1798B4CB2455}.Release|ARM.Build.0 = Release|Any CPU
		{03EC75A7-F9EE-41D6-9AF8-1798B4CB2455}.Debug|ARM64.ActiveCfg = Debug|Any CPU
		{03EC75A7-F9EE-41D6-9AF8-1798B4CB2455}.Debug|ARM64.Build.0 = Debug|Any CPU
		{03EC75A7-F9EE-41D6-9AF8-1798B4CB2455}.Release|ARM64.ActiveCfg = Release|Any CPU
		{03EC75A7-F9EE-41D6-9AF8-1798B4CB2455}.Release|ARM64.Build.0 = Release|Any CPU
		{03EC75A7-F9EE-41D6-9AF8-1798B4CB2455}.Debug|x64.ActiveCfg = Debug|Any CPU
		{03EC75A7-F9EE-41D6-9AF8-1798B4CB2455}.Debug|x64.Build.0 = Debug|Any CPU
		{03EC75A7-F9EE-41D6-9AF8-1798B4CB2455}.Release|x64.ActiveCfg = Release|Any CPU
		{03EC75A7-F9EE-41D6-9AF8-1798B4CB2455}.Release|x64.Build.0 = Release|Any CPU
		{BBC4DF1E-7B84-4BF1-ABCB-9054F21D970F}.Debug|Any CPU.ActiveCfg = Debug|Any CPU
		{BBC4DF1E-7B84-4BF1-ABCB-9054F21D970F}.Debug|Any CPU.Build.0 = Debug|Any CPU
		{BBC4DF1E-7B84-4BF1-ABCB-9054F21D970F}.Release|Any CPU.ActiveCfg = Release|Any CPU
		{BBC4DF1E-7B84-4BF1-ABCB-9054F21D970F}.Release|Any CPU.Build.0 = Release|Any CPU
		{BBC4DF1E-7B84-4BF1-ABCB-9054F21D970F}.Debug|iPhoneSimulator.ActiveCfg = Debug|Any CPU
		{BBC4DF1E-7B84-4BF1-ABCB-9054F21D970F}.Debug|iPhoneSimulator.Build.0 = Debug|Any CPU
		{BBC4DF1E-7B84-4BF1-ABCB-9054F21D970F}.Release|iPhoneSimulator.ActiveCfg = Release|Any CPU
		{BBC4DF1E-7B84-4BF1-ABCB-9054F21D970F}.Release|iPhoneSimulator.Build.0 = Release|Any CPU
		{BBC4DF1E-7B84-4BF1-ABCB-9054F21D970F}.Debug|iPhone.ActiveCfg = Debug|Any CPU
		{BBC4DF1E-7B84-4BF1-ABCB-9054F21D970F}.Debug|iPhone.Build.0 = Debug|Any CPU
		{BBC4DF1E-7B84-4BF1-ABCB-9054F21D970F}.Release|iPhone.ActiveCfg = Release|Any CPU
		{BBC4DF1E-7B84-4BF1-ABCB-9054F21D970F}.Release|iPhone.Build.0 = Release|Any CPU
		{BBC4DF1E-7B84-4BF1-ABCB-9054F21D970F}.Ad-Hoc|iPhone.ActiveCfg = Debug|Any CPU
		{BBC4DF1E-7B84-4BF1-ABCB-9054F21D970F}.Ad-Hoc|iPhone.Build.0 = Debug|Any CPU
		{BBC4DF1E-7B84-4BF1-ABCB-9054F21D970F}.AppStore|iPhone.ActiveCfg = Debug|Any CPU
		{BBC4DF1E-7B84-4BF1-ABCB-9054F21D970F}.AppStore|iPhone.Build.0 = Debug|Any CPU
		{BBC4DF1E-7B84-4BF1-ABCB-9054F21D970F}.Debug|x86.ActiveCfg = Debug|Any CPU
		{BBC4DF1E-7B84-4BF1-ABCB-9054F21D970F}.Debug|x86.Build.0 = Debug|Any CPU
		{BBC4DF1E-7B84-4BF1-ABCB-9054F21D970F}.Release|x86.ActiveCfg = Release|Any CPU
		{BBC4DF1E-7B84-4BF1-ABCB-9054F21D970F}.Release|x86.Build.0 = Release|Any CPU
		{BBC4DF1E-7B84-4BF1-ABCB-9054F21D970F}.Debug|ARM.ActiveCfg = Debug|Any CPU
		{BBC4DF1E-7B84-4BF1-ABCB-9054F21D970F}.Debug|ARM.Build.0 = Debug|Any CPU
		{BBC4DF1E-7B84-4BF1-ABCB-9054F21D970F}.Release|ARM.ActiveCfg = Release|Any CPU
		{BBC4DF1E-7B84-4BF1-ABCB-9054F21D970F}.Release|ARM.Build.0 = Release|Any CPU
		{BBC4DF1E-7B84-4BF1-ABCB-9054F21D970F}.Debug|ARM64.ActiveCfg = Debug|Any CPU
		{BBC4DF1E-7B84-4BF1-ABCB-9054F21D970F}.Debug|ARM64.Build.0 = Debug|Any CPU
		{BBC4DF1E-7B84-4BF1-ABCB-9054F21D970F}.Release|ARM64.ActiveCfg = Release|Any CPU
		{BBC4DF1E-7B84-4BF1-ABCB-9054F21D970F}.Release|ARM64.Build.0 = Release|Any CPU
		{BBC4DF1E-7B84-4BF1-ABCB-9054F21D970F}.Debug|x64.ActiveCfg = Debug|Any CPU
		{BBC4DF1E-7B84-4BF1-ABCB-9054F21D970F}.Debug|x64.Build.0 = Debug|Any CPU
		{BBC4DF1E-7B84-4BF1-ABCB-9054F21D970F}.Release|x64.ActiveCfg = Release|Any CPU
		{BBC4DF1E-7B84-4BF1-ABCB-9054F21D970F}.Release|x64.Build.0 = Release|Any CPU
	EndGlobalSection
	GlobalSection(SolutionProperties) = preSolution
		HideSolutionNode = FALSE
	EndGlobalSection
	GlobalSection(ExtensibilityGlobals) = postSolution
		SolutionGuid = {ECAA1F73-FB33-4DBD-A7BA-0CA447CA04ED}
	EndGlobalSection
	GlobalSection(NestedProjects) = preSolution
		{312049A6-F9FD-4E22-BFB7-9B1EB4263CD1} = {072F2B30-C97C-44F9-9436-D3898EC9E102}
		{3937A9B0-3093-4D72-8357-4283E20B24E1} = {072F2B30-C97C-44F9-9436-D3898EC9E102}
		{C3DBAFFB-DE8E-4C3E-B21B-DAE7991B4E96} = {072F2B30-C97C-44F9-9436-D3898EC9E102}
		{A50BB82A-F242-4B29-8F4B-4A0557FEDBF0} = {072F2B30-C97C-44F9-9436-D3898EC9E102}
		{1452A108-C564-4BFE-B4F1-6863A183CFCD} = {072F2B30-C97C-44F9-9436-D3898EC9E102}
		{9D4581D1-A648-40EF-A908-6FABD2E9A944} = {072F2B30-C97C-44F9-9436-D3898EC9E102}
		{4013E7C0-0C65-4DFF-B67D-E4A871076CB4} = {072F2B30-C97C-44F9-9436-D3898EC9E102}
		{25D6686E-CDA4-43F8-B273-D41F81059B29} = {072F2B30-C97C-44F9-9436-D3898EC9E102}
	EndGlobalSection
EndGlobal
